{
  "version": 4,
  "terraform_version": "1.2.8",
  "serial": 223,
  "lineage": "ce0b21e8-d0e5-1f7b-370d-db8945a953de",
  "outputs": {
    "agentcore_cognito_client_id": {
      "value": "7ai2pctrji1016d4m32qvm8c27",
      "type": "string"
    },
    "agentcore_cognito_token_url": {
      "value": "https://rag-agent-b3tlrv10.auth.us-east-1.amazoncognito.com/oauth2/token",
      "type": "string"
    },
    "agentcore_cognito_user_pool_id": {
      "value": "us-east-1_IHZejdp9V",
      "type": "string"
    },
    "api_gateway_endpoint": {
      "value": "https://j8hi8k4847.execute-api.us-east-1.amazonaws.com/dev/invoke",
      "type": "string"
    },
    "api_gateway_id": {
      "value": "j8hi8k4847",
      "type": "string"
    },
    "api_usage_example": {
      "value": "# 1. Get JWT token from Cognito:\r\nTOKEN=$(aws cognito-idp initiate-auth \\\r\n  --auth-flow USER_PASSWORD_AUTH \\\r\n  --client-id 2kehf899sg3staei3haqu02mj0 \\\r\n  --auth-parameters USERNAME=your-email@example.com,PASSWORD=YourPassword123! \\\r\n  --query 'AuthenticationResult.IdToken' \\\r\n  --output text)\r\n    \r\n# 2. Invoke the API:\r\ncurl -X POST https://j8hi8k4847.execute-api.us-east-1.amazonaws.com/dev/invoke \\\r\n  -H \"Authorization: Bearer $TOKEN\" \\\r\n  -H \"Content-Type: application/json\" \\\r\n  -d '{\r\n    \"prompt\": \"¿Cuáles son los lineamientos de arquitectura?\",\r\n    \"tenant_id\": \"your_tenant\",\r\n    \"agent_id\": \"your_agent_id\"\r\n  }'\r\n",
      "type": "string"
    },
    "aurora_cluster_endpoint": {
      "value": "aurora-pg-dev.cluster-ch7yo6tzxi4l.us-east-1.rds.amazonaws.com",
      "type": "string"
    },
    "aurora_reader_endpoint": {
      "value": "aurora-pg-dev.cluster-ro-ch7yo6tzxi4l.us-east-1.rds.amazonaws.com",
      "type": "string"
    },
    "bedrock_agent_lambda_arn": {
      "value": "arn:aws:lambda:us-east-1:913123310997:function:rag-agent-dev",
      "type": "string"
    },
    "bedrock_agent_lambda_function_name": {
      "value": "rag-agent-dev",
      "type": "string"
    },
    "bedrock_agent_lambda_invoke_arn": {
      "value": "arn:aws:apigateway:us-east-1:lambda:path/2015-03-31/functions/arn:aws:lambda:us-east-1:913123310997:function:rag-agent-dev/invocations",
      "type": "string"
    },
    "cognito_user_pool_client_id": {
      "value": "2kehf899sg3staei3haqu02mj0",
      "type": "string"
    },
    "cognito_user_pool_id": {
      "value": "us-east-1_1HCzdagcC",
      "type": "string"
    },
    "invoke_query_example": {
      "value": "aws lambda invoke \\\r\n  --function-name rag_lmbd_query-dev \\\r\n  --payload '{\"query\": \"your question\", \"tenant_id\": \"your_tenant\", \"agent_id\": \"your_agent\"}' \\\r\n  response.json\r\n",
      "type": "string"
    },
    "lambda_embeddings_arn": {
      "value": "arn:aws:lambda:us-east-1:913123310997:function:rag_lmbd_embeddings-dev",
      "type": "string"
    },
    "lambda_embeddings_function_name": {
      "value": "rag_lmbd_embeddings-dev",
      "type": "string"
    },
    "lambda_query_arn": {
      "value": "arn:aws:lambda:us-east-1:913123310997:function:rag_lmbd_query-dev",
      "type": "string"
    },
    "lambda_query_function_name": {
      "value": "rag_lmbd_query-dev",
      "type": "string"
    },
    "query_api_gateway_endpoint": {
      "value": "https://0jsgi46b0g.execute-api.us-east-1.amazonaws.com/dev/query",
      "type": "string"
    },
    "query_cognito_endpoint": {
      "value": "https://cognito-idp.us-east-1.amazonaws.com/us-east-1_lVWnq9AfU",
      "type": "string"
    },
    "query_cognito_user_pool_client_id": {
      "value": "42l8nta01sjpsi92plgh89jum6",
      "type": "string"
    },
    "query_cognito_user_pool_id": {
      "value": "us-east-1_lVWnq9AfU",
      "type": "string"
    },
    "s3_documents_bucket_arn": {
      "value": "arn:aws:s3:::rag-documents-dev-913123310997",
      "type": "string"
    },
    "s3_documents_bucket_name": {
      "value": "rag-documents-dev-913123310997",
      "type": "string"
    },
    "upload_document_example": {
      "value": "aws s3 cp document.pdf s3://rag-documents-dev-913123310997/tenant_id/agent_id/document.pdf",
      "type": "string"
    }
  },
  "resources": [
    {
      "mode": "data",
      "type": "aws_caller_identity",
      "name": "current",
      "provider": "provider[\"registry.terraform.io/hashicorp/aws\"]",
      "instances": [
        {
          "schema_version": 0,
          "attributes": {
            "account_id": "913123310997",
            "arn": "arn:aws:iam::913123310997:user/achacon@asap-consulting.net",
            "id": "913123310997",
            "user_id": "AIDA5JGTD7WKW3BCAA2YE"
          },
          "sensitive_attributes": []
        }
      ]
    },
    {
      "mode": "data",
      "type": "aws_region",
      "name": "current",
      "provider": "provider[\"registry.terraform.io/hashicorp/aws\"]",
      "instances": [
        {
          "schema_version": 0,
          "attributes": {
            "description": "US East (N. Virginia)",
            "endpoint": "ec2.us-east-1.amazonaws.com",
            "id": "us-east-1",
            "name": "us-east-1",
            "region": "us-east-1"
          },
          "sensitive_attributes": []
        }
      ]
    },
    {
      "mode": "data",
      "type": "aws_route_table",
      "name": "selected",
      "provider": "provider[\"registry.terraform.io/hashicorp/aws\"]",
      "instances": [
        {
          "index_key": 0,
          "schema_version": 0,
          "attributes": {
            "arn": "arn:aws:ec2:us-east-1:913123310997:route-table/rtb-0b9bdfd5b50370081",
            "associations": [
              {
                "gateway_id": "",
                "main": false,
                "route_table_association_id": "rtbassoc-08c77b2bc297ed9e9",
                "route_table_id": "rtb-0b9bdfd5b50370081",
                "subnet_id": "subnet-04cc462043523dcb9"
              }
            ],
            "filter": null,
            "gateway_id": null,
            "id": "rtb-0b9bdfd5b50370081",
            "owner_id": "913123310997",
            "region": "us-east-1",
            "route_table_id": "rtb-0b9bdfd5b50370081",
            "routes": [
              {
                "carrier_gateway_id": "",
                "cidr_block": "0.0.0.0/0",
                "core_network_arn": "",
                "destination_prefix_list_id": "",
                "egress_only_gateway_id": "",
                "gateway_id": "",
                "instance_id": "",
                "ipv6_cidr_block": "",
                "local_gateway_id": "",
                "nat_gateway_id": "nat-0031d1bc2fb2d8132",
                "network_interface_id": "",
                "transit_gateway_id": "",
                "vpc_endpoint_id": "",
                "vpc_peering_connection_id": ""
              }
            ],
            "subnet_id": "subnet-04cc462043523dcb9",
            "tags": {
              "Environment": "dev",
              "Name": "vpc-principal-private-us-east-1b",
              "Terraform": "true"
            },
            "timeouts": null,
            "vpc_id": "vpc-0220b63692086a550"
          },
          "sensitive_attributes": []
        },
        {
          "index_key": 1,
          "schema_version": 0,
          "attributes": {
            "arn": "arn:aws:ec2:us-east-1:913123310997:route-table/rtb-095dc3c28d7bf6a82",
            "associations": [
              {
                "gateway_id": "",
                "main": false,
                "route_table_association_id": "rtbassoc-079c94d3af9e93ea7",
                "route_table_id": "rtb-095dc3c28d7bf6a82",
                "subnet_id": "subnet-0254c9d900c8b2fdc"
              }
            ],
            "filter": null,
            "gateway_id": null,
            "id": "rtb-095dc3c28d7bf6a82",
            "owner_id": "913123310997",
            "region": "us-east-1",
            "route_table_id": "rtb-095dc3c28d7bf6a82",
            "routes": [
              {
                "carrier_gateway_id": "",
                "cidr_block": "0.0.0.0/0",
                "core_network_arn": "",
                "destination_prefix_list_id": "",
                "egress_only_gateway_id": "",
                "gateway_id": "",
                "instance_id": "",
                "ipv6_cidr_block": "",
                "local_gateway_id": "",
                "nat_gateway_id": "nat-04650bf48631fee03",
                "network_interface_id": "",
                "transit_gateway_id": "",
                "vpc_endpoint_id": "",
                "vpc_peering_connection_id": ""
              }
            ],
            "subnet_id": "subnet-0254c9d900c8b2fdc",
            "tags": {
              "Environment": "dev",
              "Name": "vpc-principal-private-us-east-1c",
              "Terraform": "true"
            },
            "timeouts": null,
            "vpc_id": "vpc-0220b63692086a550"
          },
          "sensitive_attributes": []
        }
      ]
    },
    {
      "mode": "data",
      "type": "aws_subnet",
      "name": "selected",
      "provider": "provider[\"registry.terraform.io/hashicorp/aws\"]",
      "instances": [
        {
          "index_key": 0,
          "schema_version": 0,
          "attributes": {
            "arn": "arn:aws:ec2:us-east-1:913123310997:subnet/subnet-04cc462043523dcb9",
            "assign_ipv6_address_on_creation": false,
            "availability_zone": "us-east-1b",
            "availability_zone_id": "use1-az6",
            "available_ip_address_count": 219,
            "cidr_block": "10.0.2.0/24",
            "customer_owned_ipv4_pool": "",
            "default_for_az": false,
            "enable_dns64": false,
            "enable_lni_at_device_index": 0,
            "enable_resource_name_dns_a_record_on_launch": false,
            "enable_resource_name_dns_aaaa_record_on_launch": false,
            "filter": null,
            "id": "subnet-04cc462043523dcb9",
            "ipv6_cidr_block": "",
            "ipv6_cidr_block_association_id": "",
            "ipv6_native": false,
            "map_customer_owned_ip_on_launch": false,
            "map_public_ip_on_launch": false,
            "outpost_arn": "",
            "owner_id": "913123310997",
            "private_dns_hostname_type_on_launch": "ip-name",
            "region": "us-east-1",
            "state": "available",
            "tags": {
              "Environment": "dev",
              "Name": "vpc-principal-private-us-east-1b",
              "Terraform": "true"
            },
            "timeouts": null,
            "vpc_id": "vpc-0220b63692086a550"
          },
          "sensitive_attributes": []
        },
        {
          "index_key": 1,
          "schema_version": 0,
          "attributes": {
            "arn": "arn:aws:ec2:us-east-1:913123310997:subnet/subnet-0254c9d900c8b2fdc",
            "assign_ipv6_address_on_creation": false,
            "availability_zone": "us-east-1c",
            "availability_zone_id": "use1-az1",
            "available_ip_address_count": 227,
            "cidr_block": "10.0.3.0/24",
            "customer_owned_ipv4_pool": "",
            "default_for_az": false,
            "enable_dns64": false,
            "enable_lni_at_device_index": 0,
            "enable_resource_name_dns_a_record_on_launch": false,
            "enable_resource_name_dns_aaaa_record_on_launch": false,
            "filter": null,
            "id": "subnet-0254c9d900c8b2fdc",
            "ipv6_cidr_block": "",
            "ipv6_cidr_block_association_id": "",
            "ipv6_native": false,
            "map_customer_owned_ip_on_launch": false,
            "map_public_ip_on_launch": false,
            "outpost_arn": "",
            "owner_id": "913123310997",
            "private_dns_hostname_type_on_launch": "ip-name",
            "region": "us-east-1",
            "state": "available",
            "tags": {
              "Environment": "dev",
              "Name": "vpc-principal-private-us-east-1c",
              "Terraform": "true"
            },
            "timeouts": null,
            "vpc_id": "vpc-0220b63692086a550"
          },
          "sensitive_attributes": []
        }
      ]
    },
    {
      "mode": "managed",
      "type": "aws_security_group",
      "name": "vpc_endpoints",
      "provider": "provider[\"registry.terraform.io/hashicorp/aws\"]",
      "instances": [
        {
          "schema_version": 1,
          "attributes": {
            "arn": "arn:aws:ec2:us-east-1:913123310997:security-group/sg-0bde817bc2434e22e",
            "description": "Security group for VPC endpoints",
            "egress": [
              {
                "cidr_blocks": [
                  "0.0.0.0/0"
                ],
                "description": "",
                "from_port": 0,
                "ipv6_cidr_blocks": [],
                "prefix_list_ids": [],
                "protocol": "-1",
                "security_groups": [],
                "self": false,
                "to_port": 0
              }
            ],
            "id": "sg-0bde817bc2434e22e",
            "ingress": [
              {
                "cidr_blocks": [
                  "0.0.0.0/0"
                ],
                "description": "HTTPS from VPC",
                "from_port": 443,
                "ipv6_cidr_blocks": [],
                "prefix_list_ids": [],
                "protocol": "tcp",
                "security_groups": [],
                "self": false,
                "to_port": 443
              }
            ],
            "name": "vpc-endpoints-sg-dev",
            "name_prefix": "",
            "owner_id": "913123310997",
            "region": "us-east-1",
            "revoke_rules_on_delete": null,
            "tags": {
              "Environment": "dev",
              "ManagedBy": "terraform",
              "Name": "vpc-endpoints-sg-dev",
              "Project": "rag-agents"
            },
            "tags_all": {
              "Environment": "dev",
              "ManagedBy": "terraform",
              "Name": "vpc-endpoints-sg-dev",
              "Project": "rag-agents"
            },
            "timeouts": null,
            "vpc_id": "vpc-0220b63692086a550"
          },
          "sensitive_attributes": [],
          "private": "eyJlMmJmYjczMC1lY2FhLTExZTYtOGY4OC0zNDM2M2JjN2M0YzAiOnsiY3JlYXRlIjo2MDAwMDAwMDAwMDAsImRlbGV0ZSI6OTAwMDAwMDAwMDAwfSwic2NoZW1hX3ZlcnNpb24iOiIxIn0="
        }
      ]
    },
    {
      "mode": "managed",
      "type": "aws_vpc_endpoint",
      "name": "bedrock",
      "provider": "provider[\"registry.terraform.io/hashicorp/aws\"]",
      "instances": []
    },
    {
      "mode": "managed",
      "type": "aws_vpc_endpoint",
      "name": "s3",
      "provider": "provider[\"registry.terraform.io/hashicorp/aws\"]",
      "instances": [
        {
          "schema_version": 0,
          "attributes": {
            "arn": "arn:aws:ec2:us-east-1:913123310997:vpc-endpoint/vpce-0ff53429a66a1dabb",
            "auto_accept": null,
            "cidr_blocks": [
              "16.15.176.0/20",
              "16.182.0.0/16",
              "18.34.0.0/19",
              "52.216.0.0/15",
              "54.231.0.0/16",
              "3.5.0.0/19",
              "18.34.232.0/21",
              "16.15.192.0/18"
            ],
            "dns_entry": [],
            "dns_options": [
              {
                "dns_record_ip_type": "service-defined",
                "private_dns_only_for_inbound_resolver_endpoint": false,
                "private_dns_preference": "",
                "private_dns_specified_domains": []
              }
            ],
            "id": "vpce-0ff53429a66a1dabb",
            "ip_address_type": "ipv4",
            "network_interface_ids": [],
            "owner_id": "913123310997",
            "policy": "{\"Statement\":[{\"Action\":\"s3:*\",\"Effect\":\"Allow\",\"Principal\":\"*\",\"Resource\":\"*\",\"Sid\":\"AllowAll\"}],\"Version\":\"2012-10-17\"}",
            "prefix_list_id": "pl-63a5400a",
            "private_dns_enabled": false,
            "region": "us-east-1",
            "requester_managed": false,
            "resource_configuration_arn": "",
            "route_table_ids": [
              "rtb-095dc3c28d7bf6a82",
              "rtb-0b9bdfd5b50370081"
            ],
            "security_group_ids": [],
            "service_name": "com.amazonaws.us-east-1.s3",
            "service_network_arn": "",
            "service_region": "us-east-1",
            "state": "available",
            "subnet_configuration": [],
            "subnet_ids": [],
            "tags": {
              "Environment": "dev",
              "ManagedBy": "terraform",
              "Name": "s3-endpoint-dev",
              "Project": "rag-agents"
            },
            "tags_all": {
              "Environment": "dev",
              "ManagedBy": "terraform",
              "Name": "s3-endpoint-dev",
              "Project": "rag-agents"
            },
            "timeouts": null,
            "vpc_endpoint_type": "Gateway",
            "vpc_id": "vpc-0220b63692086a550"
          },
          "sensitive_attributes": [],
          "private": "eyJlMmJmYjczMC1lY2FhLTExZTYtOGY4OC0zNDM2M2JjN2M0YzAiOnsiY3JlYXRlIjo2MDAwMDAwMDAwMDAsImRlbGV0ZSI6NjAwMDAwMDAwMDAwLCJ1cGRhdGUiOjYwMDAwMDAwMDAwMH0sInNjaGVtYV92ZXJzaW9uIjoiMCJ9"
        }
      ]
    },
    {
      "module": "module.agentcore[0]",
      "mode": "data",
      "type": "aws_caller_identity",
      "name": "current",
      "provider": "provider[\"registry.terraform.io/hashicorp/aws\"]",
      "instances": [
        {
          "schema_version": 0,
          "attributes": {
            "account_id": "913123310997",
            "arn": "arn:aws:iam::913123310997:user/achacon@asap-consulting.net",
            "id": "913123310997",
            "user_id": "AIDA5JGTD7WKW3BCAA2YE"
          },
          "sensitive_attributes": []
        }
      ]
    },
    {
      "module": "module.agentcore[0]",
      "mode": "data",
      "type": "aws_region",
      "name": "current",
      "provider": "provider[\"registry.terraform.io/hashicorp/aws\"]",
      "instances": [
        {
          "schema_version": 0,
          "attributes": {
            "description": "US East (N. Virginia)",
            "endpoint": "ec2.us-east-1.amazonaws.com",
            "id": "us-east-1",
            "name": "us-east-1",
            "region": "us-east-1"
          },
          "sensitive_attributes": []
        }
      ]
    },
    {
      "module": "module.agentcore[0]",
      "mode": "managed",
      "type": "aws_cognito_user_pool",
      "name": "this",
      "provider": "provider[\"registry.terraform.io/hashicorp/aws\"]",
      "instances": [
        {
          "index_key": 0,
          "schema_version": 0,
          "attributes": {
            "account_recovery_setting": [
              {
                "recovery_mechanism": [
                  {
                    "name": "verified_email",
                    "priority": 1
                  },
                  {
                    "name": "verified_phone_number",
                    "priority": 2
                  }
                ]
              }
            ],
            "admin_create_user_config": [
              {
                "allow_admin_create_user_only": false,
                "invite_message_template": []
              }
            ],
            "alias_attributes": null,
            "arn": "arn:aws:cognito-idp:us-east-1:913123310997:userpool/us-east-1_IHZejdp9V",
            "auto_verified_attributes": [
              "email"
            ],
            "creation_date": "2026-03-05T14:25:07Z",
            "custom_domain": "",
            "deletion_protection": "INACTIVE",
            "device_configuration": [],
            "domain": "rag-agent-b3tlrv10",
            "email_configuration": [
              {
                "configuration_set": "",
                "email_sending_account": "COGNITO_DEFAULT",
                "from_email_address": "",
                "reply_to_email_address": "",
                "source_arn": ""
              }
            ],
            "email_mfa_configuration": [],
            "email_verification_message": "",
            "email_verification_subject": "",
            "endpoint": "cognito-idp.us-east-1.amazonaws.com/us-east-1_IHZejdp9V",
            "estimated_number_of_users": 0,
            "id": "us-east-1_IHZejdp9V",
            "lambda_config": [],
            "last_modified_date": "2026-03-05T14:25:07Z",
            "mfa_configuration": "OFF",
            "name": "rag_agent-user-pool-b3tlrv10",
            "password_policy": [
              {
                "minimum_length": 8,
                "password_history_size": 0,
                "require_lowercase": true,
                "require_numbers": true,
                "require_symbols": false,
                "require_uppercase": true,
                "temporary_password_validity_days": 7
              }
            ],
            "region": "us-east-1",
            "schema": [
              {
                "attribute_data_type": "String",
                "developer_only_attribute": false,
                "mutable": true,
                "name": "email",
                "number_attribute_constraints": [],
                "required": true,
                "string_attribute_constraints": []
              }
            ],
            "sign_in_policy": [
              {
                "allowed_first_auth_factors": [
                  "PASSWORD"
                ]
              }
            ],
            "sms_authentication_message": "",
            "sms_configuration": [],
            "sms_verification_message": "",
            "software_token_mfa_configuration": [],
            "tags": {
              "Environment": "dev",
              "ManagedBy": "terraform",
              "Module": "agentcore",
              "Project": "rag-agents"
            },
            "tags_all": {
              "Environment": "dev",
              "ManagedBy": "terraform",
              "Module": "agentcore",
              "Project": "rag-agents"
            },
            "user_attribute_update_settings": [],
            "user_pool_add_ons": [],
            "user_pool_tier": "ESSENTIALS",
            "username_attributes": [
              "email"
            ],
            "username_configuration": [],
            "verification_message_template": [
              {
                "default_email_option": "CONFIRM_WITH_CODE",
                "email_message": "",
                "email_message_by_link": "",
                "email_subject": "",
                "email_subject_by_link": "",
                "sms_message": ""
              }
            ],
            "web_authn_configuration": []
          },
          "sensitive_attributes": [],
          "private": "bnVsbA==",
          "dependencies": [
            "module.agentcore.random_string.suffix"
          ]
        }
      ]
    },
    {
      "module": "module.agentcore[0]",
      "mode": "managed",
      "type": "aws_cognito_user_pool_client",
      "name": "this",
      "provider": "provider[\"registry.terraform.io/hashicorp/aws\"]",
      "instances": [
        {
          "index_key": 0,
          "schema_version": 0,
          "attributes": {
            "access_token_validity": 24,
            "allowed_oauth_flows": [
              "code"
            ],
            "allowed_oauth_flows_user_pool_client": true,
            "allowed_oauth_scopes": [
              "email",
              "openid",
              "profile"
            ],
            "analytics_configuration": [],
            "auth_session_validity": 3,
            "callback_urls": [
              "http://localhost:3000",
              "https://localhost:3000"
            ],
            "client_secret": "",
            "default_redirect_uri": "",
            "enable_propagate_additional_user_context_data": false,
            "enable_token_revocation": true,
            "explicit_auth_flows": [
              "ALLOW_REFRESH_TOKEN_AUTH",
              "ALLOW_USER_PASSWORD_AUTH"
            ],
            "generate_secret": false,
            "id": "7ai2pctrji1016d4m32qvm8c27",
            "id_token_validity": 24,
            "logout_urls": [
              "http://localhost:3000",
              "https://localhost:3000"
            ],
            "name": "rag_agent-client",
            "prevent_user_existence_errors": "",
            "read_attributes": [],
            "refresh_token_rotation": [],
            "refresh_token_validity": 30,
            "region": "us-east-1",
            "supported_identity_providers": [
              "COGNITO"
            ],
            "token_validity_units": [
              {
                "access_token": "hours",
                "id_token": "hours",
                "refresh_token": "days"
              }
            ],
            "user_pool_id": "us-east-1_IHZejdp9V",
            "write_attributes": []
          },
          "sensitive_attributes": [],
          "dependencies": [
            "module.agentcore.aws_cognito_user_pool.this",
            "module.agentcore.random_string.suffix"
          ]
        }
      ]
    },
    {
      "module": "module.agentcore[0]",
      "mode": "managed",
      "type": "aws_cognito_user_pool_domain",
      "name": "this",
      "provider": "provider[\"registry.terraform.io/hashicorp/aws\"]",
      "instances": [
        {
          "index_key": 0,
          "schema_version": 0,
          "attributes": {
            "aws_account_id": "913123310997",
            "certificate_arn": "",
            "cloudfront_distribution": "d3oia8etllorh5.cloudfront.net",
            "cloudfront_distribution_arn": "d3oia8etllorh5.cloudfront.net",
            "cloudfront_distribution_zone_id": "Z2FDTNDATAQYW2",
            "domain": "rag-agent-b3tlrv10",
            "id": "rag-agent-b3tlrv10",
            "managed_login_version": 1,
            "region": "us-east-1",
            "s3_bucket": "aws-cognito-prod-iad-assets",
            "user_pool_id": "us-east-1_IHZejdp9V",
            "version": "20260305142508"
          },
          "sensitive_attributes": [],
          "private": "bnVsbA==",
          "dependencies": [
            "module.agentcore.aws_cognito_user_pool.this",
            "module.agentcore.random_string.suffix"
          ]
        }
      ]
    },
    {
      "module": "module.agentcore[0]",
      "mode": "managed",
      "type": "aws_iam_role",
      "name": "gateway",
      "provider": "provider[\"registry.terraform.io/hashicorp/aws\"]",
      "instances": [
        {
          "index_key": 0,
          "schema_version": 0,
          "attributes": {
            "arn": "arn:aws:iam::913123310997:role/rag_agent-gateway-role-b3tlrv10",
            "assume_role_policy": "{\"Statement\":[{\"Action\":\"sts:AssumeRole\",\"Effect\":\"Allow\",\"Principal\":{\"Service\":\"bedrock-agentcore.amazonaws.com\"}}],\"Version\":\"2012-10-17\"}",
            "create_date": "2026-03-05T14:25:06Z",
            "description": "",
            "force_detach_policies": false,
            "id": "rag_agent-gateway-role-b3tlrv10",
            "inline_policy": [],
            "managed_policy_arns": [],
            "max_session_duration": 3600,
            "name": "rag_agent-gateway-role-b3tlrv10",
            "name_prefix": "",
            "path": "/",
            "permissions_boundary": "",
            "tags": {
              "Environment": "dev",
              "ManagedBy": "terraform",
              "Module": "agentcore",
              "Project": "rag-agents"
            },
            "tags_all": {
              "Environment": "dev",
              "ManagedBy": "terraform",
              "Module": "agentcore",
              "Project": "rag-agents"
            },
            "unique_id": "AROA5JGTD7WKUJJD2MMVZ"
          },
          "sensitive_attributes": [],
          "private": "bnVsbA==",
          "dependencies": [
            "module.agentcore.random_string.suffix"
          ]
        }
      ]
    },
    {
      "module": "module.agentcore[0]",
      "mode": "managed",
      "type": "aws_iam_role",
      "name": "memory",
      "provider": "provider[\"registry.terraform.io/hashicorp/aws\"]",
      "instances": [
        {
          "index_key": 0,
          "schema_version": 0,
          "attributes": {
            "arn": "arn:aws:iam::913123310997:role/rag_agent-memory-role-b3tlrv10",
            "assume_role_policy": "{\"Statement\":[{\"Action\":\"sts:AssumeRole\",\"Effect\":\"Allow\",\"Principal\":{\"Service\":\"bedrock-agentcore.amazonaws.com\"}}],\"Version\":\"2012-10-17\"}",
            "create_date": "2026-03-05T14:25:06Z",
            "description": "",
            "force_detach_policies": false,
            "id": "rag_agent-memory-role-b3tlrv10",
            "inline_policy": [],
            "managed_policy_arns": [
              "arn:aws:iam::aws:policy/AmazonBedrockAgentCoreMemoryBedrockModelInferenceExecutionRolePolicy"
            ],
            "max_session_duration": 3600,
            "name": "rag_agent-memory-role-b3tlrv10",
            "name_prefix": "",
            "path": "/",
            "permissions_boundary": "",
            "tags": {
              "Environment": "dev",
              "ManagedBy": "terraform",
              "Module": "agentcore",
              "Project": "rag-agents"
            },
            "tags_all": {
              "Environment": "dev",
              "ManagedBy": "terraform",
              "Module": "agentcore",
              "Project": "rag-agents"
            },
            "unique_id": "AROA5JGTD7WKU6ICJUQ6S"
          },
          "sensitive_attributes": [],
          "private": "bnVsbA==",
          "dependencies": [
            "module.agentcore.random_string.suffix"
          ]
        }
      ]
    },
    {
      "module": "module.agentcore[0]",
      "mode": "managed",
      "type": "aws_iam_role",
      "name": "runtime",
      "provider": "provider[\"registry.terraform.io/hashicorp/aws\"]",
      "instances": [
        {
          "index_key": 0,
          "schema_version": 0,
          "attributes": {
            "arn": "arn:aws:iam::913123310997:role/rag_agent-runtime-role-b3tlrv10",
            "assume_role_policy": "{\"Statement\":[{\"Action\":\"sts:AssumeRole\",\"Effect\":\"Allow\",\"Principal\":{\"Service\":\"bedrock-agentcore.amazonaws.com\"}}],\"Version\":\"2012-10-17\"}",
            "create_date": "2026-03-05T14:25:06Z",
            "description": "",
            "force_detach_policies": false,
            "id": "rag_agent-runtime-role-b3tlrv10",
            "inline_policy": [],
            "managed_policy_arns": [],
            "max_session_duration": 3600,
            "name": "rag_agent-runtime-role-b3tlrv10",
            "name_prefix": "",
            "path": "/",
            "permissions_boundary": "",
            "tags": {
              "Environment": "dev",
              "ManagedBy": "terraform",
              "Module": "agentcore",
              "Project": "rag-agents"
            },
            "tags_all": {
              "Environment": "dev",
              "ManagedBy": "terraform",
              "Module": "agentcore",
              "Project": "rag-agents"
            },
            "unique_id": "AROA5JGTD7WK2MBRXN6GP"
          },
          "sensitive_attributes": [],
          "private": "bnVsbA==",
          "dependencies": [
            "module.agentcore.random_string.suffix"
          ]
        }
      ]
    },
    {
      "module": "module.agentcore[0]",
      "mode": "managed",
      "type": "aws_iam_role_policy",
      "name": "gateway",
      "provider": "provider[\"registry.terraform.io/hashicorp/aws\"]",
      "instances": []
    },
    {
      "module": "module.agentcore[0]",
      "mode": "managed",
      "type": "aws_iam_role_policy",
      "name": "runtime",
      "provider": "provider[\"registry.terraform.io/hashicorp/aws\"]",
      "instances": []
    },
    {
      "module": "module.agentcore[0]",
      "mode": "managed",
      "type": "aws_iam_role_policy_attachment",
      "name": "memory_execution",
      "provider": "provider[\"registry.terraform.io/hashicorp/aws\"]",
      "instances": [
        {
          "index_key": 0,
          "schema_version": 0,
          "attributes": {
            "id": "rag_agent-memory-role-b3tlrv10/arn:aws:iam::aws:policy/AmazonBedrockAgentCoreMemoryBedrockModelInferenceExecutionRolePolicy",
            "policy_arn": "arn:aws:iam::aws:policy/AmazonBedrockAgentCoreMemoryBedrockModelInferenceExecutionRolePolicy",
            "role": "rag_agent-memory-role-b3tlrv10"
          },
          "sensitive_attributes": [],
          "private": "bnVsbA==",
          "dependencies": [
            "module.agentcore.aws_iam_role.memory",
            "module.agentcore.random_string.suffix"
          ]
        }
      ]
    },
    {
      "module": "module.agentcore[0]",
      "mode": "managed",
      "type": "random_string",
      "name": "suffix",
      "provider": "provider[\"registry.terraform.io/hashicorp/random\"]",
      "instances": [
        {
          "schema_version": 2,
          "attributes": {
            "id": "b3tlrv10",
            "keepers": null,
            "length": 8,
            "lower": true,
            "min_lower": 0,
            "min_numeric": 0,
            "min_special": 0,
            "min_upper": 0,
            "number": true,
            "numeric": true,
            "override_special": null,
            "result": "b3tlrv10",
            "special": false,
            "upper": false
          },
          "sensitive_attributes": []
        }
      ]
    },
    {
      "module": "module.agentcore[0]",
      "mode": "managed",
      "type": "time_sleep",
      "name": "gateway_iam_propagation",
      "provider": "provider[\"registry.terraform.io/hashicorp/time\"]",
      "instances": []
    },
    {
      "module": "module.agentcore[0]",
      "mode": "managed",
      "type": "time_sleep",
      "name": "memory_iam_propagation",
      "provider": "provider[\"registry.terraform.io/hashicorp/time\"]",
      "instances": [
        {
          "index_key": 0,
          "schema_version": 0,
          "attributes": {
            "create_duration": "15s",
            "destroy_duration": null,
            "id": "2026-03-05T14:25:22Z",
            "triggers": null
          },
          "sensitive_attributes": [],
          "dependencies": [
            "module.agentcore.aws_iam_role.memory",
            "module.agentcore.aws_iam_role_policy_attachment.memory_execution",
            "module.agentcore.random_string.suffix"
          ]
        }
      ]
    },
    {
      "module": "module.agentcore[0]",
      "mode": "managed",
      "type": "time_sleep",
      "name": "runtime_iam_propagation",
      "provider": "provider[\"registry.terraform.io/hashicorp/time\"]",
      "instances": []
    },
    {
      "module": "module.api_gateway",
      "mode": "managed",
      "type": "aws_apigatewayv2_api",
      "name": "this",
      "provider": "provider[\"registry.terraform.io/hashicorp/aws\"]",
      "instances": [
        {
          "schema_version": 0,
          "attributes": {
            "api_endpoint": "https://j8hi8k4847.execute-api.us-east-1.amazonaws.com",
            "api_key_selection_expression": "$request.header.x-api-key",
            "arn": "arn:aws:apigateway:us-east-1::/apis/j8hi8k4847",
            "body": null,
            "cors_configuration": [
              {
                "allow_credentials": false,
                "allow_headers": [
                  "authorization",
                  "content-type"
                ],
                "allow_methods": [
                  "GET",
                  "OPTIONS",
                  "POST"
                ],
                "allow_origins": [
                  "*"
                ],
                "expose_headers": [],
                "max_age": 300
              }
            ],
            "credentials_arn": null,
            "description": "API Gateway for RAG Agent with JWT authentication",
            "disable_execute_api_endpoint": false,
            "execution_arn": "arn:aws:execute-api:us-east-1:913123310997:j8hi8k4847",
            "fail_on_warnings": null,
            "id": "j8hi8k4847",
            "ip_address_type": "ipv4",
            "name": "rag-agent-api-dev",
            "protocol_type": "HTTP",
            "region": "us-east-1",
            "route_key": null,
            "route_selection_expression": "$request.method $request.path",
            "tags": {
              "Environment": "dev",
              "ManagedBy": "terraform",
              "Project": "rag-agents"
            },
            "tags_all": {
              "Environment": "dev",
              "ManagedBy": "terraform",
              "Project": "rag-agents"
            },
            "target": null,
            "version": "1.0"
          },
          "sensitive_attributes": [],
          "private": "bnVsbA==",
          "create_before_destroy": true
        }
      ]
    },
    {
      "module": "module.api_gateway",
      "mode": "managed",
      "type": "aws_apigatewayv2_authorizer",
      "name": "jwt",
      "provider": "provider[\"registry.terraform.io/hashicorp/aws\"]",
      "instances": [
        {
          "schema_version": 0,
          "attributes": {
            "api_id": "j8hi8k4847",
            "authorizer_credentials_arn": "",
            "authorizer_payload_format_version": "",
            "authorizer_result_ttl_in_seconds": 0,
            "authorizer_type": "JWT",
            "authorizer_uri": "",
            "enable_simple_responses": false,
            "id": "wyaw68",
            "identity_sources": [
              "$request.header.Authorization"
            ],
            "jwt_configuration": [
              {
                "audience": [
                  "2kehf899sg3staei3haqu02mj0"
                ],
                "issuer": "https://cognito-idp.us-east-1.amazonaws.com/us-east-1_1HCzdagcC"
              }
            ],
            "name": "rag-agent-api-dev-jwt-authorizer",
            "region": "us-east-1",
            "timeouts": null
          },
          "sensitive_attributes": [],
          "private": "eyJlMmJmYjczMC1lY2FhLTExZTYtOGY4OC0zNDM2M2JjN2M0YzAiOnsiZGVsZXRlIjoxODAwMDAwMDAwMDAwfX0=",
          "dependencies": [
            "module.api_gateway.aws_apigatewayv2_api.this",
            "module.api_gateway.aws_cognito_user_pool.this",
            "module.api_gateway.aws_cognito_user_pool_client.this"
          ],
          "create_before_destroy": true
        }
      ]
    },
    {
      "module": "module.api_gateway",
      "mode": "managed",
      "type": "aws_apigatewayv2_deployment",
      "name": "this",
      "provider": "provider[\"registry.terraform.io/hashicorp/aws\"]",
      "instances": []
    },
    {
      "module": "module.api_gateway",
      "mode": "managed",
      "type": "aws_apigatewayv2_integration",
      "name": "lambda",
      "provider": "provider[\"registry.terraform.io/hashicorp/aws\"]",
      "instances": []
    },
    {
      "module": "module.api_gateway",
      "mode": "managed",
      "type": "aws_apigatewayv2_route",
      "name": "invoke",
      "provider": "provider[\"registry.terraform.io/hashicorp/aws\"]",
      "instances": []
    },
    {
      "module": "module.api_gateway",
      "mode": "managed",
      "type": "aws_apigatewayv2_route",
      "name": "invoke_options",
      "provider": "provider[\"registry.terraform.io/hashicorp/aws\"]",
      "instances": []
    },
    {
      "module": "module.api_gateway",
      "mode": "managed",
      "type": "aws_apigatewayv2_stage",
      "name": "this",
      "provider": "provider[\"registry.terraform.io/hashicorp/aws\"]",
      "instances": [
        {
          "schema_version": 0,
          "attributes": {
            "access_log_settings": [
              {
                "destination_arn": "arn:aws:logs:us-east-1:913123310997:log-group:/aws/apigateway/rag-agent-api-dev",
                "format": "{\"httpMethod\":\"$context.httpMethod\",\"ip\":\"$context.identity.sourceIp\",\"protocol\":\"$context.protocol\",\"requestId\":\"$context.requestId\",\"requestTime\":\"$context.requestTime\",\"responseLength\":\"$context.responseLength\",\"routeKey\":\"$context.routeKey\",\"status\":\"$context.status\"}"
              }
            ],
            "api_id": "j8hi8k4847",
            "arn": "arn:aws:apigateway:us-east-1::/apis/j8hi8k4847/stages/dev",
            "auto_deploy": true,
            "client_certificate_id": "",
            "default_route_settings": [
              {
                "data_trace_enabled": false,
                "detailed_metrics_enabled": true,
                "logging_level": "",
                "throttling_burst_limit": 100,
                "throttling_rate_limit": 50
              }
            ],
            "deployment_id": "",
            "description": "",
            "execution_arn": "arn:aws:execute-api:us-east-1:913123310997:j8hi8k4847/dev",
            "id": "dev",
            "invoke_url": "https://j8hi8k4847.execute-api.us-east-1.amazonaws.com/dev",
            "name": "dev",
            "region": "us-east-1",
            "route_settings": [],
            "stage_variables": {},
            "tags": {
              "Environment": "dev",
              "ManagedBy": "terraform",
              "Project": "rag-agents"
            },
            "tags_all": {
              "Environment": "dev",
              "ManagedBy": "terraform",
              "Project": "rag-agents"
            }
          },
          "sensitive_attributes": [],
          "private": "bnVsbA==",
          "dependencies": [
            "module.api_gateway.aws_apigatewayv2_api.this",
            "module.api_gateway.aws_cloudwatch_log_group.api_gateway"
          ]
        }
      ]
    },
    {
      "module": "module.api_gateway",
      "mode": "managed",
      "type": "aws_cloudwatch_log_group",
      "name": "api_gateway",
      "provider": "provider[\"registry.terraform.io/hashicorp/aws\"]",
      "instances": [
        {
          "schema_version": 0,
          "attributes": {
            "arn": "arn:aws:logs:us-east-1:913123310997:log-group:/aws/apigateway/rag-agent-api-dev",
            "deletion_protection_enabled": false,
            "id": "/aws/apigateway/rag-agent-api-dev",
            "kms_key_id": "",
            "log_group_class": "STANDARD",
            "name": "/aws/apigateway/rag-agent-api-dev",
            "name_prefix": "",
            "region": "us-east-1",
            "retention_in_days": 14,
            "skip_destroy": false,
            "tags": {
              "Environment": "dev",
              "ManagedBy": "terraform",
              "Project": "rag-agents"
            },
            "tags_all": {
              "Environment": "dev",
              "ManagedBy": "terraform",
              "Project": "rag-agents"
            }
          },
          "sensitive_attributes": [],
          "private": "eyJzY2hlbWFfdmVyc2lvbiI6IjAifQ=="
        }
      ]
    },
    {
      "module": "module.api_gateway",
      "mode": "managed",
      "type": "aws_cognito_user_pool",
      "name": "this",
      "provider": "provider[\"registry.terraform.io/hashicorp/aws\"]",
      "instances": [
        {
          "index_key": 0,
          "schema_version": 0,
          "attributes": {
            "account_recovery_setting": [
              {
                "recovery_mechanism": [
                  {
                    "name": "verified_email",
                    "priority": 1
                  },
                  {
                    "name": "verified_phone_number",
                    "priority": 2
                  }
                ]
              }
            ],
            "admin_create_user_config": [
              {
                "allow_admin_create_user_only": false,
                "invite_message_template": []
              }
            ],
            "alias_attributes": null,
            "arn": "arn:aws:cognito-idp:us-east-1:913123310997:userpool/us-east-1_1HCzdagcC",
            "auto_verified_attributes": [
              "email"
            ],
            "creation_date": "2026-03-05T14:25:08Z",
            "custom_domain": "",
            "deletion_protection": "INACTIVE",
            "device_configuration": [],
            "domain": "",
            "email_configuration": [
              {
                "configuration_set": "",
                "email_sending_account": "COGNITO_DEFAULT",
                "from_email_address": "",
                "reply_to_email_address": "",
                "source_arn": ""
              }
            ],
            "email_mfa_configuration": [],
            "email_verification_message": "",
            "email_verification_subject": "",
            "endpoint": "cognito-idp.us-east-1.amazonaws.com/us-east-1_1HCzdagcC",
            "estimated_number_of_users": 0,
            "id": "us-east-1_1HCzdagcC",
            "lambda_config": [],
            "last_modified_date": "2026-03-05T14:25:08Z",
            "mfa_configuration": "OFF",
            "name": "rag-agent-api-dev-user-pool-dev",
            "password_policy": [
              {
                "minimum_length": 8,
                "password_history_size": 0,
                "require_lowercase": true,
                "require_numbers": true,
                "require_symbols": true,
                "require_uppercase": true,
                "temporary_password_validity_days": 7
              }
            ],
            "region": "us-east-1",
            "schema": [
              {
                "attribute_data_type": "String",
                "developer_only_attribute": false,
                "mutable": true,
                "name": "email",
                "number_attribute_constraints": [],
                "required": true,
                "string_attribute_constraints": []
              }
            ],
            "sign_in_policy": [
              {
                "allowed_first_auth_factors": [
                  "PASSWORD"
                ]
              }
            ],
            "sms_authentication_message": "",
            "sms_configuration": [],
            "sms_verification_message": "",
            "software_token_mfa_configuration": [],
            "tags": {
              "Environment": "dev",
              "ManagedBy": "terraform",
              "Project": "rag-agents"
            },
            "tags_all": {
              "Environment": "dev",
              "ManagedBy": "terraform",
              "Project": "rag-agents"
            },
            "user_attribute_update_settings": [],
            "user_pool_add_ons": [],
            "user_pool_tier": "ESSENTIALS",
            "username_attributes": [
              "email"
            ],
            "username_configuration": [],
            "verification_message_template": [
              {
                "default_email_option": "CONFIRM_WITH_CODE",
                "email_message": "",
                "email_message_by_link": "",
                "email_subject": "",
                "email_subject_by_link": "",
                "sms_message": ""
              }
            ],
            "web_authn_configuration": []
          },
          "sensitive_attributes": [],
          "private": "bnVsbA==",
          "create_before_destroy": true
        }
      ]
    },
    {
      "module": "module.api_gateway",
      "mode": "managed",
      "type": "aws_cognito_user_pool_client",
      "name": "this",
      "provider": "provider[\"registry.terraform.io/hashicorp/aws\"]",
      "instances": [
        {
          "index_key": 0,
          "schema_version": 0,
          "attributes": {
            "access_token_validity": 24,
            "allowed_oauth_flows": [
              "implicit"
            ],
            "allowed_oauth_flows_user_pool_client": true,
            "allowed_oauth_scopes": [
              "email",
              "openid",
              "profile"
            ],
            "analytics_configuration": [],
            "auth_session_validity": 3,
            "callback_urls": [
              "https://localhost"
            ],
            "client_secret": "",
            "default_redirect_uri": "",
            "enable_propagate_additional_user_context_data": false,
            "enable_token_revocation": true,
            "explicit_auth_flows": [],
            "generate_secret": false,
            "id": "2kehf899sg3staei3haqu02mj0",
            "id_token_validity": 24,
            "logout_urls": [],
            "name": "rag-agent-api-dev-client-dev",
            "prevent_user_existence_errors": "",
            "read_attributes": [],
            "refresh_token_rotation": [],
            "refresh_token_validity": 30,
            "region": "us-east-1",
            "supported_identity_providers": [
              "COGNITO"
            ],
            "token_validity_units": [
              {
                "access_token": "hours",
                "id_token": "hours",
                "refresh_token": "days"
              }
            ],
            "user_pool_id": "us-east-1_1HCzdagcC",
            "write_attributes": []
          },
          "sensitive_attributes": [],
          "dependencies": [
            "module.api_gateway.aws_cognito_user_pool.this"
          ],
          "create_before_destroy": true
        }
      ]
    },
    {
      "module": "module.api_gateway",
      "mode": "managed",
      "type": "aws_lambda_permission",
      "name": "api_gateway",
      "provider": "provider[\"registry.terraform.io/hashicorp/aws\"]",
      "instances": []
    },
    {
      "module": "module.api_gateway_query",
      "mode": "managed",
      "type": "aws_apigatewayv2_api",
      "name": "this",
      "provider": "provider[\"registry.terraform.io/hashicorp/aws\"]",
      "instances": [
        {
          "schema_version": 0,
          "attributes": {
            "api_endpoint": "https://0jsgi46b0g.execute-api.us-east-1.amazonaws.com",
            "api_key_selection_expression": "$request.header.x-api-key",
            "arn": "arn:aws:apigateway:us-east-1::/apis/0jsgi46b0g",
            "body": null,
            "cors_configuration": [
              {
                "allow_credentials": false,
                "allow_headers": [
                  "*"
                ],
                "allow_methods": [
                  "GET",
                  "OPTIONS",
                  "POST"
                ],
                "allow_origins": [
                  "*"
                ],
                "expose_headers": [],
                "max_age": 300
              }
            ],
            "credentials_arn": null,
            "description": "API Gateway for RAG Query with JWT authentication",
            "disable_execute_api_endpoint": false,
            "execution_arn": "arn:aws:execute-api:us-east-1:913123310997:0jsgi46b0g",
            "fail_on_warnings": null,
            "id": "0jsgi46b0g",
            "ip_address_type": "ipv4",
            "name": "rag-query-api-dev",
            "protocol_type": "HTTP",
            "region": "us-east-1",
            "route_key": null,
            "route_selection_expression": "$request.method $request.path",
            "tags": {
              "Environment": "dev",
              "ManagedBy": "terraform",
              "Project": "rag-agents"
            },
            "tags_all": {
              "Environment": "dev",
              "ManagedBy": "terraform",
              "Project": "rag-agents"
            },
            "target": null,
            "version": "1.0"
          },
          "sensitive_attributes": [],
          "private": "bnVsbA==",
          "create_before_destroy": true
        }
      ]
    },
    {
      "module": "module.api_gateway_query",
      "mode": "managed",
      "type": "aws_apigatewayv2_authorizer",
      "name": "jwt",
      "provider": "provider[\"registry.terraform.io/hashicorp/aws\"]",
      "instances": [
        {
          "schema_version": 0,
          "attributes": {
            "api_id": "0jsgi46b0g",
            "authorizer_credentials_arn": "",
            "authorizer_payload_format_version": "",
            "authorizer_result_ttl_in_seconds": 0,
            "authorizer_type": "JWT",
            "authorizer_uri": "",
            "enable_simple_responses": false,
            "id": "rky73e",
            "identity_sources": [
              "$request.header.Authorization"
            ],
            "jwt_configuration": [
              {
                "audience": [
                  "42l8nta01sjpsi92plgh89jum6"
                ],
                "issuer": "https://cognito-idp.us-east-1.amazonaws.com/us-east-1_lVWnq9AfU"
              }
            ],
            "name": "rag-query-api-dev-jwt-authorizer",
            "region": "us-east-1",
            "timeouts": null
          },
          "sensitive_attributes": [],
          "private": "eyJlMmJmYjczMC1lY2FhLTExZTYtOGY4OC0zNDM2M2JjN2M0YzAiOnsiZGVsZXRlIjoxODAwMDAwMDAwMDAwfX0=",
          "dependencies": [
            "module.api_gateway_query.aws_apigatewayv2_api.this",
            "module.cognito_query.aws_cognito_user_pool.this",
            "module.cognito_query.aws_cognito_user_pool_client.this"
          ],
          "create_before_destroy": true
        }
      ]
    },
    {
      "module": "module.api_gateway_query",
      "mode": "managed",
      "type": "aws_apigatewayv2_deployment",
      "name": "this",
      "provider": "provider[\"registry.terraform.io/hashicorp/aws\"]",
      "instances": []
    },
    {
      "module": "module.api_gateway_query",
      "mode": "managed",
      "type": "aws_apigatewayv2_integration",
      "name": "lambda",
      "provider": "provider[\"registry.terraform.io/hashicorp/aws\"]",
      "instances": []
    },
    {
      "module": "module.api_gateway_query",
      "mode": "managed",
      "type": "aws_apigatewayv2_route",
      "name": "query",
      "provider": "provider[\"registry.terraform.io/hashicorp/aws\"]",
      "instances": []
    },
    {
      "module": "module.api_gateway_query",
      "mode": "managed",
      "type": "aws_apigatewayv2_route",
      "name": "query_options",
      "provider": "provider[\"registry.terraform.io/hashicorp/aws\"]",
      "instances": []
    },
    {
      "module": "module.api_gateway_query",
      "mode": "managed",
      "type": "aws_apigatewayv2_stage",
      "name": "this",
      "provider": "provider[\"registry.terraform.io/hashicorp/aws\"]",
      "instances": [
        {
          "schema_version": 0,
          "attributes": {
            "access_log_settings": [
              {
                "destination_arn": "arn:aws:logs:us-east-1:913123310997:log-group:/aws/apigateway/rag-query-api-dev",
                "format": "{\"httpMethod\":\"$context.httpMethod\",\"ip\":\"$context.identity.sourceIp\",\"protocol\":\"$context.protocol\",\"requestId\":\"$context.requestId\",\"requestTime\":\"$context.requestTime\",\"responseLength\":\"$context.responseLength\",\"routeKey\":\"$context.routeKey\",\"status\":\"$context.status\"}"
              }
            ],
            "api_id": "0jsgi46b0g",
            "arn": "arn:aws:apigateway:us-east-1::/apis/0jsgi46b0g/stages/dev",
            "auto_deploy": true,
            "client_certificate_id": "",
            "default_route_settings": [
              {
                "data_trace_enabled": false,
                "detailed_metrics_enabled": false,
                "logging_level": "",
                "throttling_burst_limit": 0,
                "throttling_rate_limit": 0
              }
            ],
            "deployment_id": "",
            "description": "",
            "execution_arn": "arn:aws:execute-api:us-east-1:913123310997:0jsgi46b0g/dev",
            "id": "dev",
            "invoke_url": "https://0jsgi46b0g.execute-api.us-east-1.amazonaws.com/dev",
            "name": "dev",
            "region": "us-east-1",
            "route_settings": [],
            "stage_variables": {},
            "tags": {
              "Environment": "dev",
              "ManagedBy": "terraform",
              "Project": "rag-agents"
            },
            "tags_all": {
              "Environment": "dev",
              "ManagedBy": "terraform",
              "Project": "rag-agents"
            }
          },
          "sensitive_attributes": [],
          "private": "bnVsbA==",
          "dependencies": [
            "module.api_gateway_query.aws_apigatewayv2_api.this",
            "module.api_gateway_query.aws_cloudwatch_log_group.api_gateway"
          ]
        }
      ]
    },
    {
      "module": "module.api_gateway_query",
      "mode": "managed",
      "type": "aws_cloudwatch_log_group",
      "name": "api_gateway",
      "provider": "provider[\"registry.terraform.io/hashicorp/aws\"]",
      "instances": [
        {
          "schema_version": 0,
          "attributes": {
            "arn": "arn:aws:logs:us-east-1:913123310997:log-group:/aws/apigateway/rag-query-api-dev",
            "deletion_protection_enabled": false,
            "id": "/aws/apigateway/rag-query-api-dev",
            "kms_key_id": "",
            "log_group_class": "STANDARD",
            "name": "/aws/apigateway/rag-query-api-dev",
            "name_prefix": "",
            "region": "us-east-1",
            "retention_in_days": 14,
            "skip_destroy": false,
            "tags": {
              "Environment": "dev",
              "ManagedBy": "terraform",
              "Project": "rag-agents"
            },
            "tags_all": {
              "Environment": "dev",
              "ManagedBy": "terraform",
              "Project": "rag-agents"
            }
          },
          "sensitive_attributes": [],
          "private": "bnVsbA=="
        }
      ]
    },
    {
      "module": "module.api_gateway_query",
      "mode": "managed",
      "type": "aws_lambda_permission",
      "name": "api_gateway",
      "provider": "provider[\"registry.terraform.io/hashicorp/aws\"]",
      "instances": []
    },
    {
      "module": "module.aurora",
      "mode": "managed",
      "type": "aws_db_subnet_group",
      "name": "this",
      "provider": "provider[\"registry.terraform.io/hashicorp/aws\"]",
      "instances": [
        {
          "schema_version": 0,
          "attributes": {
            "arn": "arn:aws:rds:us-east-1:913123310997:subgrp:aurora-pg-subnets-dev",
            "description": "Managed by Terraform",
            "id": "aurora-pg-subnets-dev",
            "name": "aurora-pg-subnets-dev",
            "name_prefix": "",
            "region": "us-east-1",
            "subnet_ids": [
              "subnet-0254c9d900c8b2fdc",
              "subnet-04cc462043523dcb9"
            ],
            "supported_network_types": [
              "IPV4"
            ],
            "tags": {},
            "tags_all": {},
            "vpc_id": "vpc-0220b63692086a550"
          },
          "sensitive_attributes": [],
          "private": "bnVsbA==",
          "create_before_destroy": true
        }
      ]
    },
    {
      "module": "module.aurora",
      "mode": "managed",
      "type": "aws_rds_cluster",
      "name": "this",
      "provider": "provider[\"registry.terraform.io/hashicorp/aws\"]",
      "instances": [
        {
          "schema_version": 1,
          "attributes": {
            "allocated_storage": 1,
            "allow_major_version_upgrade": null,
            "apply_immediately": null,
            "arn": "arn:aws:rds:us-east-1:913123310997:cluster:aurora-pg-dev",
            "availability_zones": [
              "us-east-1a",
              "us-east-1b",
              "us-east-1c"
            ],
            "backtrack_window": 0,
            "backup_retention_period": 1,
            "ca_certificate_identifier": null,
            "ca_certificate_valid_till": null,
            "cluster_identifier": "aurora-pg-dev",
            "cluster_identifier_prefix": "",
            "cluster_members": [],
            "cluster_resource_id": "cluster-ICQHGIB6GM5ZMISP7PNH76WJUE",
            "cluster_scalability_type": "",
            "copy_tags_to_snapshot": false,
            "database_insights_mode": "standard",
            "database_name": "ragdb_dev",
            "db_cluster_instance_class": "",
            "db_cluster_parameter_group_name": "default.aurora-postgresql14",
            "db_instance_parameter_group_name": null,
            "db_subnet_group_name": "aurora-pg-subnets-dev",
            "db_system_id": "",
            "delete_automated_backups": true,
            "deletion_protection": false,
            "domain": "",
            "domain_iam_role_name": "",
            "enable_global_write_forwarding": false,
            "enable_http_endpoint": false,
            "enable_local_write_forwarding": false,
            "enabled_cloudwatch_logs_exports": [],
            "endpoint": "aurora-pg-dev.cluster-ch7yo6tzxi4l.us-east-1.rds.amazonaws.com",
            "engine": "aurora-postgresql",
            "engine_lifecycle_support": "open-source-rds-extended-support",
            "engine_mode": "provisioned",
            "engine_version": "14.20",
            "engine_version_actual": "14.20",
            "final_snapshot_identifier": null,
            "global_cluster_identifier": "",
            "hosted_zone_id": "Z2R2ITUGPM61AM",
            "iam_database_authentication_enabled": false,
            "iam_roles": [],
            "id": "aurora-pg-dev",
            "iops": 0,
            "kms_key_id": "arn:aws:kms:us-east-1:913123310997:key/2dbb98c3-6428-4b1c-bf1c-3a528cb72e7d",
            "manage_master_user_password": null,
            "master_password": "DevPassword123!",
            "master_password_wo": null,
            "master_password_wo_version": null,
            "master_user_secret": [],
            "master_user_secret_kms_key_id": null,
            "master_username": "dev_master",
            "monitoring_interval": 0,
            "monitoring_role_arn": "",
            "network_type": "IPV4",
            "performance_insights_enabled": false,
            "performance_insights_kms_key_id": "",
            "performance_insights_retention_period": 0,
            "port": 5432,
            "preferred_backup_window": "04:52-05:22",
            "preferred_maintenance_window": "sat:03:03-sat:03:33",
            "reader_endpoint": "aurora-pg-dev.cluster-ro-ch7yo6tzxi4l.us-east-1.rds.amazonaws.com",
            "region": "us-east-1",
            "replication_source_identifier": "",
            "restore_to_point_in_time": [],
            "s3_import": [],
            "scaling_configuration": [],
            "serverlessv2_scaling_configuration": [
              {
                "max_capacity": 4,
                "min_capacity": 0.5,
                "seconds_until_auto_pause": 0
              }
            ],
            "skip_final_snapshot": true,
            "snapshot_identifier": null,
            "source_region": null,
            "storage_encrypted": true,
            "storage_type": "",
            "tags": {},
            "tags_all": {},
            "timeouts": null,
            "upgrade_rollout_order": "second",
            "vpc_security_group_ids": [
              "sg-02ea4f89d2b3ef1d9"
            ]
          },
          "sensitive_attributes": [
            [
              {
                "type": "get_attr",
                "value": "master_password"
              }
            ]
          ],
          "private": "eyJlMmJmYjczMC1lY2FhLTExZTYtOGY4OC0zNDM2M2JjN2M0YzAiOnsiY3JlYXRlIjo3MjAwMDAwMDAwMDAwLCJkZWxldGUiOjcyMDAwMDAwMDAwMDAsInVwZGF0ZSI6NzIwMDAwMDAwMDAwMH0sInNjaGVtYV92ZXJzaW9uIjoiMSJ9",
          "dependencies": [
            "module.aurora.aws_db_subnet_group.this",
            "module.aurora.aws_security_group.this"
          ],
          "create_before_destroy": true
        }
      ]
    },
    {
      "module": "module.aurora",
      "mode": "managed",
      "type": "aws_rds_cluster_instance",
      "name": "this",
      "provider": "provider[\"registry.terraform.io/hashicorp/aws\"]",
      "instances": []
    },
    {
      "module": "module.aurora",
      "mode": "managed",
      "type": "aws_security_group",
      "name": "this",
      "provider": "provider[\"registry.terraform.io/hashicorp/aws\"]",
      "instances": [
        {
          "schema_version": 1,
          "attributes": {
            "arn": "arn:aws:ec2:us-east-1:913123310997:security-group/sg-02ea4f89d2b3ef1d9",
            "description": "Managed by Terraform",
            "egress": [
              {
                "cidr_blocks": [
                  "0.0.0.0/0"
                ],
                "description": "",
                "from_port": 0,
                "ipv6_cidr_blocks": [],
                "prefix_list_ids": [],
                "protocol": "-1",
                "security_groups": [],
                "self": false,
                "to_port": 0
              }
            ],
            "id": "sg-02ea4f89d2b3ef1d9",
            "ingress": [
              {
                "cidr_blocks": [
                  "0.0.0.0/0"
                ],
                "description": "",
                "from_port": 5432,
                "ipv6_cidr_blocks": [],
                "prefix_list_ids": [],
                "protocol": "tcp",
                "security_groups": [],
                "self": false,
                "to_port": 5432
              }
            ],
            "name": "aurora-pg-sg-dev",
            "name_prefix": "",
            "owner_id": "913123310997",
            "region": "us-east-1",
            "revoke_rules_on_delete": null,
            "tags": {},
            "tags_all": {},
            "timeouts": null,
            "vpc_id": "vpc-0220b63692086a550"
          },
          "sensitive_attributes": [],
          "private": "eyJlMmJmYjczMC1lY2FhLTExZTYtOGY4OC0zNDM2M2JjN2M0YzAiOnsiY3JlYXRlIjo2MDAwMDAwMDAwMDAsImRlbGV0ZSI6OTAwMDAwMDAwMDAwfSwic2NoZW1hX3ZlcnNpb24iOiIxIn0="
        }
      ]
    },
    {
      "module": "module.bedrock_agent",
      "mode": "data",
      "type": "archive_file",
      "name": "lambda",
      "provider": "provider[\"registry.terraform.io/hashicorp/archive\"]",
      "instances": [
        {
          "schema_version": 0,
          "attributes": {
            "exclude_symlink_directories": null,
            "excludes": null,
            "id": "b5d6d9cfb9750fc58ed11adc47f5f30c405cc4b4",
            "output_base64sha256": "mJYO7h6VYBoaHrgfkyOSeAS0tu2AcmYmRJ7FuhyR9fY=",
            "output_base64sha512": "+aBmqAmoe918TrmLLfkVcIIZWwS90KNLsT1KPNJqS9BIrFb9WLFi5Abx8lBH9BhJWpEFR9h6cIxbJWkKGGI3Nw==",
            "output_file_mode": null,
            "output_md5": "7e0f43a96578bfdb98522e693851e8dc",
            "output_path": "modules/bedrock_agent/.builds/rag-agent-dev.zip",
            "output_sha": "b5d6d9cfb9750fc58ed11adc47f5f30c405cc4b4",
            "output_sha256": "98960eee1e95601a1a1eb81f9323927804b4b6ed80726626449ec5ba1c91f5f6",
            "output_sha512": "f9a066a809a87bdd7c4eb98b2df9157082195b04bdd0a34bb13d4a3cd26a4bd048ac56fd58b162e406f1f25047f418495a910547d87a708c5b25690a18623737",
            "output_size": 30575,
            "source": [],
            "source_content": null,
            "source_content_filename": null,
            "source_dir": "./../apps/agent",
            "source_file": null,
            "type": "zip"
          },
          "sensitive_attributes": []
        }
      ]
    },
    {
      "module": "module.bedrock_agent",
      "mode": "data",
      "type": "aws_caller_identity",
      "name": "current",
      "provider": "provider[\"registry.terraform.io/hashicorp/aws\"]",
      "instances": [
        {
          "schema_version": 0,
          "attributes": {
            "account_id": "913123310997",
            "arn": "arn:aws:iam::913123310997:user/achacon@asap-consulting.net",
            "id": "913123310997",
            "user_id": "AIDA5JGTD7WKW3BCAA2YE"
          },
          "sensitive_attributes": []
        }
      ]
    },
    {
      "module": "module.bedrock_agent",
      "mode": "data",
      "type": "aws_iam_policy_document",
      "name": "assume_role",
      "provider": "provider[\"registry.terraform.io/hashicorp/aws\"]",
      "instances": [
        {
          "schema_version": 0,
          "attributes": {
            "id": "2690255455",
            "json": "{\n  \"Version\": \"2012-10-17\",\n  \"Statement\": [\n    {\n      \"Effect\": \"Allow\",\n      \"Action\": \"sts:AssumeRole\",\n      \"Principal\": {\n        \"Service\": \"lambda.amazonaws.com\"\n      }\n    }\n  ]\n}",
            "minified_json": "{\"Version\":\"2012-10-17\",\"Statement\":[{\"Effect\":\"Allow\",\"Action\":\"sts:AssumeRole\",\"Principal\":{\"Service\":\"lambda.amazonaws.com\"}}]}",
            "override_json": null,
            "override_policy_documents": null,
            "policy_id": null,
            "source_json": null,
            "source_policy_documents": null,
            "statement": [
              {
                "actions": [
                  "sts:AssumeRole"
                ],
                "condition": [],
                "effect": "Allow",
                "not_actions": [],
                "not_principals": [],
                "not_resources": [],
                "principals": [
                  {
                    "identifiers": [
                      "lambda.amazonaws.com"
                    ],
                    "type": "Service"
                  }
                ],
                "resources": [],
                "sid": ""
              }
            ],
            "version": "2012-10-17"
          },
          "sensitive_attributes": []
        }
      ]
    },
    {
      "module": "module.bedrock_agent",
      "mode": "data",
      "type": "aws_iam_policy_document",
      "name": "lambda_policy",
      "provider": "provider[\"registry.terraform.io/hashicorp/aws\"]",
      "instances": [
        {
          "schema_version": 0,
          "attributes": {
            "id": "1207956814",
            "json": "{\n  \"Version\": \"2012-10-17\",\n  \"Statement\": [\n    {\n      \"Effect\": \"Allow\",\n      \"Action\": [\n        \"bedrock:InvokeModelWithResponseStream\",\n        \"bedrock:InvokeModel\"\n      ],\n      \"Resource\": \"arn:aws:bedrock:us-east-1::foundation-model/*\"\n    },\n    {\n      \"Effect\": \"Allow\",\n      \"Action\": \"bedrock-agent-runtime:InvokeAgent\",\n      \"Resource\": \"arn:aws:bedrock-agent:us-east-1:*:agent/*\"\n    },\n    {\n      \"Effect\": \"Allow\",\n      \"Action\": \"lambda:InvokeFunction\",\n      \"Resource\": \"arn:aws:lambda:us-east-1:*:function:rag_lmbd_query-dev*\"\n    }\n  ]\n}",
            "minified_json": "{\"Version\":\"2012-10-17\",\"Statement\":[{\"Effect\":\"Allow\",\"Action\":[\"bedrock:InvokeModelWithResponseStream\",\"bedrock:InvokeModel\"],\"Resource\":\"arn:aws:bedrock:us-east-1::foundation-model/*\"},{\"Effect\":\"Allow\",\"Action\":\"bedrock-agent-runtime:InvokeAgent\",\"Resource\":\"arn:aws:bedrock-agent:us-east-1:*:agent/*\"},{\"Effect\":\"Allow\",\"Action\":\"lambda:InvokeFunction\",\"Resource\":\"arn:aws:lambda:us-east-1:*:function:rag_lmbd_query-dev*\"}]}",
            "override_json": null,
            "override_policy_documents": null,
            "policy_id": null,
            "source_json": null,
            "source_policy_documents": null,
            "statement": [
              {
                "actions": [
                  "bedrock:InvokeModel",
                  "bedrock:InvokeModelWithResponseStream"
                ],
                "condition": [],
                "effect": "Allow",
                "not_actions": [],
                "not_principals": [],
                "not_resources": [],
                "principals": [],
                "resources": [
                  "arn:aws:bedrock:us-east-1::foundation-model/*"
                ],
                "sid": ""
              },
              {
                "actions": [
                  "bedrock-agent-runtime:InvokeAgent"
                ],
                "condition": [],
                "effect": "Allow",
                "not_actions": [],
                "not_principals": [],
                "not_resources": [],
                "principals": [],
                "resources": [
                  "arn:aws:bedrock-agent:us-east-1:*:agent/*"
                ],
                "sid": ""
              },
              {
                "actions": [
                  "lambda:InvokeFunction"
                ],
                "condition": [],
                "effect": "Allow",
                "not_actions": [],
                "not_principals": [],
                "not_resources": [],
                "principals": [],
                "resources": [
                  "arn:aws:lambda:us-east-1:*:function:rag_lmbd_query-dev*"
                ],
                "sid": ""
              }
            ],
            "version": "2012-10-17"
          },
          "sensitive_attributes": []
        }
      ]
    },
    {
      "module": "module.bedrock_agent",
      "mode": "managed",
      "type": "aws_cloudwatch_log_group",
      "name": "lambda",
      "provider": "provider[\"registry.terraform.io/hashicorp/aws\"]",
      "instances": [
        {
          "schema_version": 0,
          "attributes": {
            "arn": "arn:aws:logs:us-east-1:913123310997:log-group:/aws/lambda/rag-agent-dev",
            "deletion_protection_enabled": false,
            "id": "/aws/lambda/rag-agent-dev",
            "kms_key_id": "",
            "log_group_class": "STANDARD",
            "name": "/aws/lambda/rag-agent-dev",
            "name_prefix": "",
            "region": "us-east-1",
            "retention_in_days": 14,
            "skip_destroy": false,
            "tags": {
              "Environment": "dev",
              "ManagedBy": "terraform",
              "Project": "rag-agents"
            },
            "tags_all": {
              "Environment": "dev",
              "ManagedBy": "terraform",
              "Project": "rag-agents"
            }
          },
          "sensitive_attributes": [],
          "private": "bnVsbA==",
          "dependencies": [
            "data.aws_caller_identity.current",
            "module.aurora.aws_db_subnet_group.this",
            "module.aurora.aws_rds_cluster.this",
            "module.aurora.aws_security_group.this",
            "module.bedrock_agent.aws_iam_role.lambda",
            "module.bedrock_agent.aws_iam_role_policy_attachment.lambda_basic",
            "module.bedrock_agent.aws_iam_role_policy_attachment.lambda_vpc",
            "module.bedrock_agent.aws_lambda_function.this",
            "module.bedrock_agent.aws_security_group.lambda",
            "module.bedrock_agent.data.archive_file.lambda",
            "module.bedrock_agent.data.aws_iam_policy_document.assume_role",
            "module.lambda_embeddings.aws_iam_role.lambda",
            "module.lambda_embeddings.aws_iam_role_policy_attachment.lambda_basic",
            "module.lambda_embeddings.aws_iam_role_policy_attachment.lambda_vpc",
            "module.lambda_embeddings.aws_lambda_function.this",
            "module.lambda_embeddings.aws_s3_object.lambda_package",
            "module.lambda_embeddings.aws_security_group.lambda",
            "module.lambda_embeddings.data.archive_file.lambda",
            "module.lambda_embeddings.data.aws_iam_policy_document.assume_role",
            "module.lambda_embeddings.null_resource.build_lambda",
            "module.lambda_query.aws_iam_role.lambda",
            "module.lambda_query.aws_iam_role_policy_attachment.lambda_basic",
            "module.lambda_query.aws_iam_role_policy_attachment.lambda_vpc",
            "module.lambda_query.aws_lambda_function.this",
            "module.lambda_query.aws_s3_object.lambda_package",
            "module.lambda_query.aws_security_group.lambda",
            "module.lambda_query.data.archive_file.lambda",
            "module.lambda_query.data.aws_iam_policy_document.assume_role",
            "module.lambda_query.null_resource.build_lambda",
            "module.s3_documents.aws_s3_bucket.documents"
          ]
        }
      ]
    },
    {
      "module": "module.bedrock_agent",
      "mode": "managed",
      "type": "aws_iam_role",
      "name": "lambda",
      "provider": "provider[\"registry.terraform.io/hashicorp/aws\"]",
      "instances": [
        {
          "schema_version": 0,
          "attributes": {
            "arn": "arn:aws:iam::913123310997:role/rag-agent-dev-role",
            "assume_role_policy": "{\"Statement\":[{\"Action\":\"sts:AssumeRole\",\"Effect\":\"Allow\",\"Principal\":{\"Service\":\"lambda.amazonaws.com\"}}],\"Version\":\"2012-10-17\"}",
            "create_date": "2026-01-28T20:09:14Z",
            "description": "",
            "force_detach_policies": false,
            "id": "rag-agent-dev-role",
            "inline_policy": [
              {
                "name": "rag-agent-dev-custom-policy",
                "policy": "{\"Version\":\"2012-10-17\",\"Statement\":[{\"Action\":[\"bedrock:InvokeModelWithResponseStream\",\"bedrock:InvokeModel\"],\"Effect\":\"Allow\",\"Resource\":\"arn:aws:bedrock:us-east-1::foundation-model/*\"},{\"Action\":\"bedrock-agent-runtime:InvokeAgent\",\"Effect\":\"Allow\",\"Resource\":\"arn:aws:bedrock-agent:us-east-1:*:agent/*\"},{\"Action\":\"lambda:InvokeFunction\",\"Effect\":\"Allow\",\"Resource\":\"arn:aws:lambda:us-east-1:*:function:rag_lmbd_query-dev*\"}]}"
              }
            ],
            "managed_policy_arns": [
              "arn:aws:iam::aws:policy/service-role/AWSLambdaBasicExecutionRole",
              "arn:aws:iam::aws:policy/service-role/AWSLambdaVPCAccessExecutionRole"
            ],
            "max_session_duration": 3600,
            "name": "rag-agent-dev-role",
            "name_prefix": "",
            "path": "/",
            "permissions_boundary": "",
            "tags": {
              "Environment": "dev",
              "ManagedBy": "terraform",
              "Project": "rag-agents"
            },
            "tags_all": {
              "Environment": "dev",
              "ManagedBy": "terraform",
              "Project": "rag-agents"
            },
            "unique_id": "AROA5JGTD7WKT44IZ54YR"
          },
          "sensitive_attributes": [],
          "private": "eyJzY2hlbWFfdmVyc2lvbiI6IjAifQ==",
          "dependencies": [
            "module.bedrock_agent.data.aws_iam_policy_document.assume_role"
          ],
          "create_before_destroy": true
        }
      ]
    },
    {
      "module": "module.bedrock_agent",
      "mode": "managed",
      "type": "aws_iam_role_policy",
      "name": "lambda_custom",
      "provider": "provider[\"registry.terraform.io/hashicorp/aws\"]",
      "instances": [
        {
          "schema_version": 0,
          "attributes": {
            "id": "rag-agent-dev-role:rag-agent-dev-custom-policy",
            "name": "rag-agent-dev-custom-policy",
            "name_prefix": "",
            "policy": "{\"Version\":\"2012-10-17\",\"Statement\":[{\"Action\":[\"bedrock:InvokeModelWithResponseStream\",\"bedrock:InvokeModel\"],\"Effect\":\"Allow\",\"Resource\":\"arn:aws:bedrock:us-east-1::foundation-model/*\"},{\"Action\":\"bedrock-agent-runtime:InvokeAgent\",\"Effect\":\"Allow\",\"Resource\":\"arn:aws:bedrock-agent:us-east-1:*:agent/*\"},{\"Action\":\"lambda:InvokeFunction\",\"Effect\":\"Allow\",\"Resource\":\"arn:aws:lambda:us-east-1:*:function:rag_lmbd_query-dev*\"}]}",
            "role": "rag-agent-dev-role"
          },
          "sensitive_attributes": [],
          "private": "bnVsbA==",
          "dependencies": [
            "data.aws_caller_identity.current",
            "module.aurora.aws_db_subnet_group.this",
            "module.aurora.aws_rds_cluster.this",
            "module.aurora.aws_security_group.this",
            "module.bedrock_agent.aws_iam_role.lambda",
            "module.bedrock_agent.data.aws_iam_policy_document.assume_role",
            "module.bedrock_agent.data.aws_iam_policy_document.lambda_policy",
            "module.lambda_query.aws_iam_role.lambda",
            "module.lambda_query.aws_iam_role_policy_attachment.lambda_basic",
            "module.lambda_query.aws_iam_role_policy_attachment.lambda_vpc",
            "module.lambda_query.aws_lambda_function.this",
            "module.lambda_query.aws_s3_object.lambda_package",
            "module.lambda_query.aws_security_group.lambda",
            "module.lambda_query.data.archive_file.lambda",
            "module.lambda_query.data.aws_iam_policy_document.assume_role",
            "module.lambda_query.null_resource.build_lambda",
            "module.s3_documents.aws_s3_bucket.documents"
          ]
        }
      ]
    },
    {
      "module": "module.bedrock_agent",
      "mode": "managed",
      "type": "aws_iam_role_policy_attachment",
      "name": "lambda_basic",
      "provider": "provider[\"registry.terraform.io/hashicorp/aws\"]",
      "instances": [
        {
          "schema_version": 0,
          "attributes": {
            "id": "rag-agent-dev-role/arn:aws:iam::aws:policy/service-role/AWSLambdaBasicExecutionRole",
            "policy_arn": "arn:aws:iam::aws:policy/service-role/AWSLambdaBasicExecutionRole",
            "role": "rag-agent-dev-role"
          },
          "sensitive_attributes": [],
          "private": "bnVsbA==",
          "dependencies": [
            "module.bedrock_agent.aws_iam_role.lambda",
            "module.bedrock_agent.data.aws_iam_policy_document.assume_role"
          ],
          "create_before_destroy": true
        }
      ]
    },
    {
      "module": "module.bedrock_agent",
      "mode": "managed",
      "type": "aws_iam_role_policy_attachment",
      "name": "lambda_vpc",
      "provider": "provider[\"registry.terraform.io/hashicorp/aws\"]",
      "instances": [
        {
          "index_key": 0,
          "schema_version": 0,
          "attributes": {
            "id": "rag-agent-dev-role/arn:aws:iam::aws:policy/service-role/AWSLambdaVPCAccessExecutionRole",
            "policy_arn": "arn:aws:iam::aws:policy/service-role/AWSLambdaVPCAccessExecutionRole",
            "role": "rag-agent-dev-role"
          },
          "sensitive_attributes": [],
          "private": "bnVsbA==",
          "dependencies": [
            "module.bedrock_agent.aws_iam_role.lambda",
            "module.bedrock_agent.data.aws_iam_policy_document.assume_role"
          ],
          "create_before_destroy": true
        }
      ]
    },
    {
      "module": "module.bedrock_agent",
      "mode": "managed",
      "type": "aws_lambda_function",
      "name": "this",
      "provider": "provider[\"registry.terraform.io/hashicorp/aws\"]",
      "instances": [
        {
          "schema_version": 0,
          "attributes": {
            "architectures": [
              "x86_64"
            ],
            "arn": "arn:aws:lambda:us-east-1:913123310997:function:rag-agent-dev",
            "capacity_provider_config": [],
            "code_sha256": "QM/h09/km6qnBFq7+KyhjTXtiHDm2IMGDxzTqCSiDpk=",
            "code_signing_config_arn": "",
            "dead_letter_config": [],
            "description": "Bedrock Agent Core handler for RAG agent",
            "durable_config": [],
            "environment": [
              {
                "variables": {
                  "AGENT_MODEL_ID": "anthropic.claude-3-5-sonnet-20241022-v2:0",
                  "AGENT_NAME": "rag-agent",
                  "LAMBDA_EMBEDDINGS": "rag_lmbd_embeddings-dev",
                  "LAMBDA_QUERY": "rag_lmbd_query-dev"
                }
              }
            ],
            "ephemeral_storage": [
              {
                "size": 1024
              }
            ],
            "file_system_config": [],
            "filename": "modules/bedrock_agent/.builds/rag-agent-dev.zip",
            "function_name": "rag-agent-dev",
            "handler": "api_gateway_handler.lambda_handler",
            "id": "rag-agent-dev",
            "image_config": [],
            "image_uri": "",
            "invoke_arn": "arn:aws:apigateway:us-east-1:lambda:path/2015-03-31/functions/arn:aws:lambda:us-east-1:913123310997:function:rag-agent-dev/invocations",
            "kms_key_arn": "",
            "last_modified": "2026-01-28T20:21:20.904+0000",
            "layers": [],
            "logging_config": [
              {
                "application_log_level": "",
                "log_format": "Text",
                "log_group": "/aws/lambda/rag-agent-dev",
                "system_log_level": ""
              }
            ],
            "memory_size": 1024,
            "package_type": "Zip",
            "publish": false,
            "publish_to": null,
            "qualified_arn": "arn:aws:lambda:us-east-1:913123310997:function:rag-agent-dev:$LATEST",
            "qualified_invoke_arn": "arn:aws:apigateway:us-east-1:lambda:path/2015-03-31/functions/arn:aws:lambda:us-east-1:913123310997:function:rag-agent-dev:$LATEST/invocations",
            "region": "us-east-1",
            "replace_security_groups_on_destroy": null,
            "replacement_security_group_ids": null,
            "reserved_concurrent_executions": -1,
            "response_streaming_invoke_arn": "arn:aws:apigateway:us-east-1:lambda:path/2021-11-15/functions/arn:aws:lambda:us-east-1:913123310997:function:rag-agent-dev/response-streaming-invocations",
            "role": "arn:aws:iam::913123310997:role/rag-agent-dev-role",
            "runtime": "python3.12",
            "s3_bucket": null,
            "s3_key": null,
            "s3_object_version": null,
            "signing_job_arn": "",
            "signing_profile_version_arn": "",
            "skip_destroy": false,
            "snap_start": [],
            "source_code_hash": "QM/h09/km6qnBFq7+KyhjTXtiHDm2IMGDxzTqCSiDpk=",
            "source_code_size": 80545,
            "source_kms_key_arn": "",
            "tags": {
              "Environment": "dev",
              "ManagedBy": "terraform",
              "Project": "rag-agents"
            },
            "tags_all": {
              "Environment": "dev",
              "ManagedBy": "terraform",
              "Project": "rag-agents"
            },
            "tenancy_config": [],
            "timeout": 300,
            "timeouts": null,
            "tracing_config": [
              {
                "mode": "PassThrough"
              }
            ],
            "version": "$LATEST",
            "vpc_config": [
              {
                "ipv6_allowed_for_dual_stack": false,
                "security_group_ids": [
                  "sg-02ea4f89d2b3ef1d9"
                ],
                "subnet_ids": [
                  "subnet-0254c9d900c8b2fdc",
                  "subnet-04cc462043523dcb9"
                ],
                "vpc_id": "vpc-0220b63692086a550"
              }
            ]
          },
          "sensitive_attributes": [],
          "private": "eyJlMmJmYjczMC1lY2FhLTExZTYtOGY4OC0zNDM2M2JjN2M0YzAiOnsiY3JlYXRlIjo2MDAwMDAwMDAwMDAsImRlbGV0ZSI6NjAwMDAwMDAwMDAwLCJ1cGRhdGUiOjYwMDAwMDAwMDAwMH19",
          "dependencies": [
            "data.aws_caller_identity.current",
            "module.aurora.aws_db_subnet_group.this",
            "module.aurora.aws_rds_cluster.this",
            "module.aurora.aws_security_group.this",
            "module.bedrock_agent.aws_iam_role.lambda",
            "module.bedrock_agent.aws_iam_role_policy_attachment.lambda_basic",
            "module.bedrock_agent.aws_iam_role_policy_attachment.lambda_vpc",
            "module.bedrock_agent.aws_security_group.lambda",
            "module.bedrock_agent.data.archive_file.lambda",
            "module.bedrock_agent.data.aws_iam_policy_document.assume_role",
            "module.lambda_embeddings.aws_iam_role.lambda",
            "module.lambda_embeddings.aws_iam_role_policy_attachment.lambda_basic",
            "module.lambda_embeddings.aws_iam_role_policy_attachment.lambda_vpc",
            "module.lambda_embeddings.aws_lambda_function.this",
            "module.lambda_embeddings.aws_s3_object.lambda_package",
            "module.lambda_embeddings.aws_security_group.lambda",
            "module.lambda_embeddings.data.archive_file.lambda",
            "module.lambda_embeddings.data.aws_iam_policy_document.assume_role",
            "module.lambda_embeddings.null_resource.build_lambda",
            "module.lambda_query.aws_iam_role.lambda",
            "module.lambda_query.aws_iam_role_policy_attachment.lambda_basic",
            "module.lambda_query.aws_iam_role_policy_attachment.lambda_vpc",
            "module.lambda_query.aws_lambda_function.this",
            "module.lambda_query.aws_s3_object.lambda_package",
            "module.lambda_query.aws_security_group.lambda",
            "module.lambda_query.data.archive_file.lambda",
            "module.lambda_query.data.aws_iam_policy_document.assume_role",
            "module.lambda_query.null_resource.build_lambda",
            "module.s3_documents.aws_s3_bucket.documents"
          ],
          "create_before_destroy": true
        }
      ]
    },
    {
      "module": "module.cognito_query",
      "mode": "managed",
      "type": "aws_cognito_user_pool",
      "name": "this",
      "provider": "provider[\"registry.terraform.io/hashicorp/aws\"]",
      "instances": [
        {
          "schema_version": 0,
          "attributes": {
            "account_recovery_setting": [
              {
                "recovery_mechanism": [
                  {
                    "name": "verified_email",
                    "priority": 1
                  },
                  {
                    "name": "verified_phone_number",
                    "priority": 2
                  }
                ]
              }
            ],
            "admin_create_user_config": [
              {
                "allow_admin_create_user_only": false,
                "invite_message_template": []
              }
            ],
            "alias_attributes": null,
            "arn": "arn:aws:cognito-idp:us-east-1:913123310997:userpool/us-east-1_lVWnq9AfU",
            "auto_verified_attributes": [
              "email"
            ],
            "creation_date": "2026-03-05T14:25:07Z",
            "custom_domain": "",
            "deletion_protection": "INACTIVE",
            "device_configuration": [],
            "domain": "",
            "email_configuration": [
              {
                "configuration_set": "",
                "email_sending_account": "COGNITO_DEFAULT",
                "from_email_address": "",
                "reply_to_email_address": "",
                "source_arn": ""
              }
            ],
            "email_mfa_configuration": [],
            "email_verification_message": "",
            "email_verification_subject": "",
            "endpoint": "cognito-idp.us-east-1.amazonaws.com/us-east-1_lVWnq9AfU",
            "estimated_number_of_users": 0,
            "id": "us-east-1_lVWnq9AfU",
            "lambda_config": [],
            "last_modified_date": "2026-03-05T14:25:07Z",
            "mfa_configuration": "OFF",
            "name": "rag-agents-query-dev-user-pool",
            "password_policy": [
              {
                "minimum_length": 8,
                "password_history_size": 0,
                "require_lowercase": true,
                "require_numbers": true,
                "require_symbols": true,
                "require_uppercase": true,
                "temporary_password_validity_days": 7
              }
            ],
            "region": "us-east-1",
            "schema": [
              {
                "attribute_data_type": "String",
                "developer_only_attribute": false,
                "mutable": true,
                "name": "email",
                "number_attribute_constraints": [],
                "required": true,
                "string_attribute_constraints": []
              }
            ],
            "sign_in_policy": [
              {
                "allowed_first_auth_factors": [
                  "PASSWORD"
                ]
              }
            ],
            "sms_authentication_message": "",
            "sms_configuration": [],
            "sms_verification_message": "",
            "software_token_mfa_configuration": [],
            "tags": {
              "Environment": "dev",
              "ManagedBy": "terraform",
              "Project": "rag-agents"
            },
            "tags_all": {
              "Environment": "dev",
              "ManagedBy": "terraform",
              "Project": "rag-agents"
            },
            "user_attribute_update_settings": [],
            "user_pool_add_ons": [],
            "user_pool_tier": "ESSENTIALS",
            "username_attributes": [
              "email"
            ],
            "username_configuration": [],
            "verification_message_template": [
              {
                "default_email_option": "CONFIRM_WITH_CODE",
                "email_message": "",
                "email_message_by_link": "",
                "email_subject": "",
                "email_subject_by_link": "",
                "sms_message": ""
              }
            ],
            "web_authn_configuration": []
          },
          "sensitive_attributes": [],
          "private": "bnVsbA==",
          "create_before_destroy": true
        }
      ]
    },
    {
      "module": "module.cognito_query",
      "mode": "managed",
      "type": "aws_cognito_user_pool_client",
      "name": "this",
      "provider": "provider[\"registry.terraform.io/hashicorp/aws\"]",
      "instances": [
        {
          "schema_version": 0,
          "attributes": {
            "access_token_validity": 0,
            "allowed_oauth_flows": [],
            "allowed_oauth_flows_user_pool_client": false,
            "allowed_oauth_scopes": [],
            "analytics_configuration": [],
            "auth_session_validity": 3,
            "callback_urls": [],
            "client_secret": "",
            "default_redirect_uri": "",
            "enable_propagate_additional_user_context_data": false,
            "enable_token_revocation": true,
            "explicit_auth_flows": [
              "ALLOW_REFRESH_TOKEN_AUTH",
              "ALLOW_USER_PASSWORD_AUTH"
            ],
            "generate_secret": false,
            "id": "42l8nta01sjpsi92plgh89jum6",
            "id_token_validity": 0,
            "logout_urls": [],
            "name": "rag-agents-query-dev-client",
            "prevent_user_existence_errors": "",
            "read_attributes": [],
            "refresh_token_rotation": [],
            "refresh_token_validity": 30,
            "region": "us-east-1",
            "supported_identity_providers": [
              "COGNITO"
            ],
            "token_validity_units": [],
            "user_pool_id": "us-east-1_lVWnq9AfU",
            "write_attributes": []
          },
          "sensitive_attributes": [],
          "dependencies": [
            "module.cognito_query.aws_cognito_user_pool.this"
          ],
          "create_before_destroy": true
        }
      ]
    },
    {
      "module": "module.lambda_embeddings",
      "mode": "data",
      "type": "archive_file",
      "name": "lambda",
      "provider": "provider[\"registry.terraform.io/hashicorp/archive\"]",
      "instances": [
        {
          "schema_version": 0,
          "attributes": {
            "exclude_symlink_directories": null,
            "excludes": null,
            "id": "1908fb7384286e79cebf6c3cea185e6d42e014f3",
            "output_base64sha256": "S8Fh/z3yVU4m76PrP2VjC7rTWkEfttuiZ9eaI/W4pIc=",
            "output_base64sha512": "y6VoaSihw4XseQXHT2dQ6QML4X7VBVFW616fvNi9w0wrLZ5gtCst1iJ59zoaimYkX50/QJQ9RvrILPRn0M17hg==",
            "output_file_mode": null,
            "output_md5": "a4bbcece7a4724702dbff23d485dd685",
            "output_path": "modules/lambda/.builds/rag_lmbd_embeddings-dev.zip",
            "output_sha": "1908fb7384286e79cebf6c3cea185e6d42e014f3",
            "output_sha256": "4bc161ff3df2554e26efa3eb3f65630bbad35a411fb6dba267d79a23f5b8a487",
            "output_sha512": "cba5686928a1c385ec7905c74f6750e9030be17ed5055156eb5e9fbcd8bdc34c2b2d9e60b42b2dd62279f73a1a8a66245f9d3f40943d46fac82cf467d0cd7b86",
            "output_size": 84238984,
            "source": [],
            "source_content": null,
            "source_content_filename": null,
            "source_dir": "modules/lambda/.builds/rag_lmbd_embeddings-dev",
            "source_file": null,
            "type": "zip"
          },
          "sensitive_attributes": []
        }
      ]
    },
    {
      "module": "module.lambda_embeddings",
      "mode": "data",
      "type": "aws_iam_policy_document",
      "name": "assume_role",
      "provider": "provider[\"registry.terraform.io/hashicorp/aws\"]",
      "instances": [
        {
          "schema_version": 0,
          "attributes": {
            "id": "2690255455",
            "json": "{\n  \"Version\": \"2012-10-17\",\n  \"Statement\": [\n    {\n      \"Effect\": \"Allow\",\n      \"Action\": \"sts:AssumeRole\",\n      \"Principal\": {\n        \"Service\": \"lambda.amazonaws.com\"\n      }\n    }\n  ]\n}",
            "minified_json": "{\"Version\":\"2012-10-17\",\"Statement\":[{\"Effect\":\"Allow\",\"Action\":\"sts:AssumeRole\",\"Principal\":{\"Service\":\"lambda.amazonaws.com\"}}]}",
            "override_json": null,
            "override_policy_documents": null,
            "policy_id": null,
            "source_json": null,
            "source_policy_documents": null,
            "statement": [
              {
                "actions": [
                  "sts:AssumeRole"
                ],
                "condition": [],
                "effect": "Allow",
                "not_actions": [],
                "not_principals": [],
                "not_resources": [],
                "principals": [
                  {
                    "identifiers": [
                      "lambda.amazonaws.com"
                    ],
                    "type": "Service"
                  }
                ],
                "resources": [],
                "sid": ""
              }
            ],
            "version": "2012-10-17"
          },
          "sensitive_attributes": []
        }
      ]
    },
    {
      "module": "module.lambda_embeddings",
      "mode": "data",
      "type": "aws_iam_policy_document",
      "name": "custom",
      "provider": "provider[\"registry.terraform.io/hashicorp/aws\"]",
      "instances": [
        {
          "index_key": 0,
          "schema_version": 0,
          "attributes": {
            "id": "232184784",
            "json": "{\n  \"Version\": \"2012-10-17\",\n  \"Statement\": [\n    {\n      \"Effect\": \"Allow\",\n      \"Action\": [\n        \"s3:ListBucket\",\n        \"s3:GetObject\"\n      ],\n      \"Resource\": [\n        \"arn:aws:s3:::rag-documents-dev-913123310997/*\",\n        \"arn:aws:s3:::rag-documents-dev-913123310997\"\n      ]\n    },\n    {\n      \"Effect\": \"Allow\",\n      \"Action\": \"bedrock:InvokeModel\",\n      \"Resource\": \"arn:aws:bedrock:us-east-1::foundation-model/*\"\n    },\n    {\n      \"Effect\": \"Allow\",\n      \"Action\": [\n        \"textract:StartDocumentTextDetection\",\n        \"textract:GetDocumentTextDetection\"\n      ],\n      \"Resource\": \"*\"\n    }\n  ]\n}",
            "minified_json": "{\"Version\":\"2012-10-17\",\"Statement\":[{\"Effect\":\"Allow\",\"Action\":[\"s3:ListBucket\",\"s3:GetObject\"],\"Resource\":[\"arn:aws:s3:::rag-documents-dev-913123310997/*\",\"arn:aws:s3:::rag-documents-dev-913123310997\"]},{\"Effect\":\"Allow\",\"Action\":\"bedrock:InvokeModel\",\"Resource\":\"arn:aws:bedrock:us-east-1::foundation-model/*\"},{\"Effect\":\"Allow\",\"Action\":[\"textract:StartDocumentTextDetection\",\"textract:GetDocumentTextDetection\"],\"Resource\":\"*\"}]}",
            "override_json": null,
            "override_policy_documents": null,
            "policy_id": null,
            "source_json": null,
            "source_policy_documents": null,
            "statement": [
              {
                "actions": [
                  "s3:GetObject",
                  "s3:ListBucket"
                ],
                "condition": [],
                "effect": "Allow",
                "not_actions": [],
                "not_principals": [],
                "not_resources": [],
                "principals": [],
                "resources": [
                  "arn:aws:s3:::rag-documents-dev-913123310997",
                  "arn:aws:s3:::rag-documents-dev-913123310997/*"
                ],
                "sid": ""
              },
              {
                "actions": [
                  "bedrock:InvokeModel"
                ],
                "condition": [],
                "effect": "Allow",
                "not_actions": [],
                "not_principals": [],
                "not_resources": [],
                "principals": [],
                "resources": [
                  "arn:aws:bedrock:us-east-1::foundation-model/*"
                ],
                "sid": ""
              },
              {
                "actions": [
                  "textract:GetDocumentTextDetection",
                  "textract:StartDocumentTextDetection"
                ],
                "condition": [],
                "effect": "Allow",
                "not_actions": [],
                "not_principals": [],
                "not_resources": [],
                "principals": [],
                "resources": [
                  "*"
                ],
                "sid": ""
              }
            ],
            "version": "2012-10-17"
          },
          "sensitive_attributes": []
        }
      ]
    },
    {
      "module": "module.lambda_embeddings",
      "mode": "managed",
      "type": "aws_cloudwatch_log_group",
      "name": "lambda",
      "provider": "provider[\"registry.terraform.io/hashicorp/aws\"]",
      "instances": [
        {
          "schema_version": 0,
          "attributes": {
            "arn": "arn:aws:logs:us-east-1:913123310997:log-group:/aws/lambda/rag_lmbd_embeddings-dev",
            "deletion_protection_enabled": false,
            "id": "/aws/lambda/rag_lmbd_embeddings-dev",
            "kms_key_id": "",
            "log_group_class": "STANDARD",
            "name": "/aws/lambda/rag_lmbd_embeddings-dev",
            "name_prefix": "",
            "region": "us-east-1",
            "retention_in_days": 14,
            "skip_destroy": false,
            "tags": {
              "Environment": "dev",
              "ManagedBy": "terraform",
              "Project": "rag-agents"
            },
            "tags_all": {
              "Environment": "dev",
              "ManagedBy": "terraform",
              "Project": "rag-agents"
            }
          },
          "sensitive_attributes": [],
          "private": "bnVsbA==",
          "dependencies": [
            "data.aws_caller_identity.current",
            "module.aurora.aws_db_subnet_group.this",
            "module.aurora.aws_rds_cluster.this",
            "module.aurora.aws_security_group.this",
            "module.lambda_embeddings.aws_iam_role.lambda",
            "module.lambda_embeddings.aws_iam_role_policy_attachment.lambda_basic",
            "module.lambda_embeddings.aws_iam_role_policy_attachment.lambda_vpc",
            "module.lambda_embeddings.aws_lambda_function.this",
            "module.lambda_embeddings.aws_s3_object.lambda_package",
            "module.lambda_embeddings.aws_security_group.lambda",
            "module.lambda_embeddings.data.archive_file.lambda",
            "module.lambda_embeddings.data.aws_iam_policy_document.assume_role",
            "module.lambda_embeddings.null_resource.build_lambda",
            "module.s3_documents.aws_s3_bucket.documents"
          ]
        }
      ]
    },
    {
      "module": "module.lambda_embeddings",
      "mode": "managed",
      "type": "aws_iam_role",
      "name": "lambda",
      "provider": "provider[\"registry.terraform.io/hashicorp/aws\"]",
      "instances": [
        {
          "schema_version": 0,
          "attributes": {
            "arn": "arn:aws:iam::913123310997:role/rag_lmbd_embeddings-dev-role",
            "assume_role_policy": "{\"Statement\":[{\"Action\":\"sts:AssumeRole\",\"Effect\":\"Allow\",\"Principal\":{\"Service\":\"lambda.amazonaws.com\"}}],\"Version\":\"2012-10-17\"}",
            "create_date": "2026-01-28T20:09:12Z",
            "description": "",
            "force_detach_policies": false,
            "id": "rag_lmbd_embeddings-dev-role",
            "inline_policy": [
              {
                "name": "rag_lmbd_embeddings-dev-custom-policy",
                "policy": "{\"Version\":\"2012-10-17\",\"Statement\":[{\"Action\":[\"s3:ListBucket\",\"s3:GetObject\"],\"Effect\":\"Allow\",\"Resource\":[\"arn:aws:s3:::rag-documents-dev-913123310997/*\",\"arn:aws:s3:::rag-documents-dev-913123310997\"]},{\"Action\":\"bedrock:InvokeModel\",\"Effect\":\"Allow\",\"Resource\":\"arn:aws:bedrock:us-east-1::foundation-model/*\"},{\"Action\":[\"textract:StartDocumentTextDetection\",\"textract:GetDocumentTextDetection\"],\"Effect\":\"Allow\",\"Resource\":\"*\"}]}"
              },
              {
                "name": "rag_lmbd_embeddings-dev-s3-deployment-policy",
                "policy": "{\"Version\":\"2012-10-17\",\"Statement\":[{\"Action\":[\"s3:GetObject\"],\"Effect\":\"Allow\",\"Resource\":[\"arn:aws:s3:::rag-documents-dev-913123310997/lambda-packages/rag_lmbd_embeddings-dev/*\"]}]}"
              }
            ],
            "managed_policy_arns": [
              "arn:aws:iam::aws:policy/service-role/AWSLambdaBasicExecutionRole",
              "arn:aws:iam::aws:policy/service-role/AWSLambdaVPCAccessExecutionRole"
            ],
            "max_session_duration": 3600,
            "name": "rag_lmbd_embeddings-dev-role",
            "name_prefix": "",
            "path": "/",
            "permissions_boundary": "",
            "tags": {
              "Environment": "dev",
              "ManagedBy": "terraform",
              "Project": "rag-agents"
            },
            "tags_all": {
              "Environment": "dev",
              "ManagedBy": "terraform",
              "Project": "rag-agents"
            },
            "unique_id": "AROA5JGTD7WKQQULIMLRS"
          },
          "sensitive_attributes": [],
          "private": "bnVsbA==",
          "dependencies": [
            "module.lambda_embeddings.data.aws_iam_policy_document.assume_role"
          ],
          "create_before_destroy": true
        }
      ]
    },
    {
      "module": "module.lambda_embeddings",
      "mode": "managed",
      "type": "aws_iam_role_policy",
      "name": "custom",
      "provider": "provider[\"registry.terraform.io/hashicorp/aws\"]",
      "instances": [
        {
          "index_key": 0,
          "schema_version": 0,
          "attributes": {
            "id": "rag_lmbd_embeddings-dev-role:rag_lmbd_embeddings-dev-custom-policy",
            "name": "rag_lmbd_embeddings-dev-custom-policy",
            "name_prefix": "",
            "policy": "{\"Version\":\"2012-10-17\",\"Statement\":[{\"Action\":[\"s3:ListBucket\",\"s3:GetObject\"],\"Effect\":\"Allow\",\"Resource\":[\"arn:aws:s3:::rag-documents-dev-913123310997/*\",\"arn:aws:s3:::rag-documents-dev-913123310997\"]},{\"Action\":\"bedrock:InvokeModel\",\"Effect\":\"Allow\",\"Resource\":\"arn:aws:bedrock:us-east-1::foundation-model/*\"},{\"Action\":[\"textract:StartDocumentTextDetection\",\"textract:GetDocumentTextDetection\"],\"Effect\":\"Allow\",\"Resource\":\"*\"}]}",
            "role": "rag_lmbd_embeddings-dev-role"
          },
          "sensitive_attributes": [],
          "private": "bnVsbA==",
          "dependencies": [
            "data.aws_caller_identity.current",
            "module.lambda_embeddings.aws_iam_role.lambda",
            "module.lambda_embeddings.data.aws_iam_policy_document.assume_role",
            "module.lambda_embeddings.data.aws_iam_policy_document.custom",
            "module.s3_documents.aws_s3_bucket.documents"
          ]
        }
      ]
    },
    {
      "module": "module.lambda_embeddings",
      "mode": "managed",
      "type": "aws_iam_role_policy",
      "name": "s3_deployment",
      "provider": "provider[\"registry.terraform.io/hashicorp/aws\"]",
      "instances": [
        {
          "index_key": 0,
          "schema_version": 0,
          "attributes": {
            "id": "rag_lmbd_embeddings-dev-role:rag_lmbd_embeddings-dev-s3-deployment-policy",
            "name": "rag_lmbd_embeddings-dev-s3-deployment-policy",
            "name_prefix": "",
            "policy": "{\"Version\":\"2012-10-17\",\"Statement\":[{\"Action\":[\"s3:GetObject\"],\"Effect\":\"Allow\",\"Resource\":[\"arn:aws:s3:::rag-documents-dev-913123310997/lambda-packages/rag_lmbd_embeddings-dev/*\"]}]}",
            "role": "rag_lmbd_embeddings-dev-role"
          },
          "sensitive_attributes": [],
          "private": "bnVsbA==",
          "dependencies": [
            "data.aws_caller_identity.current",
            "module.lambda_embeddings.aws_iam_role.lambda",
            "module.lambda_embeddings.data.aws_iam_policy_document.assume_role",
            "module.s3_documents.aws_s3_bucket.documents"
          ]
        }
      ]
    },
    {
      "module": "module.lambda_embeddings",
      "mode": "managed",
      "type": "aws_iam_role_policy_attachment",
      "name": "lambda_basic",
      "provider": "provider[\"registry.terraform.io/hashicorp/aws\"]",
      "instances": [
        {
          "schema_version": 0,
          "attributes": {
            "id": "rag_lmbd_embeddings-dev-role/arn:aws:iam::aws:policy/service-role/AWSLambdaBasicExecutionRole",
            "policy_arn": "arn:aws:iam::aws:policy/service-role/AWSLambdaBasicExecutionRole",
            "role": "rag_lmbd_embeddings-dev-role"
          },
          "sensitive_attributes": [],
          "private": "bnVsbA==",
          "dependencies": [
            "module.lambda_embeddings.aws_iam_role.lambda",
            "module.lambda_embeddings.data.aws_iam_policy_document.assume_role"
          ],
          "create_before_destroy": true
        }
      ]
    },
    {
      "module": "module.lambda_embeddings",
      "mode": "managed",
      "type": "aws_iam_role_policy_attachment",
      "name": "lambda_vpc",
      "provider": "provider[\"registry.terraform.io/hashicorp/aws\"]",
      "instances": [
        {
          "index_key": 0,
          "schema_version": 0,
          "attributes": {
            "id": "rag_lmbd_embeddings-dev-role/arn:aws:iam::aws:policy/service-role/AWSLambdaVPCAccessExecutionRole",
            "policy_arn": "arn:aws:iam::aws:policy/service-role/AWSLambdaVPCAccessExecutionRole",
            "role": "rag_lmbd_embeddings-dev-role"
          },
          "sensitive_attributes": [],
          "private": "bnVsbA==",
          "dependencies": [
            "module.lambda_embeddings.aws_iam_role.lambda",
            "module.lambda_embeddings.data.aws_iam_policy_document.assume_role"
          ],
          "create_before_destroy": true
        }
      ]
    },
    {
      "module": "module.lambda_embeddings",
      "mode": "managed",
      "type": "aws_lambda_function",
      "name": "this",
      "provider": "provider[\"registry.terraform.io/hashicorp/aws\"]",
      "instances": [
        {
          "schema_version": 0,
          "attributes": {
            "architectures": [
              "x86_64"
            ],
            "arn": "arn:aws:lambda:us-east-1:913123310997:function:rag_lmbd_embeddings-dev",
            "capacity_provider_config": [],
            "code_sha256": "Kj4/ql9+Y4lHe4ZAwgtLZXLlVaItdhtvH0uiKdfYjbg=",
            "code_signing_config_arn": "",
            "dead_letter_config": [],
            "description": "Processes PDF documents, generates embeddings and stores in PostgreSQL",
            "durable_config": [],
            "environment": [
              {
                "variables": {
                  "DB_HOST": "aurora-pg-dev.cluster-ch7yo6tzxi4l.us-east-1.rds.amazonaws.com",
                  "DB_NAME": "postgres",
                  "DB_PASSWORD": "DevPassword123!",
                  "DB_PORT": "5432",
                  "DB_USER": "dev_master",
                  "EMBEDDINGS_MODEL": "cohere.embed-v4:0",
                  "MAX_EMBED_TEXT_LENGTH": "20000"
                }
              }
            ],
            "ephemeral_storage": [
              {
                "size": 1024
              }
            ],
            "file_system_config": [],
            "filename": "modules/lambda/.builds/rag_lmbd_embeddings-dev.zip",
            "function_name": "rag_lmbd_embeddings-dev",
            "handler": "index.handler",
            "id": "rag_lmbd_embeddings-dev",
            "image_config": [],
            "image_uri": "",
            "invoke_arn": "arn:aws:apigateway:us-east-1:lambda:path/2015-03-31/functions/arn:aws:lambda:us-east-1:913123310997:function:rag_lmbd_embeddings-dev/invocations",
            "kms_key_arn": "",
            "last_modified": "2026-01-28T20:49:08.000+0000",
            "layers": [],
            "logging_config": [
              {
                "application_log_level": "",
                "log_format": "Text",
                "log_group": "/aws/lambda/rag_lmbd_embeddings-dev",
                "system_log_level": ""
              }
            ],
            "memory_size": 1024,
            "package_type": "Zip",
            "publish": false,
            "publish_to": null,
            "qualified_arn": "arn:aws:lambda:us-east-1:913123310997:function:rag_lmbd_embeddings-dev:$LATEST",
            "qualified_invoke_arn": "arn:aws:apigateway:us-east-1:lambda:path/2015-03-31/functions/arn:aws:lambda:us-east-1:913123310997:function:rag_lmbd_embeddings-dev:$LATEST/invocations",
            "region": "us-east-1",
            "replace_security_groups_on_destroy": null,
            "replacement_security_group_ids": null,
            "reserved_concurrent_executions": -1,
            "response_streaming_invoke_arn": "arn:aws:apigateway:us-east-1:lambda:path/2021-11-15/functions/arn:aws:lambda:us-east-1:913123310997:function:rag_lmbd_embeddings-dev/response-streaming-invocations",
            "role": "arn:aws:iam::913123310997:role/rag_lmbd_embeddings-dev-role",
            "runtime": "python3.12",
            "s3_bucket": null,
            "s3_key": null,
            "s3_object_version": null,
            "signing_job_arn": "",
            "signing_profile_version_arn": "",
            "skip_destroy": false,
            "snap_start": [],
            "source_code_hash": "BLt5UDsySxLAygbFirK9of8qEoSUtrtT16dMWq+22JA=",
            "source_code_size": 83542209,
            "source_kms_key_arn": "",
            "tags": {
              "Environment": "dev",
              "ManagedBy": "terraform",
              "Project": "rag-agents"
            },
            "tags_all": {
              "Environment": "dev",
              "ManagedBy": "terraform",
              "Project": "rag-agents"
            },
            "tenancy_config": [],
            "timeout": 900,
            "timeouts": null,
            "tracing_config": [
              {
                "mode": "PassThrough"
              }
            ],
            "version": "$LATEST",
            "vpc_config": [
              {
                "ipv6_allowed_for_dual_stack": false,
                "security_group_ids": [
                  "sg-02ea4f89d2b3ef1d9"
                ],
                "subnet_ids": [
                  "subnet-0254c9d900c8b2fdc",
                  "subnet-04cc462043523dcb9"
                ],
                "vpc_id": "vpc-0220b63692086a550"
              }
            ]
          },
          "sensitive_attributes": [],
          "private": "eyJlMmJmYjczMC1lY2FhLTExZTYtOGY4OC0zNDM2M2JjN2M0YzAiOnsiY3JlYXRlIjo2MDAwMDAwMDAwMDAsImRlbGV0ZSI6NjAwMDAwMDAwMDAwLCJ1cGRhdGUiOjYwMDAwMDAwMDAwMH19",
          "dependencies": [
            "data.aws_caller_identity.current",
            "module.aurora.aws_db_subnet_group.this",
            "module.aurora.aws_rds_cluster.this",
            "module.aurora.aws_security_group.this",
            "module.lambda_embeddings.aws_iam_role.lambda",
            "module.lambda_embeddings.aws_iam_role_policy_attachment.lambda_basic",
            "module.lambda_embeddings.aws_iam_role_policy_attachment.lambda_vpc",
            "module.lambda_embeddings.aws_s3_object.lambda_package",
            "module.lambda_embeddings.aws_security_group.lambda",
            "module.lambda_embeddings.data.archive_file.lambda",
            "module.lambda_embeddings.data.aws_iam_policy_document.assume_role",
            "module.lambda_embeddings.null_resource.build_lambda",
            "module.s3_documents.aws_s3_bucket.documents"
          ],
          "create_before_destroy": true
        }
      ]
    },
    {
      "module": "module.lambda_embeddings",
      "mode": "managed",
      "type": "aws_lambda_permission",
      "name": "s3",
      "provider": "provider[\"registry.terraform.io/hashicorp/aws\"]",
      "instances": [
        {
          "index_key": 0,
          "schema_version": 0,
          "attributes": {
            "action": "lambda:InvokeFunction",
            "event_source_token": null,
            "function_name": "rag_lmbd_embeddings-dev",
            "function_url_auth_type": null,
            "id": "AllowS3Invoke",
            "invoked_via_function_url": null,
            "principal": "s3.amazonaws.com",
            "principal_org_id": null,
            "qualifier": "",
            "region": "us-east-1",
            "source_account": null,
            "source_arn": "arn:aws:s3:::rag-documents-dev-913123310997",
            "statement_id": "AllowS3Invoke",
            "statement_id_prefix": ""
          },
          "sensitive_attributes": [],
          "private": "bnVsbA==",
          "dependencies": [
            "data.aws_caller_identity.current",
            "module.aurora.aws_db_subnet_group.this",
            "module.aurora.aws_rds_cluster.this",
            "module.aurora.aws_security_group.this",
            "module.lambda_embeddings.aws_iam_role.lambda",
            "module.lambda_embeddings.aws_iam_role_policy_attachment.lambda_basic",
            "module.lambda_embeddings.aws_iam_role_policy_attachment.lambda_vpc",
            "module.lambda_embeddings.aws_lambda_function.this",
            "module.lambda_embeddings.aws_s3_object.lambda_package",
            "module.lambda_embeddings.aws_security_group.lambda",
            "module.lambda_embeddings.data.archive_file.lambda",
            "module.lambda_embeddings.data.aws_iam_policy_document.assume_role",
            "module.lambda_embeddings.null_resource.build_lambda",
            "module.s3_documents.aws_s3_bucket.documents"
          ]
        }
      ]
    },
    {
      "module": "module.lambda_embeddings",
      "mode": "managed",
      "type": "aws_s3_bucket_notification",
      "name": "lambda",
      "provider": "provider[\"registry.terraform.io/hashicorp/aws\"]",
      "instances": [
        {
          "index_key": 0,
          "schema_version": 0,
          "attributes": {
            "bucket": "rag-documents-dev-913123310997",
            "eventbridge": false,
            "id": "rag-documents-dev-913123310997",
            "lambda_function": [
              {
                "events": [
                  "s3:ObjectCreated:*"
                ],
                "filter_prefix": "",
                "filter_suffix": ".pdf",
                "id": "tf-s3-lambda-20260128202120504100000001",
                "lambda_function_arn": "arn:aws:lambda:us-east-1:913123310997:function:rag_lmbd_embeddings-dev"
              }
            ],
            "queue": [],
            "region": "us-east-1",
            "topic": []
          },
          "sensitive_attributes": [],
          "private": "bnVsbA==",
          "dependencies": [
            "data.aws_caller_identity.current",
            "module.aurora.aws_db_subnet_group.this",
            "module.aurora.aws_rds_cluster.this",
            "module.aurora.aws_security_group.this",
            "module.lambda_embeddings.aws_iam_role.lambda",
            "module.lambda_embeddings.aws_iam_role_policy_attachment.lambda_basic",
            "module.lambda_embeddings.aws_iam_role_policy_attachment.lambda_vpc",
            "module.lambda_embeddings.aws_lambda_function.this",
            "module.lambda_embeddings.aws_lambda_permission.s3",
            "module.lambda_embeddings.aws_s3_object.lambda_package",
            "module.lambda_embeddings.aws_security_group.lambda",
            "module.lambda_embeddings.data.archive_file.lambda",
            "module.lambda_embeddings.data.aws_iam_policy_document.assume_role",
            "module.lambda_embeddings.null_resource.build_lambda",
            "module.s3_documents.aws_s3_bucket.documents"
          ]
        }
      ]
    },
    {
      "module": "module.lambda_embeddings",
      "mode": "managed",
      "type": "aws_s3_object",
      "name": "lambda_package",
      "provider": "provider[\"registry.terraform.io/hashicorp/aws\"]",
      "instances": [
        {
          "index_key": 0,
          "schema_version": 0,
          "attributes": {
            "acl": null,
            "arn": "arn:aws:s3:::rag-documents-dev-913123310997/lambda-packages/rag_lmbd_embeddings-dev/S8Fh/z3yVU4m76PrP2VjC7rTWkEfttuiZ9eaI/W4pIc=.zip",
            "bucket": "rag-documents-dev-913123310997",
            "bucket_key_enabled": false,
            "cache_control": "",
            "checksum_algorithm": null,
            "checksum_crc32": "",
            "checksum_crc32c": "",
            "checksum_crc64nvme": "",
            "checksum_sha1": "",
            "checksum_sha256": "",
            "content": null,
            "content_base64": null,
            "content_disposition": "",
            "content_encoding": "",
            "content_language": "",
            "content_type": "binary/octet-stream",
            "etag": "6a2990aeee74f0ab500b478446c681a9-17",
            "force_destroy": false,
            "id": "rag-documents-dev-913123310997/lambda-packages/rag_lmbd_embeddings-dev/S8Fh/z3yVU4m76PrP2VjC7rTWkEfttuiZ9eaI/W4pIc=.zip",
            "key": "lambda-packages/rag_lmbd_embeddings-dev/S8Fh/z3yVU4m76PrP2VjC7rTWkEfttuiZ9eaI/W4pIc=.zip",
            "kms_key_id": null,
            "metadata": null,
            "object_lock_legal_hold_status": "",
            "object_lock_mode": "",
            "object_lock_retain_until_date": "",
            "override_provider": [],
            "region": "us-east-1",
            "server_side_encryption": "AES256",
            "source": "modules/lambda/.builds/rag_lmbd_embeddings-dev.zip",
            "source_hash": null,
            "storage_class": "STANDARD",
            "tags": null,
            "tags_all": {},
            "version_id": "JzpM0DWsbjMrXJlzl6u6IeB_OedD5SZC",
            "website_redirect": ""
          },
          "sensitive_attributes": [],
          "private": "bnVsbA==",
          "dependencies": [
            "module.lambda_embeddings.data.archive_file.lambda",
            "module.lambda_embeddings.null_resource.build_lambda",
            "module.s3_documents.aws_s3_bucket.documents"
          ],
          "create_before_destroy": true
        }
      ]
    },
    {
      "module": "module.lambda_embeddings",
      "mode": "managed",
      "type": "null_resource",
      "name": "build_lambda",
      "provider": "provider[\"registry.terraform.io/hashicorp/null\"]",
      "instances": [
        {
          "schema_version": 0,
          "attributes": {
            "id": "5929832200745558647",
            "triggers": {
              "build_platform": "manylinux2014_x86_64",
              "build_version": "2",
              "requirements": "d6f71b29de5896955eaeb0db8941f18b",
              "source_hash": "fc050da6387dac2ef4722ae43184b6a87ce792b9344192d3e8c6cab35a742cf4"
            }
          },
          "sensitive_attributes": [],
          "create_before_destroy": true
        },
        {
          "status": "tainted",
          "deposed": "9a253e94",
          "schema_version": 0,
          "attributes": {
            "id": "6039305145293739401",
            "triggers": {
              "build_platform": "manylinux2014_x86_64",
              "build_version": "2",
              "requirements": "d6f71b29de5896955eaeb0db8941f18b",
              "source_hash": "fc050da6387dac2ef4722ae43184b6a87ce792b9344192d3e8c6cab35a742cf4"
            }
          },
          "sensitive_attributes": [],
          "create_before_destroy": true
        }
      ]
    },
    {
      "module": "module.lambda_query",
      "mode": "data",
      "type": "archive_file",
      "name": "lambda",
      "provider": "provider[\"registry.terraform.io/hashicorp/archive\"]",
      "instances": [
        {
          "schema_version": 0,
          "attributes": {
            "exclude_symlink_directories": null,
            "excludes": null,
            "id": "c322d8f7264e973660abd215536f65856fe9a1a4",
            "output_base64sha256": "JDAWJrcDJmTGGMmliz4fJ/KztP6zUV2lj8+C/7mhNDg=",
            "output_base64sha512": "Okhg1C2xr29uSBNzUUcmWlrJeFHskVyj+4+rwLwPemdN8Yv5lNG3Gxl8+QyZFxnsL2Z+/iWT+Yb99vN8N6uNLg==",
            "output_file_mode": null,
            "output_md5": "7fd114c78343a7de914f321cfd0f7438",
            "output_path": "modules/lambda/.builds/rag_lmbd_query-dev.zip",
            "output_sha": "c322d8f7264e973660abd215536f65856fe9a1a4",
            "output_sha256": "24301626b7032664c618c9a58b3e1f27f2b3b4feb3515da58fcf82ffb9a13438",
            "output_sha512": "3a4860d42db1af6f6e4813735147265a5ac97851ec915ca3fb8fabc0bc0f7a674df18bf994d1b71b197cf90c991719ec2f667efe2593f986fdf6f37c37ab8d2e",
            "output_size": 42253841,
            "source": [],
            "source_content": null,
            "source_content_filename": null,
            "source_dir": "modules/lambda/.builds/rag_lmbd_query-dev",
            "source_file": null,
            "type": "zip"
          },
          "sensitive_attributes": []
        }
      ]
    },
    {
      "module": "module.lambda_query",
      "mode": "data",
      "type": "aws_iam_policy_document",
      "name": "assume_role",
      "provider": "provider[\"registry.terraform.io/hashicorp/aws\"]",
      "instances": [
        {
          "schema_version": 0,
          "attributes": {
            "id": "2690255455",
            "json": "{\n  \"Version\": \"2012-10-17\",\n  \"Statement\": [\n    {\n      \"Effect\": \"Allow\",\n      \"Action\": \"sts:AssumeRole\",\n      \"Principal\": {\n        \"Service\": \"lambda.amazonaws.com\"\n      }\n    }\n  ]\n}",
            "minified_json": "{\"Version\":\"2012-10-17\",\"Statement\":[{\"Effect\":\"Allow\",\"Action\":\"sts:AssumeRole\",\"Principal\":{\"Service\":\"lambda.amazonaws.com\"}}]}",
            "override_json": null,
            "override_policy_documents": null,
            "policy_id": null,
            "source_json": null,
            "source_policy_documents": null,
            "statement": [
              {
                "actions": [
                  "sts:AssumeRole"
                ],
                "condition": [],
                "effect": "Allow",
                "not_actions": [],
                "not_principals": [],
                "not_resources": [],
                "principals": [
                  {
                    "identifiers": [
                      "lambda.amazonaws.com"
                    ],
                    "type": "Service"
                  }
                ],
                "resources": [],
                "sid": ""
              }
            ],
            "version": "2012-10-17"
          },
          "sensitive_attributes": []
        }
      ]
    },
    {
      "module": "module.lambda_query",
      "mode": "data",
      "type": "aws_iam_policy_document",
      "name": "custom",
      "provider": "provider[\"registry.terraform.io/hashicorp/aws\"]",
      "instances": [
        {
          "index_key": 0,
          "schema_version": 0,
          "attributes": {
            "id": "1637452915",
            "json": "{\n  \"Version\": \"2012-10-17\",\n  \"Statement\": [\n    {\n      \"Effect\": \"Allow\",\n      \"Action\": \"bedrock:InvokeModel\",\n      \"Resource\": \"arn:aws:bedrock:us-east-1::foundation-model/*\"\n    }\n  ]\n}",
            "minified_json": "{\"Version\":\"2012-10-17\",\"Statement\":[{\"Effect\":\"Allow\",\"Action\":\"bedrock:InvokeModel\",\"Resource\":\"arn:aws:bedrock:us-east-1::foundation-model/*\"}]}",
            "override_json": null,
            "override_policy_documents": null,
            "policy_id": null,
            "source_json": null,
            "source_policy_documents": null,
            "statement": [
              {
                "actions": [
                  "bedrock:InvokeModel"
                ],
                "condition": [],
                "effect": "Allow",
                "not_actions": [],
                "not_principals": [],
                "not_resources": [],
                "principals": [],
                "resources": [
                  "arn:aws:bedrock:us-east-1::foundation-model/*"
                ],
                "sid": ""
              }
            ],
            "version": "2012-10-17"
          },
          "sensitive_attributes": []
        }
      ]
    },
    {
      "module": "module.lambda_query",
      "mode": "managed",
      "type": "aws_cloudwatch_log_group",
      "name": "lambda",
      "provider": "provider[\"registry.terraform.io/hashicorp/aws\"]",
      "instances": [
        {
          "schema_version": 0,
          "attributes": {
            "arn": "arn:aws:logs:us-east-1:913123310997:log-group:/aws/lambda/rag_lmbd_query-dev",
            "deletion_protection_enabled": false,
            "id": "/aws/lambda/rag_lmbd_query-dev",
            "kms_key_id": "",
            "log_group_class": "STANDARD",
            "name": "/aws/lambda/rag_lmbd_query-dev",
            "name_prefix": "",
            "region": "us-east-1",
            "retention_in_days": 14,
            "skip_destroy": false,
            "tags": {
              "Environment": "dev",
              "ManagedBy": "terraform",
              "Project": "rag-agents"
            },
            "tags_all": {
              "Environment": "dev",
              "ManagedBy": "terraform",
              "Project": "rag-agents"
            }
          },
          "sensitive_attributes": [],
          "private": "bnVsbA==",
          "dependencies": [
            "data.aws_caller_identity.current",
            "module.aurora.aws_db_subnet_group.this",
            "module.aurora.aws_rds_cluster.this",
            "module.aurora.aws_security_group.this",
            "module.lambda_query.aws_iam_role.lambda",
            "module.lambda_query.aws_iam_role_policy_attachment.lambda_basic",
            "module.lambda_query.aws_iam_role_policy_attachment.lambda_vpc",
            "module.lambda_query.aws_lambda_function.this",
            "module.lambda_query.aws_s3_object.lambda_package",
            "module.lambda_query.aws_security_group.lambda",
            "module.lambda_query.data.archive_file.lambda",
            "module.lambda_query.data.aws_iam_policy_document.assume_role",
            "module.lambda_query.null_resource.build_lambda",
            "module.s3_documents.aws_s3_bucket.documents"
          ]
        }
      ]
    },
    {
      "module": "module.lambda_query",
      "mode": "managed",
      "type": "aws_iam_role",
      "name": "lambda",
      "provider": "provider[\"registry.terraform.io/hashicorp/aws\"]",
      "instances": [
        {
          "schema_version": 0,
          "attributes": {
            "arn": "arn:aws:iam::913123310997:role/rag_lmbd_query-dev-role",
            "assume_role_policy": "{\"Statement\":[{\"Action\":\"sts:AssumeRole\",\"Effect\":\"Allow\",\"Principal\":{\"Service\":\"lambda.amazonaws.com\"}}],\"Version\":\"2012-10-17\"}",
            "create_date": "2026-01-28T20:09:13Z",
            "description": "",
            "force_detach_policies": false,
            "id": "rag_lmbd_query-dev-role",
            "inline_policy": [
              {
                "name": "rag_lmbd_query-dev-custom-policy",
                "policy": "{\"Version\":\"2012-10-17\",\"Statement\":[{\"Action\":\"bedrock:InvokeModel\",\"Effect\":\"Allow\",\"Resource\":\"arn:aws:bedrock:us-east-1::foundation-model/*\"}]}"
              },
              {
                "name": "rag_lmbd_query-dev-s3-deployment-policy",
                "policy": "{\"Version\":\"2012-10-17\",\"Statement\":[{\"Action\":[\"s3:GetObject\"],\"Effect\":\"Allow\",\"Resource\":[\"arn:aws:s3:::rag-documents-dev-913123310997/lambda-packages/rag_lmbd_query-dev/*\"]}]}"
              }
            ],
            "managed_policy_arns": [
              "arn:aws:iam::aws:policy/service-role/AWSLambdaBasicExecutionRole",
              "arn:aws:iam::aws:policy/service-role/AWSLambdaVPCAccessExecutionRole"
            ],
            "max_session_duration": 3600,
            "name": "rag_lmbd_query-dev-role",
            "name_prefix": "",
            "path": "/",
            "permissions_boundary": "",
            "tags": {
              "Environment": "dev",
              "ManagedBy": "terraform",
              "Project": "rag-agents"
            },
            "tags_all": {
              "Environment": "dev",
              "ManagedBy": "terraform",
              "Project": "rag-agents"
            },
            "unique_id": "AROA5JGTD7WKRMZKOKCAT"
          },
          "sensitive_attributes": [],
          "private": "bnVsbA==",
          "dependencies": [
            "module.lambda_query.data.aws_iam_policy_document.assume_role"
          ],
          "create_before_destroy": true
        }
      ]
    },
    {
      "module": "module.lambda_query",
      "mode": "managed",
      "type": "aws_iam_role_policy",
      "name": "custom",
      "provider": "provider[\"registry.terraform.io/hashicorp/aws\"]",
      "instances": [
        {
          "index_key": 0,
          "schema_version": 0,
          "attributes": {
            "id": "rag_lmbd_query-dev-role:rag_lmbd_query-dev-custom-policy",
            "name": "rag_lmbd_query-dev-custom-policy",
            "name_prefix": "",
            "policy": "{\"Version\":\"2012-10-17\",\"Statement\":[{\"Action\":\"bedrock:InvokeModel\",\"Effect\":\"Allow\",\"Resource\":\"arn:aws:bedrock:us-east-1::foundation-model/*\"}]}",
            "role": "rag_lmbd_query-dev-role"
          },
          "sensitive_attributes": [],
          "private": "bnVsbA==",
          "dependencies": [
            "module.lambda_query.aws_iam_role.lambda",
            "module.lambda_query.data.aws_iam_policy_document.assume_role",
            "module.lambda_query.data.aws_iam_policy_document.custom"
          ]
        }
      ]
    },
    {
      "module": "module.lambda_query",
      "mode": "managed",
      "type": "aws_iam_role_policy",
      "name": "s3_deployment",
      "provider": "provider[\"registry.terraform.io/hashicorp/aws\"]",
      "instances": [
        {
          "index_key": 0,
          "schema_version": 0,
          "attributes": {
            "id": "rag_lmbd_query-dev-role:rag_lmbd_query-dev-s3-deployment-policy",
            "name": "rag_lmbd_query-dev-s3-deployment-policy",
            "name_prefix": "",
            "policy": "{\"Version\":\"2012-10-17\",\"Statement\":[{\"Action\":[\"s3:GetObject\"],\"Effect\":\"Allow\",\"Resource\":[\"arn:aws:s3:::rag-documents-dev-913123310997/lambda-packages/rag_lmbd_query-dev/*\"]}]}",
            "role": "rag_lmbd_query-dev-role"
          },
          "sensitive_attributes": [],
          "private": "bnVsbA==",
          "dependencies": [
            "data.aws_caller_identity.current",
            "module.lambda_query.aws_iam_role.lambda",
            "module.lambda_query.data.aws_iam_policy_document.assume_role",
            "module.s3_documents.aws_s3_bucket.documents"
          ]
        }
      ]
    },
    {
      "module": "module.lambda_query",
      "mode": "managed",
      "type": "aws_iam_role_policy_attachment",
      "name": "lambda_basic",
      "provider": "provider[\"registry.terraform.io/hashicorp/aws\"]",
      "instances": [
        {
          "schema_version": 0,
          "attributes": {
            "id": "rag_lmbd_query-dev-role/arn:aws:iam::aws:policy/service-role/AWSLambdaBasicExecutionRole",
            "policy_arn": "arn:aws:iam::aws:policy/service-role/AWSLambdaBasicExecutionRole",
            "role": "rag_lmbd_query-dev-role"
          },
          "sensitive_attributes": [],
          "private": "bnVsbA==",
          "dependencies": [
            "module.lambda_query.aws_iam_role.lambda",
            "module.lambda_query.data.aws_iam_policy_document.assume_role"
          ],
          "create_before_destroy": true
        }
      ]
    },
    {
      "module": "module.lambda_query",
      "mode": "managed",
      "type": "aws_iam_role_policy_attachment",
      "name": "lambda_vpc",
      "provider": "provider[\"registry.terraform.io/hashicorp/aws\"]",
      "instances": [
        {
          "index_key": 0,
          "schema_version": 0,
          "attributes": {
            "id": "rag_lmbd_query-dev-role/arn:aws:iam::aws:policy/service-role/AWSLambdaVPCAccessExecutionRole",
            "policy_arn": "arn:aws:iam::aws:policy/service-role/AWSLambdaVPCAccessExecutionRole",
            "role": "rag_lmbd_query-dev-role"
          },
          "sensitive_attributes": [],
          "private": "bnVsbA==",
          "dependencies": [
            "module.lambda_query.aws_iam_role.lambda",
            "module.lambda_query.data.aws_iam_policy_document.assume_role"
          ],
          "create_before_destroy": true
        }
      ]
    },
    {
      "module": "module.lambda_query",
      "mode": "managed",
      "type": "aws_lambda_function",
      "name": "this",
      "provider": "provider[\"registry.terraform.io/hashicorp/aws\"]",
      "instances": [
        {
          "schema_version": 0,
          "attributes": {
            "architectures": [
              "x86_64"
            ],
            "arn": "arn:aws:lambda:us-east-1:913123310997:function:rag_lmbd_query-dev",
            "capacity_provider_config": [],
            "code_sha256": "lsWqcgkOPlswmtxgwhce9YGcuZ0Vctv1JCbVBxtwoIA=",
            "code_signing_config_arn": "",
            "dead_letter_config": [],
            "description": "Performs semantic search and generates LLM responses",
            "durable_config": [],
            "environment": [
              {
                "variables": {
                  "DB_HOST": "aurora-pg-dev.cluster-ch7yo6tzxi4l.us-east-1.rds.amazonaws.com",
                  "DB_NAME": "postgres",
                  "DB_PASSWORD": "DevPassword123!",
                  "DB_PORT": "5432",
                  "DB_USER": "dev_master",
                  "EMBEDDINGS_MODEL": "cohere.embed-v4:0",
                  "FALLBACK_LLM_MODEL": "openai.gpt-oss-20b-1:0",
                  "MAIN_LLM_MODEL": "openai.gpt-oss-120b-1:0",
                  "MAX_EMBED_TEXT_LENGTH": "20000",
                  "OUTPUT_TOKENS": "2048"
                }
              }
            ],
            "ephemeral_storage": [
              {
                "size": 512
              }
            ],
            "file_system_config": [],
            "filename": "modules/lambda/.builds/rag_lmbd_query-dev.zip",
            "function_name": "rag_lmbd_query-dev",
            "handler": "index.handler",
            "id": "rag_lmbd_query-dev",
            "image_config": [],
            "image_uri": "",
            "invoke_arn": "arn:aws:apigateway:us-east-1:lambda:path/2015-03-31/functions/arn:aws:lambda:us-east-1:913123310997:function:rag_lmbd_query-dev/invocations",
            "kms_key_arn": "",
            "last_modified": "2026-01-28T20:48:07.000+0000",
            "layers": [],
            "logging_config": [
              {
                "application_log_level": "",
                "log_format": "Text",
                "log_group": "/aws/lambda/rag_lmbd_query-dev",
                "system_log_level": ""
              }
            ],
            "memory_size": 512,
            "package_type": "Zip",
            "publish": false,
            "publish_to": null,
            "qualified_arn": "arn:aws:lambda:us-east-1:913123310997:function:rag_lmbd_query-dev:$LATEST",
            "qualified_invoke_arn": "arn:aws:apigateway:us-east-1:lambda:path/2015-03-31/functions/arn:aws:lambda:us-east-1:913123310997:function:rag_lmbd_query-dev:$LATEST/invocations",
            "region": "us-east-1",
            "replace_security_groups_on_destroy": null,
            "replacement_security_group_ids": null,
            "reserved_concurrent_executions": -1,
            "response_streaming_invoke_arn": "arn:aws:apigateway:us-east-1:lambda:path/2021-11-15/functions/arn:aws:lambda:us-east-1:913123310997:function:rag_lmbd_query-dev/response-streaming-invocations",
            "role": "arn:aws:iam::913123310997:role/rag_lmbd_query-dev-role",
            "runtime": "python3.12",
            "s3_bucket": null,
            "s3_key": null,
            "s3_object_version": null,
            "signing_job_arn": "",
            "signing_profile_version_arn": "",
            "skip_destroy": false,
            "snap_start": [],
            "source_code_hash": "MC41rceCi1RjPat1ucQGDAXbDji4cfIpR3fb6Dyd+eE=",
            "source_code_size": 42065727,
            "source_kms_key_arn": "",
            "tags": {
              "Environment": "dev",
              "ManagedBy": "terraform",
              "Project": "rag-agents"
            },
            "tags_all": {
              "Environment": "dev",
              "ManagedBy": "terraform",
              "Project": "rag-agents"
            },
            "tenancy_config": [],
            "timeout": 120,
            "timeouts": null,
            "tracing_config": [
              {
                "mode": "PassThrough"
              }
            ],
            "version": "$LATEST",
            "vpc_config": [
              {
                "ipv6_allowed_for_dual_stack": false,
                "security_group_ids": [
                  "sg-02ea4f89d2b3ef1d9"
                ],
                "subnet_ids": [
                  "subnet-0254c9d900c8b2fdc",
                  "subnet-04cc462043523dcb9"
                ],
                "vpc_id": "vpc-0220b63692086a550"
              }
            ]
          },
          "sensitive_attributes": [],
          "private": "eyJlMmJmYjczMC1lY2FhLTExZTYtOGY4OC0zNDM2M2JjN2M0YzAiOnsiY3JlYXRlIjo2MDAwMDAwMDAwMDAsImRlbGV0ZSI6NjAwMDAwMDAwMDAwLCJ1cGRhdGUiOjYwMDAwMDAwMDAwMH19",
          "dependencies": [
            "data.aws_caller_identity.current",
            "module.aurora.aws_db_subnet_group.this",
            "module.aurora.aws_rds_cluster.this",
            "module.aurora.aws_security_group.this",
            "module.lambda_query.aws_iam_role.lambda",
            "module.lambda_query.aws_iam_role_policy_attachment.lambda_basic",
            "module.lambda_query.aws_iam_role_policy_attachment.lambda_vpc",
            "module.lambda_query.aws_s3_object.lambda_package",
            "module.lambda_query.aws_security_group.lambda",
            "module.lambda_query.data.archive_file.lambda",
            "module.lambda_query.data.aws_iam_policy_document.assume_role",
            "module.lambda_query.null_resource.build_lambda",
            "module.s3_documents.aws_s3_bucket.documents"
          ],
          "create_before_destroy": true
        }
      ]
    },
    {
      "module": "module.lambda_query",
      "mode": "managed",
      "type": "aws_s3_object",
      "name": "lambda_package",
      "provider": "provider[\"registry.terraform.io/hashicorp/aws\"]",
      "instances": [
        {
          "index_key": 0,
          "schema_version": 0,
          "attributes": {
            "acl": null,
            "arn": "arn:aws:s3:::rag-documents-dev-913123310997/lambda-packages/rag_lmbd_query-dev/JDAWJrcDJmTGGMmliz4fJ/KztP6zUV2lj8+C/7mhNDg=.zip",
            "bucket": "rag-documents-dev-913123310997",
            "bucket_key_enabled": false,
            "cache_control": "",
            "checksum_algorithm": null,
            "checksum_crc32": "",
            "checksum_crc32c": "",
            "checksum_crc64nvme": "",
            "checksum_sha1": "",
            "checksum_sha256": "",
            "content": null,
            "content_base64": null,
            "content_disposition": "",
            "content_encoding": "",
            "content_language": "",
            "content_type": "binary/octet-stream",
            "etag": "ba31ffec44f882adf6c7a09802cd8fc0-9",
            "force_destroy": false,
            "id": "rag-documents-dev-913123310997/lambda-packages/rag_lmbd_query-dev/JDAWJrcDJmTGGMmliz4fJ/KztP6zUV2lj8+C/7mhNDg=.zip",
            "key": "lambda-packages/rag_lmbd_query-dev/JDAWJrcDJmTGGMmliz4fJ/KztP6zUV2lj8+C/7mhNDg=.zip",
            "kms_key_id": null,
            "metadata": null,
            "object_lock_legal_hold_status": "",
            "object_lock_mode": "",
            "object_lock_retain_until_date": "",
            "override_provider": [],
            "region": "us-east-1",
            "server_side_encryption": "AES256",
            "source": "modules/lambda/.builds/rag_lmbd_query-dev.zip",
            "source_hash": null,
            "storage_class": "STANDARD",
            "tags": null,
            "tags_all": {},
            "version_id": "PLJuGNfV7pndUkeeoSSdFClFcRhXGXUY",
            "website_redirect": ""
          },
          "sensitive_attributes": [],
          "private": "bnVsbA==",
          "dependencies": [
            "module.lambda_query.data.archive_file.lambda",
            "module.lambda_query.null_resource.build_lambda",
            "module.s3_documents.aws_s3_bucket.documents"
          ],
          "create_before_destroy": true
        }
      ]
    },
    {
      "module": "module.lambda_query",
      "mode": "managed",
      "type": "null_resource",
      "name": "build_lambda",
      "provider": "provider[\"registry.terraform.io/hashicorp/null\"]",
      "instances": [
        {
          "schema_version": 0,
          "attributes": {
            "id": "7349554014830320760",
            "triggers": {
              "build_platform": "manylinux2014_x86_64",
              "build_version": "2",
              "requirements": "32204b6894c78faa7c90b716b51a8b91",
              "source_hash": "453916367e43e7d54da93945e4f3043052b5e808f9d967e6e7a41a6937775884"
            }
          },
          "sensitive_attributes": [],
          "create_before_destroy": true
        },
        {
          "status": "tainted",
          "deposed": "4c316eaa",
          "schema_version": 0,
          "attributes": {
            "id": "2082042598539089038",
            "triggers": {
              "build_platform": "manylinux2014_x86_64",
              "build_version": "2",
              "requirements": "32204b6894c78faa7c90b716b51a8b91",
              "source_hash": "453916367e43e7d54da93945e4f3043052b5e808f9d967e6e7a41a6937775884"
            }
          },
          "sensitive_attributes": [],
          "create_before_destroy": true
        }
      ]
    },
    {
      "module": "module.s3_documents",
      "mode": "managed",
      "type": "aws_s3_bucket",
      "name": "documents",
      "provider": "provider[\"registry.terraform.io/hashicorp/aws\"]",
      "instances": [
        {
          "schema_version": 0,
          "attributes": {
            "acceleration_status": "",
            "acl": null,
            "arn": "arn:aws:s3:::rag-documents-dev-913123310997",
            "bucket": "rag-documents-dev-913123310997",
            "bucket_domain_name": "rag-documents-dev-913123310997.s3.amazonaws.com",
            "bucket_prefix": "",
            "bucket_region": "us-east-1",
            "bucket_regional_domain_name": "rag-documents-dev-913123310997.s3.us-east-1.amazonaws.com",
            "cors_rule": [],
            "force_destroy": false,
            "grant": [
              {
                "id": "106e3cd903a926b8fff1eb2d9860175dc9f2bbfbd960639070f41b0de2cb8fff",
                "permissions": [
                  "FULL_CONTROL"
                ],
                "type": "CanonicalUser",
                "uri": ""
              }
            ],
            "hosted_zone_id": "Z3AQBSTGFYJSTF",
            "id": "rag-documents-dev-913123310997",
            "lifecycle_rule": [
              {
                "abort_incomplete_multipart_upload_days": 0,
                "enabled": true,
                "expiration": [],
                "id": "move-to-ia",
                "noncurrent_version_expiration": [],
                "noncurrent_version_transition": [],
                "prefix": "",
                "tags": {},
                "transition": [
                  {
                    "date": "",
                    "days": 180,
                    "storage_class": "GLACIER"
                  },
                  {
                    "date": "",
                    "days": 90,
                    "storage_class": "STANDARD_IA"
                  }
                ]
              }
            ],
            "logging": [],
            "object_lock_configuration": [],
            "object_lock_enabled": false,
            "policy": "",
            "region": "us-east-1",
            "replication_configuration": [],
            "request_payer": "BucketOwner",
            "server_side_encryption_configuration": [
              {
                "rule": [
                  {
                    "apply_server_side_encryption_by_default": [
                      {
                        "kms_master_key_id": "",
                        "sse_algorithm": "AES256"
                      }
                    ],
                    "bucket_key_enabled": true
                  }
                ]
              }
            ],
            "tags": {
              "Environment": "dev",
              "ManagedBy": "terraform",
              "Project": "rag-agents"
            },
            "tags_all": {
              "Environment": "dev",
              "ManagedBy": "terraform",
              "Project": "rag-agents"
            },
            "timeouts": null,
            "versioning": [
              {
                "enabled": true,
                "mfa_delete": false
              }
            ],
            "website": [],
            "website_domain": null,
            "website_endpoint": null
          },
          "sensitive_attributes": [],
          "private": "eyJlMmJmYjczMC1lY2FhLTExZTYtOGY4OC0zNDM2M2JjN2M0YzAiOnsiY3JlYXRlIjoxMjAwMDAwMDAwMDAwLCJkZWxldGUiOjM2MDAwMDAwMDAwMDAsInJlYWQiOjEyMDAwMDAwMDAwMDAsInVwZGF0ZSI6MTIwMDAwMDAwMDAwMH19",
          "dependencies": [
            "data.aws_caller_identity.current"
          ],
          "create_before_destroy": true
        }
      ]
    },
    {
      "module": "module.s3_documents",
      "mode": "managed",
      "type": "aws_s3_bucket_lifecycle_configuration",
      "name": "documents",
      "provider": "provider[\"registry.terraform.io/hashicorp/aws\"]",
      "instances": [
        {
          "index_key": 0,
          "schema_version": 1,
          "attributes": {
            "bucket": "rag-documents-dev-913123310997",
            "expected_bucket_owner": "",
            "id": "rag-documents-dev-913123310997",
            "region": "us-east-1",
            "rule": [
              {
                "abort_incomplete_multipart_upload": [],
                "expiration": [],
                "filter": [],
                "id": "move-to-ia",
                "noncurrent_version_expiration": [],
                "noncurrent_version_transition": [],
                "prefix": "",
                "status": "Enabled",
                "transition": [
                  {
                    "date": null,
                    "days": 180,
                    "storage_class": "GLACIER"
                  },
                  {
                    "date": null,
                    "days": 90,
                    "storage_class": "STANDARD_IA"
                  }
                ]
              }
            ],
            "timeouts": null,
            "transition_default_minimum_object_size": "all_storage_classes_128K"
          },
          "sensitive_attributes": [],
          "dependencies": [
            "data.aws_caller_identity.current",
            "module.s3_documents.aws_s3_bucket.documents"
          ]
        }
      ]
    },
    {
      "module": "module.s3_documents",
      "mode": "managed",
      "type": "aws_s3_bucket_public_access_block",
      "name": "documents",
      "provider": "provider[\"registry.terraform.io/hashicorp/aws\"]",
      "instances": [
        {
          "schema_version": 0,
          "attributes": {
            "block_public_acls": true,
            "block_public_policy": true,
            "bucket": "rag-documents-dev-913123310997",
            "id": "rag-documents-dev-913123310997",
            "ignore_public_acls": true,
            "region": "us-east-1",
            "restrict_public_buckets": true,
            "skip_destroy": null
          },
          "sensitive_attributes": [],
          "private": "bnVsbA==",
          "dependencies": [
            "data.aws_caller_identity.current",
            "module.s3_documents.aws_s3_bucket.documents"
          ]
        }
      ]
    },
    {
      "module": "module.s3_documents",
      "mode": "managed",
      "type": "aws_s3_bucket_server_side_encryption_configuration",
      "name": "documents",
      "provider": "provider[\"registry.terraform.io/hashicorp/aws\"]",
      "instances": [
        {
          "schema_version": 0,
          "attributes": {
            "bucket": "rag-documents-dev-913123310997",
            "expected_bucket_owner": "",
            "id": "rag-documents-dev-913123310997",
            "region": "us-east-1",
            "rule": [
              {
                "apply_server_side_encryption_by_default": [
                  {
                    "kms_master_key_id": "",
                    "sse_algorithm": "AES256"
                  }
                ],
                "blocked_encryption_types": [],
                "bucket_key_enabled": true
              }
            ]
          },
          "sensitive_attributes": [],
          "private": "bnVsbA==",
          "dependencies": [
            "data.aws_caller_identity.current",
            "module.s3_documents.aws_s3_bucket.documents"
          ]
        }
      ]
    },
    {
      "module": "module.s3_documents",
      "mode": "managed",
      "type": "aws_s3_bucket_versioning",
      "name": "documents",
      "provider": "provider[\"registry.terraform.io/hashicorp/aws\"]",
      "instances": [
        {
          "schema_version": 0,
          "attributes": {
            "bucket": "rag-documents-dev-913123310997",
            "expected_bucket_owner": "",
            "id": "rag-documents-dev-913123310997",
            "mfa": null,
            "region": "us-east-1",
            "versioning_configuration": [
              {
                "mfa_delete": "",
                "status": "Enabled"
              }
            ]
          },
          "sensitive_attributes": [],
          "private": "bnVsbA==",
          "dependencies": [
            "data.aws_caller_identity.current",
            "module.s3_documents.aws_s3_bucket.documents"
          ]
        }
      ]
    }
  ]
}
