{
  "version": 4,
  "terraform_version": "1.2.8",
  "serial": 431,
  "lineage": "ce0b21e8-d0e5-1f7b-370d-db8945a953de",
  "outputs": {
    "aurora_cluster_endpoint": {
      "value": "aurora-pg-dev.cluster-ch7yo6tzxi4l.us-east-1.rds.amazonaws.com",
      "type": "string"
    },
    "aurora_reader_endpoint": {
      "value": "aurora-pg-dev.cluster-ro-ch7yo6tzxi4l.us-east-1.rds.amazonaws.com",
      "type": "string"
    },
    "aurora_security_group_id": {
      "value": "sg-02ea4f89d2b3ef1d9",
      "type": "string"
    },
    "dynamodb_documents_table_arn": {
      "value": "arn:aws:dynamodb:us-east-1:913123310997:table/rag-documents-dev",
      "type": "string"
    },
    "dynamodb_documents_table_name": {
      "value": "rag-documents-dev",
      "type": "string"
    },
    "invoke_query_example": {
      "value": "aws lambda invoke \\\r\n  --function-name rag_lmbd_query-dev \\\r\n  --payload '{\"query\": \"your question\", \"tenant_id\": \"your_tenant\", \"agent_id\": \"your_agent\"}' \\\r\n  response.json\r\n",
      "type": "string"
    },
    "lambda_dbwriter_function_arn": {
      "value": "arn:aws:lambda:us-east-1:913123310997:function:rag_lmbd_dbwriter-dev",
      "type": "string"
    },
    "lambda_dbwriter_function_name": {
      "value": "rag_lmbd_dbwriter-dev",
      "type": "string"
    },
    "lambda_dbwriter_invoke_arn": {
      "value": "arn:aws:apigateway:us-east-1:lambda:path/2015-03-31/functions/arn:aws:lambda:us-east-1:913123310997:function:rag_lmbd_dbwriter-dev/invocations",
      "type": "string"
    },
    "lambda_embeddings_arn": {
      "value": "arn:aws:lambda:us-east-1:913123310997:function:rag_lmbd_embeddings-dev",
      "type": "string"
    },
    "lambda_embeddings_function_name": {
      "value": "rag_lmbd_embeddings-dev",
      "type": "string"
    },
    "lambda_fetcher_function_arn": {
      "value": "arn:aws:lambda:us-east-1:913123310997:function:rag_lmbd_fetcher-dev",
      "type": "string"
    },
    "lambda_fetcher_function_name": {
      "value": "rag_lmbd_fetcher-dev",
      "type": "string"
    },
    "lambda_fetcher_invoke_arn": {
      "value": "arn:aws:apigateway:us-east-1:lambda:path/2015-03-31/functions/arn:aws:lambda:us-east-1:913123310997:function:rag_lmbd_fetcher-dev/invocations",
      "type": "string"
    },
    "lambda_notifier_function_arn": {
      "value": "arn:aws:lambda:us-east-1:913123310997:function:rag_lmbd_notifier-dev",
      "type": "string"
    },
    "lambda_notifier_function_name": {
      "value": "rag_lmbd_notifier-dev",
      "type": "string"
    },
    "lambda_notifier_invoke_arn": {
      "value": "arn:aws:apigateway:us-east-1:lambda:path/2015-03-31/functions/arn:aws:lambda:us-east-1:913123310997:function:rag_lmbd_notifier-dev/invocations",
      "type": "string"
    },
    "lambda_parser_function_arn": {
      "value": "arn:aws:lambda:us-east-1:913123310997:function:rag_lmbd_parser-dev",
      "type": "string"
    },
    "lambda_parser_function_name": {
      "value": "rag_lmbd_parser-dev",
      "type": "string"
    },
    "lambda_parser_invoke_arn": {
      "value": "arn:aws:apigateway:us-east-1:lambda:path/2015-03-31/functions/arn:aws:lambda:us-east-1:913123310997:function:rag_lmbd_parser-dev/invocations",
      "type": "string"
    },
    "lambda_query_arn": {
      "value": "arn:aws:lambda:us-east-1:913123310997:function:rag_lmbd_query-dev",
      "type": "string"
    },
    "lambda_query_function_name": {
      "value": "rag_lmbd_query-dev",
      "type": "string"
    },
    "lambda_s3writer_function_arn": {
      "value": "arn:aws:lambda:us-east-1:913123310997:function:rag_lmbd_s3writer-dev",
      "type": "string"
    },
    "lambda_s3writer_function_name": {
      "value": "rag_lmbd_s3writer-dev",
      "type": "string"
    },
    "lambda_s3writer_invoke_arn": {
      "value": "arn:aws:apigateway:us-east-1:lambda:path/2015-03-31/functions/arn:aws:lambda:us-east-1:913123310997:function:rag_lmbd_s3writer-dev/invocations",
      "type": "string"
    },
    "lambda_stepfunction_function_arn": {
      "value": "arn:aws:lambda:us-east-1:913123310997:function:rag_lmbd_stepfunction-dev",
      "type": "string"
    },
    "lambda_stepfunction_function_name": {
      "value": "rag_lmbd_stepfunction-dev",
      "type": "string"
    },
    "lambda_stepfunction_invoke_arn": {
      "value": "arn:aws:apigateway:us-east-1:lambda:path/2015-03-31/functions/arn:aws:lambda:us-east-1:913123310997:function:rag_lmbd_stepfunction-dev/invocations",
      "type": "string"
    },
    "query_api_gateway_endpoint": {
      "value": "https://0jsgi46b0g.execute-api.us-east-1.amazonaws.com/dev/query",
      "type": "string"
    },
    "query_cognito_endpoint": {
      "value": "https://cognito-idp.us-east-1.amazonaws.com/us-east-1_lVWnq9AfU",
      "type": "string"
    },
    "query_cognito_user_pool_client_id": {
      "value": "42l8nta01sjpsi92plgh89jum6",
      "type": "string"
    },
    "query_cognito_user_pool_id": {
      "value": "us-east-1_lVWnq9AfU",
      "type": "string"
    },
    "s3_documents_bucket_arn": {
      "value": "arn:aws:s3:::rag-documents-dev-913123310997",
      "type": "string"
    },
    "s3_documents_bucket_name": {
      "value": "rag-documents-dev-913123310997",
      "type": "string"
    },
    "sns_topic_arn": {
      "value": "arn:aws:sns:us-east-1:913123310997:rag-pipeline-notifications-dev",
      "type": "string"
    },
    "sns_topic_name": {
      "value": "rag-pipeline-notifications-dev",
      "type": "string"
    },
    "upload_document_example": {
      "value": "aws s3 cp document.pdf s3://rag-documents-dev-913123310997/tenant_id/agent_id/document.pdf",
      "type": "string"
    }
  },
  "resources": [
    {
      "mode": "data",
      "type": "aws_caller_identity",
      "name": "current",
      "provider": "provider[\"registry.terraform.io/hashicorp/aws\"]",
      "instances": [
        {
          "schema_version": 0,
          "attributes": {
            "account_id": "913123310997",
            "arn": "arn:aws:iam::913123310997:user/achacon@asap-consulting.net",
            "id": "913123310997",
            "user_id": "AIDA5JGTD7WKW3BCAA2YE"
          },
          "sensitive_attributes": []
        }
      ]
    },
    {
      "mode": "data",
      "type": "aws_region",
      "name": "current",
      "provider": "provider[\"registry.terraform.io/hashicorp/aws\"]",
      "instances": [
        {
          "schema_version": 0,
          "attributes": {
            "description": "US East (N. Virginia)",
            "endpoint": "ec2.us-east-1.amazonaws.com",
            "id": "us-east-1",
            "name": "us-east-1",
            "region": "us-east-1"
          },
          "sensitive_attributes": []
        }
      ]
    },
    {
      "mode": "data",
      "type": "aws_route_table",
      "name": "selected",
      "provider": "provider[\"registry.terraform.io/hashicorp/aws\"]",
      "instances": [
        {
          "index_key": 0,
          "schema_version": 0,
          "attributes": {
            "arn": "arn:aws:ec2:us-east-1:913123310997:route-table/rtb-0b9bdfd5b50370081",
            "associations": [
              {
                "gateway_id": "",
                "main": false,
                "route_table_association_id": "rtbassoc-08c77b2bc297ed9e9",
                "route_table_id": "rtb-0b9bdfd5b50370081",
                "subnet_id": "subnet-04cc462043523dcb9"
              }
            ],
            "filter": null,
            "gateway_id": null,
            "id": "rtb-0b9bdfd5b50370081",
            "owner_id": "913123310997",
            "region": "us-east-1",
            "route_table_id": "rtb-0b9bdfd5b50370081",
            "routes": [
              {
                "carrier_gateway_id": "",
                "cidr_block": "0.0.0.0/0",
                "core_network_arn": "",
                "destination_prefix_list_id": "",
                "egress_only_gateway_id": "",
                "gateway_id": "",
                "instance_id": "",
                "ipv6_cidr_block": "",
                "local_gateway_id": "",
                "nat_gateway_id": "nat-0031d1bc2fb2d8132",
                "network_interface_id": "",
                "transit_gateway_id": "",
                "vpc_endpoint_id": "",
                "vpc_peering_connection_id": ""
              }
            ],
            "subnet_id": "subnet-04cc462043523dcb9",
            "tags": {
              "Environment": "dev",
              "Name": "vpc-principal-private-us-east-1b",
              "Terraform": "true"
            },
            "timeouts": null,
            "vpc_id": "vpc-0220b63692086a550"
          },
          "sensitive_attributes": []
        },
        {
          "index_key": 1,
          "schema_version": 0,
          "attributes": {
            "arn": "arn:aws:ec2:us-east-1:913123310997:route-table/rtb-095dc3c28d7bf6a82",
            "associations": [
              {
                "gateway_id": "",
                "main": false,
                "route_table_association_id": "rtbassoc-079c94d3af9e93ea7",
                "route_table_id": "rtb-095dc3c28d7bf6a82",
                "subnet_id": "subnet-0254c9d900c8b2fdc"
              }
            ],
            "filter": null,
            "gateway_id": null,
            "id": "rtb-095dc3c28d7bf6a82",
            "owner_id": "913123310997",
            "region": "us-east-1",
            "route_table_id": "rtb-095dc3c28d7bf6a82",
            "routes": [
              {
                "carrier_gateway_id": "",
                "cidr_block": "0.0.0.0/0",
                "core_network_arn": "",
                "destination_prefix_list_id": "",
                "egress_only_gateway_id": "",
                "gateway_id": "",
                "instance_id": "",
                "ipv6_cidr_block": "",
                "local_gateway_id": "",
                "nat_gateway_id": "nat-04650bf48631fee03",
                "network_interface_id": "",
                "transit_gateway_id": "",
                "vpc_endpoint_id": "",
                "vpc_peering_connection_id": ""
              }
            ],
            "subnet_id": "subnet-0254c9d900c8b2fdc",
            "tags": {
              "Environment": "dev",
              "Name": "vpc-principal-private-us-east-1c",
              "Terraform": "true"
            },
            "timeouts": null,
            "vpc_id": "vpc-0220b63692086a550"
          },
          "sensitive_attributes": []
        }
      ]
    },
    {
      "mode": "data",
      "type": "aws_subnet",
      "name": "selected",
      "provider": "provider[\"registry.terraform.io/hashicorp/aws\"]",
      "instances": [
        {
          "index_key": 0,
          "schema_version": 0,
          "attributes": {
            "arn": "arn:aws:ec2:us-east-1:913123310997:subnet/subnet-04cc462043523dcb9",
            "assign_ipv6_address_on_creation": false,
            "availability_zone": "us-east-1b",
            "availability_zone_id": "use1-az6",
            "available_ip_address_count": 218,
            "cidr_block": "10.0.2.0/24",
            "customer_owned_ipv4_pool": "",
            "default_for_az": false,
            "enable_dns64": false,
            "enable_lni_at_device_index": 0,
            "enable_resource_name_dns_a_record_on_launch": false,
            "enable_resource_name_dns_aaaa_record_on_launch": false,
            "filter": null,
            "id": "subnet-04cc462043523dcb9",
            "ipv6_cidr_block": "",
            "ipv6_cidr_block_association_id": "",
            "ipv6_native": false,
            "map_customer_owned_ip_on_launch": false,
            "map_public_ip_on_launch": false,
            "outpost_arn": "",
            "owner_id": "913123310997",
            "private_dns_hostname_type_on_launch": "ip-name",
            "region": "us-east-1",
            "state": "available",
            "tags": {
              "Environment": "dev",
              "Name": "vpc-principal-private-us-east-1b",
              "Terraform": "true"
            },
            "timeouts": null,
            "vpc_id": "vpc-0220b63692086a550"
          },
          "sensitive_attributes": []
        },
        {
          "index_key": 1,
          "schema_version": 0,
          "attributes": {
            "arn": "arn:aws:ec2:us-east-1:913123310997:subnet/subnet-0254c9d900c8b2fdc",
            "assign_ipv6_address_on_creation": false,
            "availability_zone": "us-east-1c",
            "availability_zone_id": "use1-az1",
            "available_ip_address_count": 227,
            "cidr_block": "10.0.3.0/24",
            "customer_owned_ipv4_pool": "",
            "default_for_az": false,
            "enable_dns64": false,
            "enable_lni_at_device_index": 0,
            "enable_resource_name_dns_a_record_on_launch": false,
            "enable_resource_name_dns_aaaa_record_on_launch": false,
            "filter": null,
            "id": "subnet-0254c9d900c8b2fdc",
            "ipv6_cidr_block": "",
            "ipv6_cidr_block_association_id": "",
            "ipv6_native": false,
            "map_customer_owned_ip_on_launch": false,
            "map_public_ip_on_launch": false,
            "outpost_arn": "",
            "owner_id": "913123310997",
            "private_dns_hostname_type_on_launch": "ip-name",
            "region": "us-east-1",
            "state": "available",
            "tags": {
              "Environment": "dev",
              "Name": "vpc-principal-private-us-east-1c",
              "Terraform": "true"
            },
            "timeouts": null,
            "vpc_id": "vpc-0220b63692086a550"
          },
          "sensitive_attributes": []
        }
      ]
    },
    {
      "mode": "managed",
      "type": "aws_dynamodb_table",
      "name": "documents",
      "provider": "provider[\"registry.terraform.io/hashicorp/aws\"]",
      "instances": [
        {
          "schema_version": 1,
          "attributes": {
            "arn": "arn:aws:dynamodb:us-east-1:913123310997:table/rag-documents-dev",
            "attribute": [
              {
                "name": "PK",
                "type": "S"
              },
              {
                "name": "SK",
                "type": "S"
              },
              {
                "name": "date",
                "type": "S"
              },
              {
                "name": "entity_type",
                "type": "S"
              },
              {
                "name": "site_id",
                "type": "S"
              }
            ],
            "billing_mode": "PAY_PER_REQUEST",
            "deletion_protection_enabled": false,
            "global_secondary_index": [
              {
                "hash_key": "entity_type",
                "key_schema": [
                  {
                    "attribute_name": "entity_type",
                    "key_type": "HASH"
                  },
                  {
                    "attribute_name": "PK",
                    "key_type": "RANGE"
                  }
                ],
                "name": "EntityTypeIndex",
                "non_key_attributes": [],
                "on_demand_throughput": [],
                "projection_type": "ALL",
                "range_key": "PK",
                "read_capacity": 0,
                "warm_throughput": [],
                "write_capacity": 0
              },
              {
                "hash_key": "entity_type",
                "key_schema": [
                  {
                    "attribute_name": "entity_type",
                    "key_type": "HASH"
                  },
                  {
                    "attribute_name": "date",
                    "key_type": "RANGE"
                  }
                ],
                "name": "EntityDateIndex",
                "non_key_attributes": [],
                "on_demand_throughput": [],
                "projection_type": "ALL",
                "range_key": "date",
                "read_capacity": 0,
                "warm_throughput": [],
                "write_capacity": 0
              },
              {
                "hash_key": "site_id",
                "key_schema": [
                  {
                    "attribute_name": "site_id",
                    "key_type": "HASH"
                  },
                  {
                    "attribute_name": "date",
                    "key_type": "RANGE"
                  }
                ],
                "name": "SiteDateIndex",
                "non_key_attributes": [],
                "on_demand_throughput": [],
                "projection_type": "ALL",
                "range_key": "date",
                "read_capacity": 0,
                "warm_throughput": [],
                "write_capacity": 0
              }
            ],
            "global_table_witness": [],
            "hash_key": "PK",
            "id": "rag-documents-dev",
            "import_table": [],
            "local_secondary_index": [],
            "name": "rag-documents-dev",
            "on_demand_throughput": [],
            "point_in_time_recovery": [
              {
                "enabled": true,
                "recovery_period_in_days": 35
              }
            ],
            "range_key": "SK",
            "read_capacity": 0,
            "region": "us-east-1",
            "replica": [],
            "restore_date_time": null,
            "restore_source_name": null,
            "restore_source_table_arn": null,
            "restore_to_latest_time": null,
            "server_side_encryption": [],
            "stream_arn": "",
            "stream_enabled": false,
            "stream_label": "",
            "stream_view_type": "",
            "table_class": "STANDARD",
            "tags": {
              "Environment": "dev",
              "ManagedBy": "terraform",
              "Project": "rag-agents"
            },
            "tags_all": {
              "Environment": "dev",
              "ManagedBy": "terraform",
              "Project": "rag-agents"
            },
            "timeouts": null,
            "ttl": [
              {
                "attribute_name": "",
                "enabled": false
              }
            ],
            "warm_throughput": [],
            "write_capacity": 0
          },
          "sensitive_attributes": [],
          "private": "eyJlMmJmYjczMC1lY2FhLTExZTYtOGY4OC0zNDM2M2JjN2M0YzAiOnsiY3JlYXRlIjoxODAwMDAwMDAwMDAwLCJkZWxldGUiOjYwMDAwMDAwMDAwMCwidXBkYXRlIjozNjAwMDAwMDAwMDAwfSwic2NoZW1hX3ZlcnNpb24iOiIxIn0="
        }
      ]
    },
    {
      "mode": "managed",
      "type": "aws_security_group",
      "name": "vpc_endpoints",
      "provider": "provider[\"registry.terraform.io/hashicorp/aws\"]",
      "instances": [
        {
          "schema_version": 1,
          "attributes": {
            "arn": "arn:aws:ec2:us-east-1:913123310997:security-group/sg-0bde817bc2434e22e",
            "description": "Security group for VPC endpoints",
            "egress": [
              {
                "cidr_blocks": [
                  "0.0.0.0/0"
                ],
                "description": "",
                "from_port": 0,
                "ipv6_cidr_blocks": [],
                "prefix_list_ids": [],
                "protocol": "-1",
                "security_groups": [],
                "self": false,
                "to_port": 0
              }
            ],
            "id": "sg-0bde817bc2434e22e",
            "ingress": [
              {
                "cidr_blocks": [
                  "0.0.0.0/0"
                ],
                "description": "HTTPS from VPC",
                "from_port": 443,
                "ipv6_cidr_blocks": [],
                "prefix_list_ids": [],
                "protocol": "tcp",
                "security_groups": [],
                "self": false,
                "to_port": 443
              }
            ],
            "name": "vpc-endpoints-sg-dev",
            "name_prefix": "",
            "owner_id": "913123310997",
            "region": "us-east-1",
            "revoke_rules_on_delete": null,
            "tags": {
              "Environment": "dev",
              "ManagedBy": "terraform",
              "Name": "vpc-endpoints-sg-dev",
              "Project": "rag-agents"
            },
            "tags_all": {
              "Environment": "dev",
              "ManagedBy": "terraform",
              "Name": "vpc-endpoints-sg-dev",
              "Project": "rag-agents"
            },
            "timeouts": null,
            "vpc_id": "vpc-0220b63692086a550"
          },
          "sensitive_attributes": [],
          "private": "eyJlMmJmYjczMC1lY2FhLTExZTYtOGY4OC0zNDM2M2JjN2M0YzAiOnsiY3JlYXRlIjo2MDAwMDAwMDAwMDAsImRlbGV0ZSI6OTAwMDAwMDAwMDAwfSwic2NoZW1hX3ZlcnNpb24iOiIxIn0="
        }
      ]
    },
    {
      "mode": "managed",
      "type": "aws_sns_topic",
      "name": "rag_notifications",
      "provider": "provider[\"registry.terraform.io/hashicorp/aws\"]",
      "instances": [
        {
          "schema_version": 0,
          "attributes": {
            "application_failure_feedback_role_arn": "",
            "application_success_feedback_role_arn": "",
            "application_success_feedback_sample_rate": 0,
            "archive_policy": "",
            "arn": "arn:aws:sns:us-east-1:913123310997:rag-pipeline-notifications-dev",
            "beginning_archive_time": "",
            "content_based_deduplication": false,
            "delivery_policy": "",
            "display_name": "",
            "fifo_throughput_scope": "",
            "fifo_topic": false,
            "firehose_failure_feedback_role_arn": "",
            "firehose_success_feedback_role_arn": "",
            "firehose_success_feedback_sample_rate": 0,
            "http_failure_feedback_role_arn": "",
            "http_success_feedback_role_arn": "",
            "http_success_feedback_sample_rate": 0,
            "id": "arn:aws:sns:us-east-1:913123310997:rag-pipeline-notifications-dev",
            "kms_master_key_id": "",
            "lambda_failure_feedback_role_arn": "",
            "lambda_success_feedback_role_arn": "",
            "lambda_success_feedback_sample_rate": 0,
            "name": "rag-pipeline-notifications-dev",
            "name_prefix": "",
            "owner": "913123310997",
            "policy": "{\"Id\":\"__default_policy_ID\",\"Statement\":[{\"Action\":[\"SNS:GetTopicAttributes\",\"SNS:SetTopicAttributes\",\"SNS:AddPermission\",\"SNS:RemovePermission\",\"SNS:DeleteTopic\",\"SNS:Subscribe\",\"SNS:ListSubscriptionsByTopic\",\"SNS:Publish\"],\"Condition\":{\"StringEquals\":{\"AWS:SourceOwner\":\"913123310997\"}},\"Effect\":\"Allow\",\"Principal\":{\"AWS\":\"*\"},\"Resource\":\"arn:aws:sns:us-east-1:913123310997:rag-pipeline-notifications-dev\",\"Sid\":\"__default_statement_ID\"}],\"Version\":\"2008-10-17\"}",
            "region": "us-east-1",
            "signature_version": 0,
            "sqs_failure_feedback_role_arn": "",
            "sqs_success_feedback_role_arn": "",
            "sqs_success_feedback_sample_rate": 0,
            "tags": {
              "Environment": "dev",
              "ManagedBy": "terraform",
              "Project": "rag-agents"
            },
            "tags_all": {
              "Environment": "dev",
              "ManagedBy": "terraform",
              "Project": "rag-agents"
            },
            "tracing_config": ""
          },
          "sensitive_attributes": [],
          "private": "bnVsbA=="
        }
      ]
    },
    {
      "mode": "managed",
      "type": "aws_vpc_endpoint",
      "name": "bedrock",
      "provider": "provider[\"registry.terraform.io/hashicorp/aws\"]",
      "instances": [
        {
          "schema_version": 0,
          "attributes": {
            "arn": "arn:aws:ec2:us-east-1:913123310997:vpc-endpoint/vpce-033b6996a681739c1",
            "auto_accept": null,
            "cidr_blocks": [],
            "dns_entry": [
              {
                "dns_name": "vpce-033b6996a681739c1-j5y5ndo9.bedrock-runtime.us-east-1.vpce.amazonaws.com",
                "hosted_zone_id": "Z7HUB22UULQXV"
              },
              {
                "dns_name": "vpce-033b6996a681739c1-j5y5ndo9-us-east-1c.bedrock-runtime.us-east-1.vpce.amazonaws.com",
                "hosted_zone_id": "Z7HUB22UULQXV"
              },
              {
                "dns_name": "vpce-033b6996a681739c1-j5y5ndo9-us-east-1b.bedrock-runtime.us-east-1.vpce.amazonaws.com",
                "hosted_zone_id": "Z7HUB22UULQXV"
              },
              {
                "dns_name": "bedrock-runtime.us-east-1.amazonaws.com",
                "hosted_zone_id": "Z06129901YW045QHU0G0P"
              }
            ],
            "dns_options": [
              {
                "dns_record_ip_type": "ipv4",
                "private_dns_only_for_inbound_resolver_endpoint": false,
                "private_dns_preference": "",
                "private_dns_specified_domains": []
              }
            ],
            "id": "vpce-033b6996a681739c1",
            "ip_address_type": "ipv4",
            "network_interface_ids": [
              "eni-0136c991d5ef19005",
              "eni-0c8e98f26facf1a5b"
            ],
            "owner_id": "913123310997",
            "policy": "{\"Statement\":[{\"Action\":\"*\",\"Effect\":\"Allow\",\"Principal\":\"*\",\"Resource\":\"*\"}]}",
            "prefix_list_id": null,
            "private_dns_enabled": true,
            "region": "us-east-1",
            "requester_managed": false,
            "resource_configuration_arn": "",
            "route_table_ids": [],
            "security_group_ids": [
              "sg-0bde817bc2434e22e"
            ],
            "service_name": "com.amazonaws.us-east-1.bedrock-runtime",
            "service_network_arn": "",
            "service_region": "us-east-1",
            "state": "available",
            "subnet_configuration": [
              {
                "ipv4": "10.0.2.204",
                "ipv6": "",
                "subnet_id": "subnet-04cc462043523dcb9"
              },
              {
                "ipv4": "10.0.3.73",
                "ipv6": "",
                "subnet_id": "subnet-0254c9d900c8b2fdc"
              }
            ],
            "subnet_ids": [
              "subnet-0254c9d900c8b2fdc",
              "subnet-04cc462043523dcb9"
            ],
            "tags": {
              "Environment": "dev",
              "ManagedBy": "terraform",
              "Name": "bedrock-endpoint-dev",
              "Project": "rag-agents"
            },
            "tags_all": {
              "Environment": "dev",
              "ManagedBy": "terraform",
              "Name": "bedrock-endpoint-dev",
              "Project": "rag-agents"
            },
            "timeouts": null,
            "vpc_endpoint_type": "Interface",
            "vpc_id": "vpc-0220b63692086a550"
          },
          "sensitive_attributes": [],
          "private": "eyJlMmJmYjczMC1lY2FhLTExZTYtOGY4OC0zNDM2M2JjN2M0YzAiOnsiY3JlYXRlIjo2MDAwMDAwMDAwMDAsImRlbGV0ZSI6NjAwMDAwMDAwMDAwLCJ1cGRhdGUiOjYwMDAwMDAwMDAwMH0sInNjaGVtYV92ZXJzaW9uIjoiMCJ9",
          "dependencies": [
            "aws_security_group.vpc_endpoints"
          ]
        }
      ]
    },
    {
      "mode": "managed",
      "type": "aws_vpc_endpoint",
      "name": "s3",
      "provider": "provider[\"registry.terraform.io/hashicorp/aws\"]",
      "instances": [
        {
          "schema_version": 0,
          "attributes": {
            "arn": "arn:aws:ec2:us-east-1:913123310997:vpc-endpoint/vpce-0ff53429a66a1dabb",
            "auto_accept": null,
            "cidr_blocks": [
              "16.15.176.0/20",
              "16.182.0.0/16",
              "18.34.0.0/19",
              "52.216.0.0/15",
              "54.231.0.0/16",
              "3.5.0.0/19",
              "18.34.232.0/21",
              "16.15.192.0/18"
            ],
            "dns_entry": [],
            "dns_options": [
              {
                "dns_record_ip_type": "service-defined",
                "private_dns_only_for_inbound_resolver_endpoint": false,
                "private_dns_preference": "",
                "private_dns_specified_domains": []
              }
            ],
            "id": "vpce-0ff53429a66a1dabb",
            "ip_address_type": "ipv4",
            "network_interface_ids": [],
            "owner_id": "913123310997",
            "policy": "{\"Statement\":[{\"Action\":\"s3:*\",\"Effect\":\"Allow\",\"Principal\":\"*\",\"Resource\":\"*\",\"Sid\":\"AllowAll\"}],\"Version\":\"2012-10-17\"}",
            "prefix_list_id": "pl-63a5400a",
            "private_dns_enabled": false,
            "region": "us-east-1",
            "requester_managed": false,
            "resource_configuration_arn": "",
            "route_table_ids": [
              "rtb-095dc3c28d7bf6a82",
              "rtb-0b9bdfd5b50370081"
            ],
            "security_group_ids": [],
            "service_name": "com.amazonaws.us-east-1.s3",
            "service_network_arn": "",
            "service_region": "us-east-1",
            "state": "available",
            "subnet_configuration": [],
            "subnet_ids": [],
            "tags": {
              "Environment": "dev",
              "ManagedBy": "terraform",
              "Name": "s3-endpoint-dev",
              "Project": "rag-agents"
            },
            "tags_all": {
              "Environment": "dev",
              "ManagedBy": "terraform",
              "Name": "s3-endpoint-dev",
              "Project": "rag-agents"
            },
            "timeouts": null,
            "vpc_endpoint_type": "Gateway",
            "vpc_id": "vpc-0220b63692086a550"
          },
          "sensitive_attributes": [],
          "private": "eyJlMmJmYjczMC1lY2FhLTExZTYtOGY4OC0zNDM2M2JjN2M0YzAiOnsiY3JlYXRlIjo2MDAwMDAwMDAwMDAsImRlbGV0ZSI6NjAwMDAwMDAwMDAwLCJ1cGRhdGUiOjYwMDAwMDAwMDAwMH0sInNjaGVtYV92ZXJzaW9uIjoiMCJ9",
          "dependencies": [
            "data.aws_route_table.selected"
          ]
        }
      ]
    },
    {
      "module": "module.api_gateway_query",
      "mode": "managed",
      "type": "aws_apigatewayv2_api",
      "name": "this",
      "provider": "provider[\"registry.terraform.io/hashicorp/aws\"]",
      "instances": [
        {
          "schema_version": 0,
          "attributes": {
            "api_endpoint": "https://0jsgi46b0g.execute-api.us-east-1.amazonaws.com",
            "api_key_selection_expression": "$request.header.x-api-key",
            "arn": "arn:aws:apigateway:us-east-1::/apis/0jsgi46b0g",
            "body": null,
            "cors_configuration": [
              {
                "allow_credentials": false,
                "allow_headers": [
                  "*"
                ],
                "allow_methods": [
                  "GET",
                  "OPTIONS",
                  "POST"
                ],
                "allow_origins": [
                  "*"
                ],
                "expose_headers": [],
                "max_age": 300
              }
            ],
            "credentials_arn": null,
            "description": "API Gateway for RAG Query with JWT authentication",
            "disable_execute_api_endpoint": false,
            "execution_arn": "arn:aws:execute-api:us-east-1:913123310997:0jsgi46b0g",
            "fail_on_warnings": null,
            "id": "0jsgi46b0g",
            "ip_address_type": "ipv4",
            "name": "rag-query-api-dev",
            "protocol_type": "HTTP",
            "region": "us-east-1",
            "route_key": null,
            "route_selection_expression": "$request.method $request.path",
            "tags": {
              "Environment": "dev",
              "ManagedBy": "terraform",
              "Project": "rag-agents"
            },
            "tags_all": {
              "Environment": "dev",
              "ManagedBy": "terraform",
              "Project": "rag-agents"
            },
            "target": null,
            "version": "1.0"
          },
          "sensitive_attributes": [],
          "private": "bnVsbA==",
          "create_before_destroy": true
        }
      ]
    },
    {
      "module": "module.api_gateway_query",
      "mode": "managed",
      "type": "aws_apigatewayv2_authorizer",
      "name": "jwt",
      "provider": "provider[\"registry.terraform.io/hashicorp/aws\"]",
      "instances": [
        {
          "schema_version": 0,
          "attributes": {
            "api_id": "0jsgi46b0g",
            "authorizer_credentials_arn": "",
            "authorizer_payload_format_version": "",
            "authorizer_result_ttl_in_seconds": 0,
            "authorizer_type": "JWT",
            "authorizer_uri": "",
            "enable_simple_responses": false,
            "id": "rky73e",
            "identity_sources": [
              "$request.header.Authorization"
            ],
            "jwt_configuration": [
              {
                "audience": [
                  "42l8nta01sjpsi92plgh89jum6"
                ],
                "issuer": "https://cognito-idp.us-east-1.amazonaws.com/us-east-1_lVWnq9AfU"
              }
            ],
            "name": "rag-query-api-dev-jwt-authorizer",
            "region": "us-east-1",
            "timeouts": null
          },
          "sensitive_attributes": [],
          "private": "eyJlMmJmYjczMC1lY2FhLTExZTYtOGY4OC0zNDM2M2JjN2M0YzAiOnsiZGVsZXRlIjoxODAwMDAwMDAwMDAwfX0=",
          "dependencies": [
            "module.api_gateway_query.aws_apigatewayv2_api.this",
            "module.cognito_query.aws_cognito_user_pool.this",
            "module.cognito_query.aws_cognito_user_pool_client.this"
          ],
          "create_before_destroy": true
        }
      ]
    },
    {
      "module": "module.api_gateway_query",
      "mode": "managed",
      "type": "aws_apigatewayv2_deployment",
      "name": "this",
      "provider": "provider[\"registry.terraform.io/hashicorp/aws\"]",
      "instances": [
        {
          "schema_version": 0,
          "attributes": {
            "api_id": "0jsgi46b0g",
            "auto_deployed": false,
            "description": "",
            "id": "9pe1zo",
            "region": "us-east-1",
            "triggers": null
          },
          "sensitive_attributes": [],
          "private": "bnVsbA==",
          "dependencies": [
            "data.aws_caller_identity.current",
            "module.api_gateway_query.aws_apigatewayv2_api.this",
            "module.api_gateway_query.aws_apigatewayv2_authorizer.jwt",
            "module.api_gateway_query.aws_apigatewayv2_integration.lambda",
            "module.api_gateway_query.aws_apigatewayv2_route.query",
            "module.api_gateway_query.aws_apigatewayv2_route.query_options",
            "module.aurora.aws_db_subnet_group.this",
            "module.aurora.aws_rds_cluster.this",
            "module.aurora.aws_security_group.this",
            "module.cognito_query.aws_cognito_user_pool.this",
            "module.cognito_query.aws_cognito_user_pool_client.this",
            "module.lambda_query.aws_iam_role.lambda",
            "module.lambda_query.aws_iam_role_policy_attachment.lambda_basic",
            "module.lambda_query.aws_iam_role_policy_attachment.lambda_vpc",
            "module.lambda_query.aws_lambda_function.this",
            "module.lambda_query.aws_s3_object.lambda_package",
            "module.lambda_query.aws_security_group.lambda",
            "module.lambda_query.data.archive_file.lambda",
            "module.lambda_query.data.aws_iam_policy_document.assume_role",
            "module.lambda_query.null_resource.build_lambda",
            "module.s3_documents.aws_s3_bucket.documents"
          ],
          "create_before_destroy": true
        }
      ]
    },
    {
      "module": "module.api_gateway_query",
      "mode": "managed",
      "type": "aws_apigatewayv2_integration",
      "name": "lambda",
      "provider": "provider[\"registry.terraform.io/hashicorp/aws\"]",
      "instances": [
        {
          "schema_version": 0,
          "attributes": {
            "api_id": "0jsgi46b0g",
            "connection_id": "",
            "connection_type": "INTERNET",
            "content_handling_strategy": "",
            "credentials_arn": "",
            "description": "",
            "id": "d1tjdwd",
            "integration_method": "POST",
            "integration_response_selection_expression": "",
            "integration_subtype": "",
            "integration_type": "AWS_PROXY",
            "integration_uri": "arn:aws:apigateway:us-east-1:lambda:path/2015-03-31/functions/arn:aws:lambda:us-east-1:913123310997:function:rag_lmbd_query-dev/invocations",
            "passthrough_behavior": "",
            "payload_format_version": "2.0",
            "region": "us-east-1",
            "request_parameters": {},
            "request_templates": {},
            "response_parameters": [],
            "template_selection_expression": "",
            "timeout_milliseconds": 30000,
            "tls_config": []
          },
          "sensitive_attributes": [],
          "private": "bnVsbA==",
          "dependencies": [
            "data.aws_caller_identity.current",
            "module.api_gateway_query.aws_apigatewayv2_api.this",
            "module.aurora.aws_db_subnet_group.this",
            "module.aurora.aws_rds_cluster.this",
            "module.aurora.aws_security_group.this",
            "module.lambda_query.aws_iam_role.lambda",
            "module.lambda_query.aws_iam_role_policy_attachment.lambda_basic",
            "module.lambda_query.aws_iam_role_policy_attachment.lambda_vpc",
            "module.lambda_query.aws_lambda_function.this",
            "module.lambda_query.aws_s3_object.lambda_package",
            "module.lambda_query.aws_security_group.lambda",
            "module.lambda_query.data.archive_file.lambda",
            "module.lambda_query.data.aws_iam_policy_document.assume_role",
            "module.lambda_query.null_resource.build_lambda",
            "module.s3_documents.aws_s3_bucket.documents"
          ],
          "create_before_destroy": true
        }
      ]
    },
    {
      "module": "module.api_gateway_query",
      "mode": "managed",
      "type": "aws_apigatewayv2_route",
      "name": "query",
      "provider": "provider[\"registry.terraform.io/hashicorp/aws\"]",
      "instances": [
        {
          "schema_version": 0,
          "attributes": {
            "api_id": "0jsgi46b0g",
            "api_key_required": false,
            "authorization_scopes": [],
            "authorization_type": "JWT",
            "authorizer_id": "rky73e",
            "id": "j5d25d5",
            "model_selection_expression": "",
            "operation_name": "",
            "region": "us-east-1",
            "request_models": {},
            "request_parameter": [],
            "route_key": "POST /query",
            "route_response_selection_expression": "",
            "target": "integrations/d1tjdwd"
          },
          "sensitive_attributes": [],
          "private": "bnVsbA==",
          "dependencies": [
            "data.aws_caller_identity.current",
            "module.api_gateway_query.aws_apigatewayv2_api.this",
            "module.api_gateway_query.aws_apigatewayv2_authorizer.jwt",
            "module.api_gateway_query.aws_apigatewayv2_integration.lambda",
            "module.aurora.aws_db_subnet_group.this",
            "module.aurora.aws_rds_cluster.this",
            "module.aurora.aws_security_group.this",
            "module.cognito_query.aws_cognito_user_pool.this",
            "module.cognito_query.aws_cognito_user_pool_client.this",
            "module.lambda_query.aws_iam_role.lambda",
            "module.lambda_query.aws_iam_role_policy_attachment.lambda_basic",
            "module.lambda_query.aws_iam_role_policy_attachment.lambda_vpc",
            "module.lambda_query.aws_lambda_function.this",
            "module.lambda_query.aws_s3_object.lambda_package",
            "module.lambda_query.aws_security_group.lambda",
            "module.lambda_query.data.archive_file.lambda",
            "module.lambda_query.data.aws_iam_policy_document.assume_role",
            "module.lambda_query.null_resource.build_lambda",
            "module.s3_documents.aws_s3_bucket.documents"
          ],
          "create_before_destroy": true
        }
      ]
    },
    {
      "module": "module.api_gateway_query",
      "mode": "managed",
      "type": "aws_apigatewayv2_route",
      "name": "query_options",
      "provider": "provider[\"registry.terraform.io/hashicorp/aws\"]",
      "instances": [
        {
          "schema_version": 0,
          "attributes": {
            "api_id": "0jsgi46b0g",
            "api_key_required": false,
            "authorization_scopes": [],
            "authorization_type": "NONE",
            "authorizer_id": "",
            "id": "oxiu8bh",
            "model_selection_expression": "",
            "operation_name": "",
            "region": "us-east-1",
            "request_models": {},
            "request_parameter": [],
            "route_key": "OPTIONS /query",
            "route_response_selection_expression": "",
            "target": "integrations/d1tjdwd"
          },
          "sensitive_attributes": [],
          "private": "bnVsbA==",
          "dependencies": [
            "data.aws_caller_identity.current",
            "module.api_gateway_query.aws_apigatewayv2_api.this",
            "module.api_gateway_query.aws_apigatewayv2_integration.lambda",
            "module.aurora.aws_db_subnet_group.this",
            "module.aurora.aws_rds_cluster.this",
            "module.aurora.aws_security_group.this",
            "module.lambda_query.aws_iam_role.lambda",
            "module.lambda_query.aws_iam_role_policy_attachment.lambda_basic",
            "module.lambda_query.aws_iam_role_policy_attachment.lambda_vpc",
            "module.lambda_query.aws_lambda_function.this",
            "module.lambda_query.aws_s3_object.lambda_package",
            "module.lambda_query.aws_security_group.lambda",
            "module.lambda_query.data.archive_file.lambda",
            "module.lambda_query.data.aws_iam_policy_document.assume_role",
            "module.lambda_query.null_resource.build_lambda",
            "module.s3_documents.aws_s3_bucket.documents"
          ],
          "create_before_destroy": true
        }
      ]
    },
    {
      "module": "module.api_gateway_query",
      "mode": "managed",
      "type": "aws_apigatewayv2_stage",
      "name": "this",
      "provider": "provider[\"registry.terraform.io/hashicorp/aws\"]",
      "instances": [
        {
          "schema_version": 0,
          "attributes": {
            "access_log_settings": [
              {
                "destination_arn": "arn:aws:logs:us-east-1:913123310997:log-group:/aws/apigateway/rag-query-api-dev",
                "format": "{\"httpMethod\":\"$context.httpMethod\",\"ip\":\"$context.identity.sourceIp\",\"protocol\":\"$context.protocol\",\"requestId\":\"$context.requestId\",\"requestTime\":\"$context.requestTime\",\"responseLength\":\"$context.responseLength\",\"routeKey\":\"$context.routeKey\",\"status\":\"$context.status\"}"
              }
            ],
            "api_id": "0jsgi46b0g",
            "arn": "arn:aws:apigateway:us-east-1::/apis/0jsgi46b0g/stages/dev",
            "auto_deploy": true,
            "client_certificate_id": "",
            "default_route_settings": [
              {
                "data_trace_enabled": false,
                "detailed_metrics_enabled": false,
                "logging_level": "",
                "throttling_burst_limit": 0,
                "throttling_rate_limit": 0
              }
            ],
            "deployment_id": "398ehl",
            "description": "",
            "execution_arn": "arn:aws:execute-api:us-east-1:913123310997:0jsgi46b0g/dev",
            "id": "dev",
            "invoke_url": "https://0jsgi46b0g.execute-api.us-east-1.amazonaws.com/dev",
            "name": "dev",
            "region": "us-east-1",
            "route_settings": [],
            "stage_variables": {},
            "tags": {
              "Environment": "dev",
              "ManagedBy": "terraform",
              "Project": "rag-agents"
            },
            "tags_all": {
              "Environment": "dev",
              "ManagedBy": "terraform",
              "Project": "rag-agents"
            }
          },
          "sensitive_attributes": [],
          "private": "bnVsbA==",
          "dependencies": [
            "module.api_gateway_query.aws_apigatewayv2_api.this",
            "module.api_gateway_query.aws_cloudwatch_log_group.api_gateway"
          ]
        }
      ]
    },
    {
      "module": "module.api_gateway_query",
      "mode": "managed",
      "type": "aws_cloudwatch_log_group",
      "name": "api_gateway",
      "provider": "provider[\"registry.terraform.io/hashicorp/aws\"]",
      "instances": [
        {
          "schema_version": 0,
          "attributes": {
            "arn": "arn:aws:logs:us-east-1:913123310997:log-group:/aws/apigateway/rag-query-api-dev",
            "deletion_protection_enabled": false,
            "id": "/aws/apigateway/rag-query-api-dev",
            "kms_key_id": "",
            "log_group_class": "STANDARD",
            "name": "/aws/apigateway/rag-query-api-dev",
            "name_prefix": "",
            "region": "us-east-1",
            "retention_in_days": 14,
            "skip_destroy": false,
            "tags": {
              "Environment": "dev",
              "ManagedBy": "terraform",
              "Project": "rag-agents"
            },
            "tags_all": {
              "Environment": "dev",
              "ManagedBy": "terraform",
              "Project": "rag-agents"
            }
          },
          "sensitive_attributes": [],
          "private": "bnVsbA=="
        }
      ]
    },
    {
      "module": "module.api_gateway_query",
      "mode": "managed",
      "type": "aws_lambda_permission",
      "name": "api_gateway",
      "provider": "provider[\"registry.terraform.io/hashicorp/aws\"]",
      "instances": [
        {
          "schema_version": 0,
          "attributes": {
            "action": "lambda:InvokeFunction",
            "event_source_token": null,
            "function_name": "rag_lmbd_query-dev",
            "function_url_auth_type": null,
            "id": "AllowAPIGatewayInvokeQuery",
            "invoked_via_function_url": null,
            "principal": "apigateway.amazonaws.com",
            "principal_org_id": null,
            "qualifier": "",
            "region": "us-east-1",
            "source_account": null,
            "source_arn": "arn:aws:execute-api:us-east-1:913123310997:0jsgi46b0g/*/*",
            "statement_id": "AllowAPIGatewayInvokeQuery",
            "statement_id_prefix": ""
          },
          "sensitive_attributes": [],
          "private": "bnVsbA==",
          "dependencies": [
            "data.aws_caller_identity.current",
            "module.api_gateway_query.aws_apigatewayv2_api.this",
            "module.aurora.aws_db_subnet_group.this",
            "module.aurora.aws_rds_cluster.this",
            "module.aurora.aws_security_group.this",
            "module.lambda_query.aws_iam_role.lambda",
            "module.lambda_query.aws_iam_role_policy_attachment.lambda_basic",
            "module.lambda_query.aws_iam_role_policy_attachment.lambda_vpc",
            "module.lambda_query.aws_lambda_function.this",
            "module.lambda_query.aws_s3_object.lambda_package",
            "module.lambda_query.aws_security_group.lambda",
            "module.lambda_query.data.archive_file.lambda",
            "module.lambda_query.data.aws_iam_policy_document.assume_role",
            "module.lambda_query.null_resource.build_lambda",
            "module.s3_documents.aws_s3_bucket.documents"
          ]
        }
      ]
    },
    {
      "module": "module.aurora",
      "mode": "managed",
      "type": "aws_db_subnet_group",
      "name": "this",
      "provider": "provider[\"registry.terraform.io/hashicorp/aws\"]",
      "instances": [
        {
          "schema_version": 0,
          "attributes": {
            "arn": "arn:aws:rds:us-east-1:913123310997:subgrp:aurora-pg-subnets-dev",
            "description": "Managed by Terraform",
            "id": "aurora-pg-subnets-dev",
            "name": "aurora-pg-subnets-dev",
            "name_prefix": "",
            "region": "us-east-1",
            "subnet_ids": [
              "subnet-0254c9d900c8b2fdc",
              "subnet-04cc462043523dcb9"
            ],
            "supported_network_types": [
              "IPV4"
            ],
            "tags": {},
            "tags_all": {},
            "vpc_id": "vpc-0220b63692086a550"
          },
          "sensitive_attributes": [],
          "private": "bnVsbA==",
          "create_before_destroy": true
        }
      ]
    },
    {
      "module": "module.aurora",
      "mode": "managed",
      "type": "aws_rds_cluster",
      "name": "this",
      "provider": "provider[\"registry.terraform.io/hashicorp/aws\"]",
      "instances": [
        {
          "schema_version": 1,
          "attributes": {
            "allocated_storage": 1,
            "allow_major_version_upgrade": null,
            "apply_immediately": null,
            "arn": "arn:aws:rds:us-east-1:913123310997:cluster:aurora-pg-dev",
            "availability_zones": [
              "us-east-1a",
              "us-east-1b",
              "us-east-1c"
            ],
            "backtrack_window": 0,
            "backup_retention_period": 1,
            "ca_certificate_identifier": null,
            "ca_certificate_valid_till": null,
            "cluster_identifier": "aurora-pg-dev",
            "cluster_identifier_prefix": "",
            "cluster_members": [
              "aurora-pg-dev-instance-1"
            ],
            "cluster_resource_id": "cluster-ICQHGIB6GM5ZMISP7PNH76WJUE",
            "cluster_scalability_type": "",
            "copy_tags_to_snapshot": false,
            "database_insights_mode": "standard",
            "database_name": "ragdb_dev",
            "db_cluster_instance_class": "",
            "db_cluster_parameter_group_name": "default.aurora-postgresql14",
            "db_instance_parameter_group_name": null,
            "db_subnet_group_name": "aurora-pg-subnets-dev",
            "db_system_id": "",
            "delete_automated_backups": true,
            "deletion_protection": false,
            "domain": "",
            "domain_iam_role_name": "",
            "enable_global_write_forwarding": false,
            "enable_http_endpoint": false,
            "enable_local_write_forwarding": false,
            "enabled_cloudwatch_logs_exports": [],
            "endpoint": "aurora-pg-dev.cluster-ch7yo6tzxi4l.us-east-1.rds.amazonaws.com",
            "engine": "aurora-postgresql",
            "engine_lifecycle_support": "open-source-rds-extended-support",
            "engine_mode": "provisioned",
            "engine_version": "14.20",
            "engine_version_actual": "14.20",
            "final_snapshot_identifier": null,
            "global_cluster_identifier": "",
            "hosted_zone_id": "Z2R2ITUGPM61AM",
            "iam_database_authentication_enabled": false,
            "iam_roles": [],
            "id": "aurora-pg-dev",
            "iops": 0,
            "kms_key_id": "arn:aws:kms:us-east-1:913123310997:key/2dbb98c3-6428-4b1c-bf1c-3a528cb72e7d",
            "manage_master_user_password": null,
            "master_password": "DevPassword123!",
            "master_password_wo": null,
            "master_password_wo_version": null,
            "master_user_secret": [],
            "master_user_secret_kms_key_id": null,
            "master_username": "dev_master",
            "monitoring_interval": 0,
            "monitoring_role_arn": "",
            "network_type": "IPV4",
            "performance_insights_enabled": false,
            "performance_insights_kms_key_id": "",
            "performance_insights_retention_period": 0,
            "port": 5432,
            "preferred_backup_window": "04:52-05:22",
            "preferred_maintenance_window": "sat:03:03-sat:03:33",
            "reader_endpoint": "aurora-pg-dev.cluster-ro-ch7yo6tzxi4l.us-east-1.rds.amazonaws.com",
            "region": "us-east-1",
            "replication_source_identifier": "",
            "restore_to_point_in_time": [],
            "s3_import": [],
            "scaling_configuration": [],
            "serverlessv2_scaling_configuration": [
              {
                "max_capacity": 4,
                "min_capacity": 0.5,
                "seconds_until_auto_pause": 0
              }
            ],
            "skip_final_snapshot": true,
            "snapshot_identifier": null,
            "source_region": null,
            "storage_encrypted": true,
            "storage_type": "",
            "tags": {},
            "tags_all": {},
            "timeouts": null,
            "upgrade_rollout_order": "second",
            "vpc_security_group_ids": [
              "sg-02ea4f89d2b3ef1d9"
            ]
          },
          "sensitive_attributes": [
            [
              {
                "type": "get_attr",
                "value": "master_password"
              }
            ]
          ],
          "private": "eyJlMmJmYjczMC1lY2FhLTExZTYtOGY4OC0zNDM2M2JjN2M0YzAiOnsiY3JlYXRlIjo3MjAwMDAwMDAwMDAwLCJkZWxldGUiOjcyMDAwMDAwMDAwMDAsInVwZGF0ZSI6NzIwMDAwMDAwMDAwMH0sInNjaGVtYV92ZXJzaW9uIjoiMSJ9",
          "dependencies": [
            "module.aurora.aws_db_subnet_group.this",
            "module.aurora.aws_security_group.this"
          ],
          "create_before_destroy": true
        }
      ]
    },
    {
      "module": "module.aurora",
      "mode": "managed",
      "type": "aws_rds_cluster_instance",
      "name": "this",
      "provider": "provider[\"registry.terraform.io/hashicorp/aws\"]",
      "instances": [
        {
          "schema_version": 0,
          "attributes": {
            "apply_immediately": null,
            "arn": "arn:aws:rds:us-east-1:913123310997:db:aurora-pg-dev-instance-1",
            "auto_minor_version_upgrade": true,
            "availability_zone": "us-east-1b",
            "ca_cert_identifier": "rds-ca-rsa2048-g1",
            "cluster_identifier": "aurora-pg-dev",
            "copy_tags_to_snapshot": false,
            "custom_iam_instance_profile": "",
            "db_parameter_group_name": "default.aurora-postgresql14",
            "db_subnet_group_name": "aurora-pg-subnets-dev",
            "dbi_resource_id": "db-UR4O7IPWLEMXAAGBEGBV3CAD2E",
            "endpoint": "aurora-pg-dev-instance-1.ch7yo6tzxi4l.us-east-1.rds.amazonaws.com",
            "engine": "aurora-postgresql",
            "engine_version": "14.20",
            "engine_version_actual": "14.20",
            "force_destroy": false,
            "id": "aurora-pg-dev-instance-1",
            "identifier": "aurora-pg-dev-instance-1",
            "identifier_prefix": "",
            "instance_class": "db.serverless",
            "kms_key_id": "arn:aws:kms:us-east-1:913123310997:key/2dbb98c3-6428-4b1c-bf1c-3a528cb72e7d",
            "monitoring_interval": 0,
            "monitoring_role_arn": "",
            "network_type": "IPV4",
            "performance_insights_enabled": false,
            "performance_insights_kms_key_id": "",
            "performance_insights_retention_period": 0,
            "port": 5432,
            "preferred_backup_window": "04:52-05:22",
            "preferred_maintenance_window": "sat:04:36-sat:05:06",
            "promotion_tier": 0,
            "publicly_accessible": false,
            "region": "us-east-1",
            "storage_encrypted": true,
            "tags": {},
            "tags_all": {},
            "timeouts": null,
            "writer": true
          },
          "sensitive_attributes": [],
          "private": "eyJlMmJmYjczMC1lY2FhLTExZTYtOGY4OC0zNDM2M2JjN2M0YzAiOnsiY3JlYXRlIjo1NDAwMDAwMDAwMDAwLCJkZWxldGUiOjU0MDAwMDAwMDAwMDAsInVwZGF0ZSI6NTQwMDAwMDAwMDAwMH19",
          "dependencies": [
            "module.aurora.aws_db_subnet_group.this",
            "module.aurora.aws_rds_cluster.this",
            "module.aurora.aws_security_group.this"
          ]
        }
      ]
    },
    {
      "module": "module.aurora",
      "mode": "managed",
      "type": "aws_security_group",
      "name": "this",
      "provider": "provider[\"registry.terraform.io/hashicorp/aws\"]",
      "instances": [
        {
          "schema_version": 1,
          "attributes": {
            "arn": "arn:aws:ec2:us-east-1:913123310997:security-group/sg-02ea4f89d2b3ef1d9",
            "description": "Managed by Terraform",
            "egress": [
              {
                "cidr_blocks": [
                  "0.0.0.0/0"
                ],
                "description": "",
                "from_port": 0,
                "ipv6_cidr_blocks": [],
                "prefix_list_ids": [],
                "protocol": "-1",
                "security_groups": [],
                "self": false,
                "to_port": 0
              }
            ],
            "id": "sg-02ea4f89d2b3ef1d9",
            "ingress": [
              {
                "cidr_blocks": [
                  "0.0.0.0/0"
                ],
                "description": "",
                "from_port": 5432,
                "ipv6_cidr_blocks": [],
                "prefix_list_ids": [],
                "protocol": "tcp",
                "security_groups": [],
                "self": false,
                "to_port": 5432
              }
            ],
            "name": "aurora-pg-sg-dev",
            "name_prefix": "",
            "owner_id": "913123310997",
            "region": "us-east-1",
            "revoke_rules_on_delete": null,
            "tags": {},
            "tags_all": {},
            "timeouts": null,
            "vpc_id": "vpc-0220b63692086a550"
          },
          "sensitive_attributes": [],
          "private": "eyJlMmJmYjczMC1lY2FhLTExZTYtOGY4OC0zNDM2M2JjN2M0YzAiOnsiY3JlYXRlIjo2MDAwMDAwMDAwMDAsImRlbGV0ZSI6OTAwMDAwMDAwMDAwfSwic2NoZW1hX3ZlcnNpb24iOiIxIn0=",
          "create_before_destroy": true
        }
      ]
    },
    {
      "module": "module.cognito_query",
      "mode": "managed",
      "type": "aws_cognito_user_pool",
      "name": "this",
      "provider": "provider[\"registry.terraform.io/hashicorp/aws\"]",
      "instances": [
        {
          "schema_version": 0,
          "attributes": {
            "account_recovery_setting": [
              {
                "recovery_mechanism": [
                  {
                    "name": "verified_email",
                    "priority": 1
                  },
                  {
                    "name": "verified_phone_number",
                    "priority": 2
                  }
                ]
              }
            ],
            "admin_create_user_config": [
              {
                "allow_admin_create_user_only": false,
                "invite_message_template": []
              }
            ],
            "alias_attributes": null,
            "arn": "arn:aws:cognito-idp:us-east-1:913123310997:userpool/us-east-1_lVWnq9AfU",
            "auto_verified_attributes": [
              "email"
            ],
            "creation_date": "2026-03-05T14:25:07Z",
            "custom_domain": "",
            "deletion_protection": "INACTIVE",
            "device_configuration": [],
            "domain": "",
            "email_configuration": [
              {
                "configuration_set": "",
                "email_sending_account": "COGNITO_DEFAULT",
                "from_email_address": "",
                "reply_to_email_address": "",
                "source_arn": ""
              }
            ],
            "email_mfa_configuration": [],
            "email_verification_message": "",
            "email_verification_subject": "",
            "endpoint": "cognito-idp.us-east-1.amazonaws.com/us-east-1_lVWnq9AfU",
            "estimated_number_of_users": 1,
            "id": "us-east-1_lVWnq9AfU",
            "lambda_config": [],
            "last_modified_date": "2026-03-05T14:25:07Z",
            "mfa_configuration": "OFF",
            "name": "rag-agents-query-dev-user-pool",
            "password_policy": [
              {
                "minimum_length": 8,
                "password_history_size": 0,
                "require_lowercase": true,
                "require_numbers": true,
                "require_symbols": true,
                "require_uppercase": true,
                "temporary_password_validity_days": 7
              }
            ],
            "region": "us-east-1",
            "schema": [
              {
                "attribute_data_type": "String",
                "developer_only_attribute": false,
                "mutable": true,
                "name": "email",
                "number_attribute_constraints": [],
                "required": true,
                "string_attribute_constraints": []
              }
            ],
            "sign_in_policy": [
              {
                "allowed_first_auth_factors": [
                  "PASSWORD"
                ]
              }
            ],
            "sms_authentication_message": "",
            "sms_configuration": [],
            "sms_verification_message": "",
            "software_token_mfa_configuration": [],
            "tags": {
              "Environment": "dev",
              "ManagedBy": "terraform",
              "Project": "rag-agents"
            },
            "tags_all": {
              "Environment": "dev",
              "ManagedBy": "terraform",
              "Project": "rag-agents"
            },
            "user_attribute_update_settings": [],
            "user_pool_add_ons": [],
            "user_pool_tier": "ESSENTIALS",
            "username_attributes": [
              "email"
            ],
            "username_configuration": [],
            "verification_message_template": [
              {
                "default_email_option": "CONFIRM_WITH_CODE",
                "email_message": "",
                "email_message_by_link": "",
                "email_subject": "",
                "email_subject_by_link": "",
                "sms_message": ""
              }
            ],
            "web_authn_configuration": []
          },
          "sensitive_attributes": [],
          "private": "bnVsbA==",
          "create_before_destroy": true
        }
      ]
    },
    {
      "module": "module.cognito_query",
      "mode": "managed",
      "type": "aws_cognito_user_pool_client",
      "name": "this",
      "provider": "provider[\"registry.terraform.io/hashicorp/aws\"]",
      "instances": [
        {
          "schema_version": 0,
          "attributes": {
            "access_token_validity": 0,
            "allowed_oauth_flows": [],
            "allowed_oauth_flows_user_pool_client": false,
            "allowed_oauth_scopes": [],
            "analytics_configuration": [],
            "auth_session_validity": 3,
            "callback_urls": [],
            "client_secret": "",
            "default_redirect_uri": "",
            "enable_propagate_additional_user_context_data": false,
            "enable_token_revocation": true,
            "explicit_auth_flows": [
              "ALLOW_REFRESH_TOKEN_AUTH",
              "ALLOW_USER_PASSWORD_AUTH"
            ],
            "generate_secret": false,
            "id": "42l8nta01sjpsi92plgh89jum6",
            "id_token_validity": 0,
            "logout_urls": [],
            "name": "rag-agents-query-dev-client",
            "prevent_user_existence_errors": "",
            "read_attributes": [],
            "refresh_token_rotation": [],
            "refresh_token_validity": 30,
            "region": "us-east-1",
            "supported_identity_providers": [
              "COGNITO"
            ],
            "token_validity_units": [],
            "user_pool_id": "us-east-1_lVWnq9AfU",
            "write_attributes": []
          },
          "sensitive_attributes": [],
          "dependencies": [
            "module.cognito_query.aws_cognito_user_pool.this"
          ],
          "create_before_destroy": true
        }
      ]
    },
    {
      "module": "module.lambda_dbwriter",
      "mode": "data",
      "type": "archive_file",
      "name": "lambda",
      "provider": "provider[\"registry.terraform.io/hashicorp/archive\"]",
      "instances": [
        {
          "schema_version": 0,
          "attributes": {
            "exclude_symlink_directories": null,
            "excludes": null,
            "id": "2713adb50fd20183a0c8f7019166a3de69ce353e",
            "output_base64sha256": "e88HyGCHI2CiLWz0uCDfPr+Tpwep+p9Jc8RnpxeSLI0=",
            "output_base64sha512": "5uNlH/wqAY8wI/X7ZJ8J2qZWQbp59x9qDNGkh7ayZWbYvWdsBcgrLJvW0ltZIiVMrHHjv1fcXD+HTmCW/W5hnQ==",
            "output_file_mode": null,
            "output_md5": "d06a271e9b0e66f83eea5873f56d9bd3",
            "output_path": "modules/lambda/.builds/rag_lmbd_dbwriter-dev.zip",
            "output_sha": "2713adb50fd20183a0c8f7019166a3de69ce353e",
            "output_sha256": "7bcf07c860872360a22d6cf4b820df3ebf93a707a9fa9f4973c467a717922c8d",
            "output_sha512": "e6e3651ffc2a018f3023f5fb649f09daa65641ba79f71f6a0cd1a487b6b26566d8bd676c05c82b2c9bd6d25b5922254cac71e3bf57dc5c3f874e6096fd6e619d",
            "output_size": 16790532,
            "source": [],
            "source_content": null,
            "source_content_filename": null,
            "source_dir": "modules/lambda/.builds/rag_lmbd_dbwriter-dev",
            "source_file": null,
            "type": "zip"
          },
          "sensitive_attributes": []
        }
      ]
    },
    {
      "module": "module.lambda_dbwriter",
      "mode": "data",
      "type": "aws_iam_policy_document",
      "name": "assume_role",
      "provider": "provider[\"registry.terraform.io/hashicorp/aws\"]",
      "instances": [
        {
          "schema_version": 0,
          "attributes": {
            "id": "2690255455",
            "json": "{\n  \"Version\": \"2012-10-17\",\n  \"Statement\": [\n    {\n      \"Effect\": \"Allow\",\n      \"Action\": \"sts:AssumeRole\",\n      \"Principal\": {\n        \"Service\": \"lambda.amazonaws.com\"\n      }\n    }\n  ]\n}",
            "minified_json": "{\"Version\":\"2012-10-17\",\"Statement\":[{\"Effect\":\"Allow\",\"Action\":\"sts:AssumeRole\",\"Principal\":{\"Service\":\"lambda.amazonaws.com\"}}]}",
            "override_json": null,
            "override_policy_documents": null,
            "policy_id": null,
            "source_json": null,
            "source_policy_documents": null,
            "statement": [
              {
                "actions": [
                  "sts:AssumeRole"
                ],
                "condition": [],
                "effect": "Allow",
                "not_actions": [],
                "not_principals": [],
                "not_resources": [],
                "principals": [
                  {
                    "identifiers": [
                      "lambda.amazonaws.com"
                    ],
                    "type": "Service"
                  }
                ],
                "resources": [],
                "sid": ""
              }
            ],
            "version": "2012-10-17"
          },
          "sensitive_attributes": []
        }
      ]
    },
    {
      "module": "module.lambda_dbwriter",
      "mode": "data",
      "type": "aws_iam_policy_document",
      "name": "custom",
      "provider": "provider[\"registry.terraform.io/hashicorp/aws\"]",
      "instances": [
        {
          "index_key": 0,
          "schema_version": 0,
          "attributes": {
            "id": "64446902",
            "json": "{\n  \"Version\": \"2012-10-17\",\n  \"Statement\": [\n    {\n      \"Effect\": \"Allow\",\n      \"Action\": [\n        \"dynamodb:UpdateItem\",\n        \"dynamodb:PutItem\",\n        \"dynamodb:BatchWriteItem\"\n      ],\n      \"Resource\": \"arn:aws:dynamodb:us-east-1:913123310997:table/rag-documents-dev\"\n    }\n  ]\n}",
            "minified_json": "{\"Version\":\"2012-10-17\",\"Statement\":[{\"Effect\":\"Allow\",\"Action\":[\"dynamodb:UpdateItem\",\"dynamodb:PutItem\",\"dynamodb:BatchWriteItem\"],\"Resource\":\"arn:aws:dynamodb:us-east-1:913123310997:table/rag-documents-dev\"}]}",
            "override_json": null,
            "override_policy_documents": null,
            "policy_id": null,
            "source_json": null,
            "source_policy_documents": null,
            "statement": [
              {
                "actions": [
                  "dynamodb:BatchWriteItem",
                  "dynamodb:PutItem",
                  "dynamodb:UpdateItem"
                ],
                "condition": [],
                "effect": "Allow",
                "not_actions": [],
                "not_principals": [],
                "not_resources": [],
                "principals": [],
                "resources": [
                  "arn:aws:dynamodb:us-east-1:913123310997:table/rag-documents-dev"
                ],
                "sid": ""
              }
            ],
            "version": "2012-10-17"
          },
          "sensitive_attributes": []
        }
      ]
    },
    {
      "module": "module.lambda_dbwriter",
      "mode": "managed",
      "type": "aws_cloudwatch_log_group",
      "name": "lambda",
      "provider": "provider[\"registry.terraform.io/hashicorp/aws\"]",
      "instances": [
        {
          "schema_version": 0,
          "attributes": {
            "arn": "arn:aws:logs:us-east-1:913123310997:log-group:/aws/lambda/rag_lmbd_dbwriter-dev",
            "deletion_protection_enabled": false,
            "id": "/aws/lambda/rag_lmbd_dbwriter-dev",
            "kms_key_id": "",
            "log_group_class": "STANDARD",
            "name": "/aws/lambda/rag_lmbd_dbwriter-dev",
            "name_prefix": "",
            "region": "us-east-1",
            "retention_in_days": 14,
            "skip_destroy": false,
            "tags": {
              "Environment": "dev",
              "ManagedBy": "terraform",
              "Project": "rag-agents"
            },
            "tags_all": {
              "Environment": "dev",
              "ManagedBy": "terraform",
              "Project": "rag-agents"
            }
          },
          "sensitive_attributes": [],
          "private": "bnVsbA==",
          "dependencies": [
            "aws_dynamodb_table.documents",
            "module.lambda_dbwriter.aws_iam_role.lambda",
            "module.lambda_dbwriter.aws_iam_role_policy_attachment.lambda_basic",
            "module.lambda_dbwriter.aws_iam_role_policy_attachment.lambda_vpc",
            "module.lambda_dbwriter.aws_lambda_function.this",
            "module.lambda_dbwriter.aws_s3_object.lambda_package",
            "module.lambda_dbwriter.aws_security_group.lambda",
            "module.lambda_dbwriter.data.archive_file.lambda",
            "module.lambda_dbwriter.data.aws_iam_policy_document.assume_role",
            "module.lambda_dbwriter.null_resource.build_lambda"
          ]
        }
      ]
    },
    {
      "module": "module.lambda_dbwriter",
      "mode": "managed",
      "type": "aws_iam_role",
      "name": "lambda",
      "provider": "provider[\"registry.terraform.io/hashicorp/aws\"]",
      "instances": [
        {
          "schema_version": 0,
          "attributes": {
            "arn": "arn:aws:iam::913123310997:role/rag_lmbd_dbwriter-dev-role",
            "assume_role_policy": "{\"Statement\":[{\"Action\":\"sts:AssumeRole\",\"Effect\":\"Allow\",\"Principal\":{\"Service\":\"lambda.amazonaws.com\"}}],\"Version\":\"2012-10-17\"}",
            "create_date": "2026-03-10T14:47:49Z",
            "description": "",
            "force_detach_policies": false,
            "id": "rag_lmbd_dbwriter-dev-role",
            "inline_policy": [
              {
                "name": "rag_lmbd_dbwriter-dev-custom-policy",
                "policy": "{\"Version\":\"2012-10-17\",\"Statement\":[{\"Action\":[\"dynamodb:UpdateItem\",\"dynamodb:PutItem\",\"dynamodb:BatchWriteItem\"],\"Effect\":\"Allow\",\"Resource\":\"arn:aws:dynamodb:us-east-1:913123310997:table/rag-documents-dev\"}]}"
              }
            ],
            "managed_policy_arns": [
              "arn:aws:iam::aws:policy/service-role/AWSLambdaBasicExecutionRole"
            ],
            "max_session_duration": 3600,
            "name": "rag_lmbd_dbwriter-dev-role",
            "name_prefix": "",
            "path": "/",
            "permissions_boundary": "",
            "tags": {
              "Environment": "dev",
              "ManagedBy": "terraform",
              "Project": "rag-agents"
            },
            "tags_all": {
              "Environment": "dev",
              "ManagedBy": "terraform",
              "Project": "rag-agents"
            },
            "unique_id": "AROA5JGTD7WK4MRJDUJX2"
          },
          "sensitive_attributes": [],
          "private": "bnVsbA==",
          "dependencies": [
            "module.lambda_dbwriter.data.aws_iam_policy_document.assume_role"
          ]
        }
      ]
    },
    {
      "module": "module.lambda_dbwriter",
      "mode": "managed",
      "type": "aws_iam_role_policy",
      "name": "custom",
      "provider": "provider[\"registry.terraform.io/hashicorp/aws\"]",
      "instances": [
        {
          "index_key": 0,
          "schema_version": 0,
          "attributes": {
            "id": "rag_lmbd_dbwriter-dev-role:rag_lmbd_dbwriter-dev-custom-policy",
            "name": "rag_lmbd_dbwriter-dev-custom-policy",
            "name_prefix": "",
            "policy": "{\"Version\":\"2012-10-17\",\"Statement\":[{\"Action\":[\"dynamodb:UpdateItem\",\"dynamodb:PutItem\",\"dynamodb:BatchWriteItem\"],\"Effect\":\"Allow\",\"Resource\":\"arn:aws:dynamodb:us-east-1:913123310997:table/rag-documents-dev\"}]}",
            "role": "rag_lmbd_dbwriter-dev-role"
          },
          "sensitive_attributes": [],
          "private": "bnVsbA==",
          "dependencies": [
            "aws_dynamodb_table.documents",
            "module.lambda_dbwriter.aws_iam_role.lambda",
            "module.lambda_dbwriter.data.aws_iam_policy_document.assume_role",
            "module.lambda_dbwriter.data.aws_iam_policy_document.custom"
          ]
        }
      ]
    },
    {
      "module": "module.lambda_dbwriter",
      "mode": "managed",
      "type": "aws_iam_role_policy_attachment",
      "name": "lambda_basic",
      "provider": "provider[\"registry.terraform.io/hashicorp/aws\"]",
      "instances": [
        {
          "schema_version": 0,
          "attributes": {
            "id": "rag_lmbd_dbwriter-dev-role/arn:aws:iam::aws:policy/service-role/AWSLambdaBasicExecutionRole",
            "policy_arn": "arn:aws:iam::aws:policy/service-role/AWSLambdaBasicExecutionRole",
            "role": "rag_lmbd_dbwriter-dev-role"
          },
          "sensitive_attributes": [],
          "private": "bnVsbA==",
          "dependencies": [
            "module.lambda_dbwriter.aws_iam_role.lambda",
            "module.lambda_dbwriter.data.aws_iam_policy_document.assume_role"
          ]
        }
      ]
    },
    {
      "module": "module.lambda_dbwriter",
      "mode": "managed",
      "type": "aws_lambda_function",
      "name": "this",
      "provider": "provider[\"registry.terraform.io/hashicorp/aws\"]",
      "instances": [
        {
          "schema_version": 0,
          "attributes": {
            "architectures": [
              "x86_64"
            ],
            "arn": "arn:aws:lambda:us-east-1:913123310997:function:rag_lmbd_dbwriter-dev",
            "capacity_provider_config": [],
            "code_sha256": "e88HyGCHI2CiLWz0uCDfPr+Tpwep+p9Jc8RnpxeSLI0=",
            "code_signing_config_arn": "",
            "dead_letter_config": [],
            "description": "Upserts document metadata to DynamoDB",
            "durable_config": [],
            "environment": [
              {
                "variables": {
                  "DYNAMODB_TABLE_NAME": "rag-documents-dev"
                }
              }
            ],
            "ephemeral_storage": [
              {
                "size": 512
              }
            ],
            "file_system_config": [],
            "filename": "modules/lambda/.builds/rag_lmbd_dbwriter-dev.zip",
            "function_name": "rag_lmbd_dbwriter-dev",
            "handler": "index.handler",
            "id": "rag_lmbd_dbwriter-dev",
            "image_config": [],
            "image_uri": "",
            "invoke_arn": "arn:aws:apigateway:us-east-1:lambda:path/2015-03-31/functions/arn:aws:lambda:us-east-1:913123310997:function:rag_lmbd_dbwriter-dev/invocations",
            "kms_key_arn": "",
            "last_modified": "2026-03-10T18:50:51.000+0000",
            "layers": [],
            "logging_config": [
              {
                "application_log_level": "",
                "log_format": "Text",
                "log_group": "/aws/lambda/rag_lmbd_dbwriter-dev",
                "system_log_level": ""
              }
            ],
            "memory_size": 256,
            "package_type": "Zip",
            "publish": false,
            "publish_to": null,
            "qualified_arn": "arn:aws:lambda:us-east-1:913123310997:function:rag_lmbd_dbwriter-dev:$LATEST",
            "qualified_invoke_arn": "arn:aws:apigateway:us-east-1:lambda:path/2015-03-31/functions/arn:aws:lambda:us-east-1:913123310997:function:rag_lmbd_dbwriter-dev:$LATEST/invocations",
            "region": "us-east-1",
            "replace_security_groups_on_destroy": null,
            "replacement_security_group_ids": null,
            "reserved_concurrent_executions": -1,
            "response_streaming_invoke_arn": "arn:aws:apigateway:us-east-1:lambda:path/2021-11-15/functions/arn:aws:lambda:us-east-1:913123310997:function:rag_lmbd_dbwriter-dev/response-streaming-invocations",
            "role": "arn:aws:iam::913123310997:role/rag_lmbd_dbwriter-dev-role",
            "runtime": "python3.12",
            "s3_bucket": null,
            "s3_key": null,
            "s3_object_version": null,
            "signing_job_arn": "",
            "signing_profile_version_arn": "",
            "skip_destroy": false,
            "snap_start": [],
            "source_code_hash": "e88HyGCHI2CiLWz0uCDfPr+Tpwep+p9Jc8RnpxeSLI0=",
            "source_code_size": 16790532,
            "source_kms_key_arn": "",
            "tags": {
              "Environment": "dev",
              "ManagedBy": "terraform",
              "Project": "rag-agents"
            },
            "tags_all": {
              "Environment": "dev",
              "ManagedBy": "terraform",
              "Project": "rag-agents"
            },
            "tenancy_config": [],
            "timeout": 300,
            "timeouts": null,
            "tracing_config": [
              {
                "mode": "PassThrough"
              }
            ],
            "version": "$LATEST",
            "vpc_config": []
          },
          "sensitive_attributes": [],
          "private": "eyJlMmJmYjczMC1lY2FhLTExZTYtOGY4OC0zNDM2M2JjN2M0YzAiOnsiY3JlYXRlIjo2MDAwMDAwMDAwMDAsImRlbGV0ZSI6NjAwMDAwMDAwMDAwLCJ1cGRhdGUiOjYwMDAwMDAwMDAwMH19",
          "dependencies": [
            "aws_dynamodb_table.documents",
            "module.lambda_dbwriter.aws_iam_role.lambda",
            "module.lambda_dbwriter.aws_iam_role_policy_attachment.lambda_basic",
            "module.lambda_dbwriter.aws_iam_role_policy_attachment.lambda_vpc",
            "module.lambda_dbwriter.aws_s3_object.lambda_package",
            "module.lambda_dbwriter.aws_security_group.lambda",
            "module.lambda_dbwriter.data.archive_file.lambda",
            "module.lambda_dbwriter.data.aws_iam_policy_document.assume_role",
            "module.lambda_dbwriter.null_resource.build_lambda"
          ]
        }
      ]
    },
    {
      "module": "module.lambda_dbwriter",
      "mode": "managed",
      "type": "null_resource",
      "name": "build_lambda",
      "provider": "provider[\"registry.terraform.io/hashicorp/null\"]",
      "instances": [
        {
          "schema_version": 0,
          "attributes": {
            "id": "7606104687536828026",
            "triggers": {
              "build_platform": "manylinux2014_x86_64",
              "build_version": "8",
              "requirements": "12dcc88f4e340c8275400b999091f30a",
              "source_hash": "35c85b507dc30d97c39d4c65a5f48a5a5788a9a6041999bda3e8b6e3e11c8f4b"
            }
          },
          "sensitive_attributes": []
        }
      ]
    },
    {
      "module": "module.lambda_embeddings",
      "mode": "data",
      "type": "archive_file",
      "name": "lambda",
      "provider": "provider[\"registry.terraform.io/hashicorp/archive\"]",
      "instances": [
        {
          "schema_version": 0,
          "attributes": {
            "exclude_symlink_directories": null,
            "excludes": null,
            "id": "ecec61c7fbd342e9ba1eb1c975490a2bd6a4cbd7",
            "output_base64sha256": "QfdJkhKPvjtyIHmoyNKWcjeE2uoCmVwXHPwK67ETx6Y=",
            "output_base64sha512": "qCHcKc1BrDzICE5BYr/rsmrmXBcAq4zim6IRYbHZ5O57Ls7wwtHVzq+2eC069Dnc6huPtjxU/ORLZ4Cy6LzODg==",
            "output_file_mode": null,
            "output_md5": "385a6773bd8da2e6d2aa8ab79a26ed37",
            "output_path": "modules/lambda/.builds/rag_lmbd_embeddings-dev.zip",
            "output_sha": "ecec61c7fbd342e9ba1eb1c975490a2bd6a4cbd7",
            "output_sha256": "41f74992128fbe3b722079a8c8d296723784daea02995c171cfc0aebb113c7a6",
            "output_sha512": "a821dc29cd41ac3cc8084e4162bfebb26ae65c1700ab8ce29ba21161b1d9e4ee7b2ecef0c2d1d5ceafb6782d3af439dcea1b8fb63c54fce44b6780b2e8bcce0e",
            "output_size": 84264853,
            "source": [],
            "source_content": null,
            "source_content_filename": null,
            "source_dir": "modules/lambda/.builds/rag_lmbd_embeddings-dev",
            "source_file": null,
            "type": "zip"
          },
          "sensitive_attributes": []
        }
      ]
    },
    {
      "module": "module.lambda_embeddings",
      "mode": "data",
      "type": "aws_iam_policy_document",
      "name": "assume_role",
      "provider": "provider[\"registry.terraform.io/hashicorp/aws\"]",
      "instances": [
        {
          "schema_version": 0,
          "attributes": {
            "id": "2690255455",
            "json": "{\n  \"Version\": \"2012-10-17\",\n  \"Statement\": [\n    {\n      \"Effect\": \"Allow\",\n      \"Action\": \"sts:AssumeRole\",\n      \"Principal\": {\n        \"Service\": \"lambda.amazonaws.com\"\n      }\n    }\n  ]\n}",
            "minified_json": "{\"Version\":\"2012-10-17\",\"Statement\":[{\"Effect\":\"Allow\",\"Action\":\"sts:AssumeRole\",\"Principal\":{\"Service\":\"lambda.amazonaws.com\"}}]}",
            "override_json": null,
            "override_policy_documents": null,
            "policy_id": null,
            "source_json": null,
            "source_policy_documents": null,
            "statement": [
              {
                "actions": [
                  "sts:AssumeRole"
                ],
                "condition": [],
                "effect": "Allow",
                "not_actions": [],
                "not_principals": [],
                "not_resources": [],
                "principals": [
                  {
                    "identifiers": [
                      "lambda.amazonaws.com"
                    ],
                    "type": "Service"
                  }
                ],
                "resources": [],
                "sid": ""
              }
            ],
            "version": "2012-10-17"
          },
          "sensitive_attributes": []
        }
      ]
    },
    {
      "module": "module.lambda_embeddings",
      "mode": "data",
      "type": "aws_iam_policy_document",
      "name": "custom",
      "provider": "provider[\"registry.terraform.io/hashicorp/aws\"]",
      "instances": [
        {
          "index_key": 0,
          "schema_version": 0,
          "attributes": {
            "id": "232184784",
            "json": "{\n  \"Version\": \"2012-10-17\",\n  \"Statement\": [\n    {\n      \"Effect\": \"Allow\",\n      \"Action\": [\n        \"s3:ListBucket\",\n        \"s3:GetObject\"\n      ],\n      \"Resource\": [\n        \"arn:aws:s3:::rag-documents-dev-913123310997/*\",\n        \"arn:aws:s3:::rag-documents-dev-913123310997\"\n      ]\n    },\n    {\n      \"Effect\": \"Allow\",\n      \"Action\": \"bedrock:InvokeModel\",\n      \"Resource\": \"arn:aws:bedrock:us-east-1::foundation-model/*\"\n    },\n    {\n      \"Effect\": \"Allow\",\n      \"Action\": [\n        \"textract:StartDocumentTextDetection\",\n        \"textract:GetDocumentTextDetection\"\n      ],\n      \"Resource\": \"*\"\n    }\n  ]\n}",
            "minified_json": "{\"Version\":\"2012-10-17\",\"Statement\":[{\"Effect\":\"Allow\",\"Action\":[\"s3:ListBucket\",\"s3:GetObject\"],\"Resource\":[\"arn:aws:s3:::rag-documents-dev-913123310997/*\",\"arn:aws:s3:::rag-documents-dev-913123310997\"]},{\"Effect\":\"Allow\",\"Action\":\"bedrock:InvokeModel\",\"Resource\":\"arn:aws:bedrock:us-east-1::foundation-model/*\"},{\"Effect\":\"Allow\",\"Action\":[\"textract:StartDocumentTextDetection\",\"textract:GetDocumentTextDetection\"],\"Resource\":\"*\"}]}",
            "override_json": null,
            "override_policy_documents": null,
            "policy_id": null,
            "source_json": null,
            "source_policy_documents": null,
            "statement": [
              {
                "actions": [
                  "s3:GetObject",
                  "s3:ListBucket"
                ],
                "condition": [],
                "effect": "Allow",
                "not_actions": [],
                "not_principals": [],
                "not_resources": [],
                "principals": [],
                "resources": [
                  "arn:aws:s3:::rag-documents-dev-913123310997",
                  "arn:aws:s3:::rag-documents-dev-913123310997/*"
                ],
                "sid": ""
              },
              {
                "actions": [
                  "bedrock:InvokeModel"
                ],
                "condition": [],
                "effect": "Allow",
                "not_actions": [],
                "not_principals": [],
                "not_resources": [],
                "principals": [],
                "resources": [
                  "arn:aws:bedrock:us-east-1::foundation-model/*"
                ],
                "sid": ""
              },
              {
                "actions": [
                  "textract:GetDocumentTextDetection",
                  "textract:StartDocumentTextDetection"
                ],
                "condition": [],
                "effect": "Allow",
                "not_actions": [],
                "not_principals": [],
                "not_resources": [],
                "principals": [],
                "resources": [
                  "*"
                ],
                "sid": ""
              }
            ],
            "version": "2012-10-17"
          },
          "sensitive_attributes": []
        }
      ]
    },
    {
      "module": "module.lambda_embeddings",
      "mode": "managed",
      "type": "aws_cloudwatch_log_group",
      "name": "lambda",
      "provider": "provider[\"registry.terraform.io/hashicorp/aws\"]",
      "instances": [
        {
          "schema_version": 0,
          "attributes": {
            "arn": "arn:aws:logs:us-east-1:913123310997:log-group:/aws/lambda/rag_lmbd_embeddings-dev",
            "deletion_protection_enabled": false,
            "id": "/aws/lambda/rag_lmbd_embeddings-dev",
            "kms_key_id": "",
            "log_group_class": "STANDARD",
            "name": "/aws/lambda/rag_lmbd_embeddings-dev",
            "name_prefix": "",
            "region": "us-east-1",
            "retention_in_days": 14,
            "skip_destroy": false,
            "tags": {
              "Environment": "dev",
              "ManagedBy": "terraform",
              "Project": "rag-agents"
            },
            "tags_all": {
              "Environment": "dev",
              "ManagedBy": "terraform",
              "Project": "rag-agents"
            }
          },
          "sensitive_attributes": [],
          "private": "bnVsbA==",
          "dependencies": [
            "data.aws_caller_identity.current",
            "module.aurora.aws_db_subnet_group.this",
            "module.aurora.aws_rds_cluster.this",
            "module.aurora.aws_security_group.this",
            "module.lambda_embeddings.aws_iam_role.lambda",
            "module.lambda_embeddings.aws_iam_role_policy_attachment.lambda_basic",
            "module.lambda_embeddings.aws_iam_role_policy_attachment.lambda_vpc",
            "module.lambda_embeddings.aws_lambda_function.this",
            "module.lambda_embeddings.aws_s3_object.lambda_package",
            "module.lambda_embeddings.aws_security_group.lambda",
            "module.lambda_embeddings.data.archive_file.lambda",
            "module.lambda_embeddings.data.aws_iam_policy_document.assume_role",
            "module.lambda_embeddings.null_resource.build_lambda",
            "module.s3_documents.aws_s3_bucket.documents"
          ]
        }
      ]
    },
    {
      "module": "module.lambda_embeddings",
      "mode": "managed",
      "type": "aws_iam_role",
      "name": "lambda",
      "provider": "provider[\"registry.terraform.io/hashicorp/aws\"]",
      "instances": [
        {
          "schema_version": 0,
          "attributes": {
            "arn": "arn:aws:iam::913123310997:role/rag_lmbd_embeddings-dev-role",
            "assume_role_policy": "{\"Statement\":[{\"Action\":\"sts:AssumeRole\",\"Effect\":\"Allow\",\"Principal\":{\"Service\":\"lambda.amazonaws.com\"}}],\"Version\":\"2012-10-17\"}",
            "create_date": "2026-01-28T20:09:12Z",
            "description": "",
            "force_detach_policies": false,
            "id": "rag_lmbd_embeddings-dev-role",
            "inline_policy": [
              {
                "name": "rag_lmbd_embeddings-dev-custom-policy",
                "policy": "{\"Version\":\"2012-10-17\",\"Statement\":[{\"Action\":[\"s3:ListBucket\",\"s3:GetObject\"],\"Effect\":\"Allow\",\"Resource\":[\"arn:aws:s3:::rag-documents-dev-913123310997/*\",\"arn:aws:s3:::rag-documents-dev-913123310997\"]},{\"Action\":\"bedrock:InvokeModel\",\"Effect\":\"Allow\",\"Resource\":\"arn:aws:bedrock:us-east-1::foundation-model/*\"},{\"Action\":[\"textract:StartDocumentTextDetection\",\"textract:GetDocumentTextDetection\"],\"Effect\":\"Allow\",\"Resource\":\"*\"}]}"
              },
              {
                "name": "rag_lmbd_embeddings-dev-s3-deployment-policy",
                "policy": "{\"Version\":\"2012-10-17\",\"Statement\":[{\"Action\":[\"s3:GetObject\"],\"Effect\":\"Allow\",\"Resource\":[\"arn:aws:s3:::rag-documents-dev-913123310997/lambda-packages/rag_lmbd_embeddings-dev/*\"]}]}"
              }
            ],
            "managed_policy_arns": [
              "arn:aws:iam::aws:policy/service-role/AWSLambdaBasicExecutionRole",
              "arn:aws:iam::aws:policy/service-role/AWSLambdaVPCAccessExecutionRole"
            ],
            "max_session_duration": 3600,
            "name": "rag_lmbd_embeddings-dev-role",
            "name_prefix": "",
            "path": "/",
            "permissions_boundary": "",
            "tags": {
              "Environment": "dev",
              "ManagedBy": "terraform",
              "Project": "rag-agents"
            },
            "tags_all": {
              "Environment": "dev",
              "ManagedBy": "terraform",
              "Project": "rag-agents"
            },
            "unique_id": "AROA5JGTD7WKQQULIMLRS"
          },
          "sensitive_attributes": [],
          "private": "bnVsbA==",
          "dependencies": [
            "module.lambda_embeddings.data.aws_iam_policy_document.assume_role"
          ],
          "create_before_destroy": true
        }
      ]
    },
    {
      "module": "module.lambda_embeddings",
      "mode": "managed",
      "type": "aws_iam_role_policy",
      "name": "custom",
      "provider": "provider[\"registry.terraform.io/hashicorp/aws\"]",
      "instances": [
        {
          "index_key": 0,
          "schema_version": 0,
          "attributes": {
            "id": "rag_lmbd_embeddings-dev-role:rag_lmbd_embeddings-dev-custom-policy",
            "name": "rag_lmbd_embeddings-dev-custom-policy",
            "name_prefix": "",
            "policy": "{\"Version\":\"2012-10-17\",\"Statement\":[{\"Action\":[\"s3:ListBucket\",\"s3:GetObject\"],\"Effect\":\"Allow\",\"Resource\":[\"arn:aws:s3:::rag-documents-dev-913123310997/*\",\"arn:aws:s3:::rag-documents-dev-913123310997\"]},{\"Action\":\"bedrock:InvokeModel\",\"Effect\":\"Allow\",\"Resource\":\"arn:aws:bedrock:us-east-1::foundation-model/*\"},{\"Action\":[\"textract:StartDocumentTextDetection\",\"textract:GetDocumentTextDetection\"],\"Effect\":\"Allow\",\"Resource\":\"*\"}]}",
            "role": "rag_lmbd_embeddings-dev-role"
          },
          "sensitive_attributes": [],
          "private": "bnVsbA==",
          "dependencies": [
            "data.aws_caller_identity.current",
            "module.lambda_embeddings.aws_iam_role.lambda",
            "module.lambda_embeddings.data.aws_iam_policy_document.assume_role",
            "module.lambda_embeddings.data.aws_iam_policy_document.custom",
            "module.s3_documents.aws_s3_bucket.documents"
          ]
        }
      ]
    },
    {
      "module": "module.lambda_embeddings",
      "mode": "managed",
      "type": "aws_iam_role_policy",
      "name": "s3_deployment",
      "provider": "provider[\"registry.terraform.io/hashicorp/aws\"]",
      "instances": [
        {
          "index_key": 0,
          "schema_version": 0,
          "attributes": {
            "id": "rag_lmbd_embeddings-dev-role:rag_lmbd_embeddings-dev-s3-deployment-policy",
            "name": "rag_lmbd_embeddings-dev-s3-deployment-policy",
            "name_prefix": "",
            "policy": "{\"Version\":\"2012-10-17\",\"Statement\":[{\"Action\":[\"s3:GetObject\"],\"Effect\":\"Allow\",\"Resource\":[\"arn:aws:s3:::rag-documents-dev-913123310997/lambda-packages/rag_lmbd_embeddings-dev/*\"]}]}",
            "role": "rag_lmbd_embeddings-dev-role"
          },
          "sensitive_attributes": [],
          "private": "bnVsbA==",
          "dependencies": [
            "data.aws_caller_identity.current",
            "module.lambda_embeddings.aws_iam_role.lambda",
            "module.lambda_embeddings.data.aws_iam_policy_document.assume_role",
            "module.s3_documents.aws_s3_bucket.documents"
          ]
        }
      ]
    },
    {
      "module": "module.lambda_embeddings",
      "mode": "managed",
      "type": "aws_iam_role_policy_attachment",
      "name": "lambda_basic",
      "provider": "provider[\"registry.terraform.io/hashicorp/aws\"]",
      "instances": [
        {
          "schema_version": 0,
          "attributes": {
            "id": "rag_lmbd_embeddings-dev-role/arn:aws:iam::aws:policy/service-role/AWSLambdaBasicExecutionRole",
            "policy_arn": "arn:aws:iam::aws:policy/service-role/AWSLambdaBasicExecutionRole",
            "role": "rag_lmbd_embeddings-dev-role"
          },
          "sensitive_attributes": [],
          "private": "bnVsbA==",
          "dependencies": [
            "module.lambda_embeddings.aws_iam_role.lambda",
            "module.lambda_embeddings.data.aws_iam_policy_document.assume_role"
          ],
          "create_before_destroy": true
        }
      ]
    },
    {
      "module": "module.lambda_embeddings",
      "mode": "managed",
      "type": "aws_iam_role_policy_attachment",
      "name": "lambda_vpc",
      "provider": "provider[\"registry.terraform.io/hashicorp/aws\"]",
      "instances": [
        {
          "index_key": 0,
          "schema_version": 0,
          "attributes": {
            "id": "rag_lmbd_embeddings-dev-role/arn:aws:iam::aws:policy/service-role/AWSLambdaVPCAccessExecutionRole",
            "policy_arn": "arn:aws:iam::aws:policy/service-role/AWSLambdaVPCAccessExecutionRole",
            "role": "rag_lmbd_embeddings-dev-role"
          },
          "sensitive_attributes": [],
          "private": "bnVsbA==",
          "dependencies": [
            "module.lambda_embeddings.aws_iam_role.lambda",
            "module.lambda_embeddings.data.aws_iam_policy_document.assume_role"
          ],
          "create_before_destroy": true
        }
      ]
    },
    {
      "module": "module.lambda_embeddings",
      "mode": "managed",
      "type": "aws_lambda_function",
      "name": "this",
      "provider": "provider[\"registry.terraform.io/hashicorp/aws\"]",
      "instances": [
        {
          "schema_version": 0,
          "attributes": {
            "architectures": [
              "x86_64"
            ],
            "arn": "arn:aws:lambda:us-east-1:913123310997:function:rag_lmbd_embeddings-dev",
            "capacity_provider_config": [],
            "code_sha256": "QfdJkhKPvjtyIHmoyNKWcjeE2uoCmVwXHPwK67ETx6Y=",
            "code_signing_config_arn": "",
            "dead_letter_config": [],
            "description": "Processes PDF documents, generates embeddings and stores in PostgreSQL",
            "durable_config": [],
            "environment": [
              {
                "variables": {
                  "DB_HOST": "aurora-pg-dev.cluster-ch7yo6tzxi4l.us-east-1.rds.amazonaws.com",
                  "DB_NAME": "postgres",
                  "DB_PASSWORD": "DevPassword123!",
                  "DB_PORT": "5432",
                  "DB_USER": "dev_master",
                  "EMBEDDINGS_MODEL": "cohere.embed-v4:0",
                  "MAX_EMBED_TEXT_LENGTH": "20000"
                }
              }
            ],
            "ephemeral_storage": [
              {
                "size": 1024
              }
            ],
            "file_system_config": [],
            "filename": "",
            "function_name": "rag_lmbd_embeddings-dev",
            "handler": "index.handler",
            "id": "rag_lmbd_embeddings-dev",
            "image_config": [],
            "image_uri": "",
            "invoke_arn": "arn:aws:apigateway:us-east-1:lambda:path/2015-03-31/functions/arn:aws:lambda:us-east-1:913123310997:function:rag_lmbd_embeddings-dev/invocations",
            "kms_key_arn": "",
            "last_modified": "2026-03-05T21:27:55.000+0000",
            "layers": [],
            "logging_config": [
              {
                "application_log_level": "",
                "log_format": "Text",
                "log_group": "/aws/lambda/rag_lmbd_embeddings-dev",
                "system_log_level": ""
              }
            ],
            "memory_size": 1024,
            "package_type": "Zip",
            "publish": false,
            "publish_to": null,
            "qualified_arn": "arn:aws:lambda:us-east-1:913123310997:function:rag_lmbd_embeddings-dev:$LATEST",
            "qualified_invoke_arn": "arn:aws:apigateway:us-east-1:lambda:path/2015-03-31/functions/arn:aws:lambda:us-east-1:913123310997:function:rag_lmbd_embeddings-dev:$LATEST/invocations",
            "region": "us-east-1",
            "replace_security_groups_on_destroy": null,
            "replacement_security_group_ids": null,
            "reserved_concurrent_executions": -1,
            "response_streaming_invoke_arn": "arn:aws:apigateway:us-east-1:lambda:path/2021-11-15/functions/arn:aws:lambda:us-east-1:913123310997:function:rag_lmbd_embeddings-dev/response-streaming-invocations",
            "role": "arn:aws:iam::913123310997:role/rag_lmbd_embeddings-dev-role",
            "runtime": "python3.12",
            "s3_bucket": "rag-documents-dev-913123310997",
            "s3_key": "lambda-packages/rag_lmbd_embeddings-dev/QfdJkhKPvjtyIHmoyNKWcjeE2uoCmVwXHPwK67ETx6Y=.zip",
            "s3_object_version": null,
            "signing_job_arn": "",
            "signing_profile_version_arn": "",
            "skip_destroy": false,
            "snap_start": [],
            "source_code_hash": "QfdJkhKPvjtyIHmoyNKWcjeE2uoCmVwXHPwK67ETx6Y=",
            "source_code_size": 84264853,
            "source_kms_key_arn": "",
            "tags": {
              "Environment": "dev",
              "ManagedBy": "terraform",
              "Project": "rag-agents"
            },
            "tags_all": {
              "Environment": "dev",
              "ManagedBy": "terraform",
              "Project": "rag-agents"
            },
            "tenancy_config": [],
            "timeout": 900,
            "timeouts": null,
            "tracing_config": [
              {
                "mode": "PassThrough"
              }
            ],
            "version": "$LATEST",
            "vpc_config": [
              {
                "ipv6_allowed_for_dual_stack": false,
                "security_group_ids": [
                  "sg-02ea4f89d2b3ef1d9"
                ],
                "subnet_ids": [
                  "subnet-0254c9d900c8b2fdc",
                  "subnet-04cc462043523dcb9"
                ],
                "vpc_id": "vpc-0220b63692086a550"
              }
            ]
          },
          "sensitive_attributes": [],
          "private": "eyJlMmJmYjczMC1lY2FhLTExZTYtOGY4OC0zNDM2M2JjN2M0YzAiOnsiY3JlYXRlIjo2MDAwMDAwMDAwMDAsImRlbGV0ZSI6NjAwMDAwMDAwMDAwLCJ1cGRhdGUiOjYwMDAwMDAwMDAwMH19",
          "dependencies": [
            "data.aws_caller_identity.current",
            "module.aurora.aws_db_subnet_group.this",
            "module.aurora.aws_rds_cluster.this",
            "module.aurora.aws_security_group.this",
            "module.lambda_embeddings.aws_iam_role.lambda",
            "module.lambda_embeddings.aws_iam_role_policy_attachment.lambda_basic",
            "module.lambda_embeddings.aws_iam_role_policy_attachment.lambda_vpc",
            "module.lambda_embeddings.aws_s3_object.lambda_package",
            "module.lambda_embeddings.aws_security_group.lambda",
            "module.lambda_embeddings.data.archive_file.lambda",
            "module.lambda_embeddings.data.aws_iam_policy_document.assume_role",
            "module.lambda_embeddings.null_resource.build_lambda",
            "module.s3_documents.aws_s3_bucket.documents"
          ],
          "create_before_destroy": true
        }
      ]
    },
    {
      "module": "module.lambda_embeddings",
      "mode": "managed",
      "type": "aws_lambda_permission",
      "name": "s3",
      "provider": "provider[\"registry.terraform.io/hashicorp/aws\"]",
      "instances": [
        {
          "index_key": 0,
          "schema_version": 0,
          "attributes": {
            "action": "lambda:InvokeFunction",
            "event_source_token": null,
            "function_name": "rag_lmbd_embeddings-dev",
            "function_url_auth_type": null,
            "id": "AllowS3Invoke",
            "invoked_via_function_url": null,
            "principal": "s3.amazonaws.com",
            "principal_org_id": null,
            "qualifier": "",
            "region": "us-east-1",
            "source_account": null,
            "source_arn": "arn:aws:s3:::rag-documents-dev-913123310997",
            "statement_id": "AllowS3Invoke",
            "statement_id_prefix": ""
          },
          "sensitive_attributes": [],
          "private": "bnVsbA==",
          "dependencies": [
            "data.aws_caller_identity.current",
            "module.aurora.aws_db_subnet_group.this",
            "module.aurora.aws_rds_cluster.this",
            "module.aurora.aws_security_group.this",
            "module.lambda_embeddings.aws_iam_role.lambda",
            "module.lambda_embeddings.aws_iam_role_policy_attachment.lambda_basic",
            "module.lambda_embeddings.aws_iam_role_policy_attachment.lambda_vpc",
            "module.lambda_embeddings.aws_lambda_function.this",
            "module.lambda_embeddings.aws_s3_object.lambda_package",
            "module.lambda_embeddings.aws_security_group.lambda",
            "module.lambda_embeddings.data.archive_file.lambda",
            "module.lambda_embeddings.data.aws_iam_policy_document.assume_role",
            "module.lambda_embeddings.null_resource.build_lambda",
            "module.s3_documents.aws_s3_bucket.documents"
          ]
        }
      ]
    },
    {
      "module": "module.lambda_embeddings",
      "mode": "managed",
      "type": "aws_s3_bucket_notification",
      "name": "lambda",
      "provider": "provider[\"registry.terraform.io/hashicorp/aws\"]",
      "instances": [
        {
          "index_key": 0,
          "schema_version": 0,
          "attributes": {
            "bucket": "rag-documents-dev-913123310997",
            "eventbridge": false,
            "id": "rag-documents-dev-913123310997",
            "lambda_function": [
              {
                "events": [
                  "s3:ObjectCreated:*"
                ],
                "filter_prefix": "",
                "filter_suffix": ".pdf",
                "id": "tf-s3-lambda-20260128202120504100000001",
                "lambda_function_arn": "arn:aws:lambda:us-east-1:913123310997:function:rag_lmbd_embeddings-dev"
              }
            ],
            "queue": [],
            "region": "us-east-1",
            "topic": []
          },
          "sensitive_attributes": [],
          "private": "bnVsbA==",
          "dependencies": [
            "data.aws_caller_identity.current",
            "module.aurora.aws_db_subnet_group.this",
            "module.aurora.aws_rds_cluster.this",
            "module.aurora.aws_security_group.this",
            "module.lambda_embeddings.aws_iam_role.lambda",
            "module.lambda_embeddings.aws_iam_role_policy_attachment.lambda_basic",
            "module.lambda_embeddings.aws_iam_role_policy_attachment.lambda_vpc",
            "module.lambda_embeddings.aws_lambda_function.this",
            "module.lambda_embeddings.aws_lambda_permission.s3",
            "module.lambda_embeddings.aws_s3_object.lambda_package",
            "module.lambda_embeddings.aws_security_group.lambda",
            "module.lambda_embeddings.data.archive_file.lambda",
            "module.lambda_embeddings.data.aws_iam_policy_document.assume_role",
            "module.lambda_embeddings.null_resource.build_lambda",
            "module.s3_documents.aws_s3_bucket.documents"
          ]
        }
      ]
    },
    {
      "module": "module.lambda_embeddings",
      "mode": "managed",
      "type": "aws_s3_object",
      "name": "lambda_package",
      "provider": "provider[\"registry.terraform.io/hashicorp/aws\"]",
      "instances": [
        {
          "index_key": 0,
          "schema_version": 0,
          "attributes": {
            "acl": null,
            "arn": "arn:aws:s3:::rag-documents-dev-913123310997/lambda-packages/rag_lmbd_embeddings-dev/QfdJkhKPvjtyIHmoyNKWcjeE2uoCmVwXHPwK67ETx6Y=.zip",
            "bucket": "rag-documents-dev-913123310997",
            "bucket_key_enabled": false,
            "cache_control": "",
            "checksum_algorithm": null,
            "checksum_crc32": "",
            "checksum_crc32c": "",
            "checksum_crc64nvme": "",
            "checksum_sha1": "",
            "checksum_sha256": "",
            "content": null,
            "content_base64": null,
            "content_disposition": "",
            "content_encoding": "",
            "content_language": "",
            "content_type": "binary/octet-stream",
            "etag": "517037ebb54a0d810e3f5f3fea1c8ed9-17",
            "force_destroy": false,
            "id": "rag-documents-dev-913123310997/lambda-packages/rag_lmbd_embeddings-dev/QfdJkhKPvjtyIHmoyNKWcjeE2uoCmVwXHPwK67ETx6Y=.zip",
            "key": "lambda-packages/rag_lmbd_embeddings-dev/QfdJkhKPvjtyIHmoyNKWcjeE2uoCmVwXHPwK67ETx6Y=.zip",
            "kms_key_id": null,
            "metadata": {},
            "object_lock_legal_hold_status": "",
            "object_lock_mode": "",
            "object_lock_retain_until_date": "",
            "override_provider": [],
            "region": "us-east-1",
            "server_side_encryption": "AES256",
            "source": "modules/lambda/.builds/rag_lmbd_embeddings-dev.zip",
            "source_hash": null,
            "storage_class": "STANDARD",
            "tags": {},
            "tags_all": {},
            "version_id": "mc17psOxT.jJTg0AgUvyV4Dnh9sj3uRl",
            "website_redirect": ""
          },
          "sensitive_attributes": [],
          "private": "bnVsbA==",
          "dependencies": [
            "module.lambda_embeddings.data.archive_file.lambda",
            "module.s3_documents.aws_s3_bucket.documents"
          ]
        }
      ]
    },
    {
      "module": "module.lambda_embeddings",
      "mode": "managed",
      "type": "null_resource",
      "name": "build_lambda",
      "provider": "provider[\"registry.terraform.io/hashicorp/null\"]",
      "instances": [
        {
          "schema_version": 0,
          "attributes": {
            "id": "3551792872745600697",
            "triggers": {
              "build_platform": "manylinux2014_x86_64",
              "build_version": "8",
              "requirements": "d6f71b29de5896955eaeb0db8941f18b",
              "source_hash": "fc050da6387dac2ef4722ae43184b6a87ce792b9344192d3e8c6cab35a742cf4"
            }
          },
          "sensitive_attributes": [],
          "create_before_destroy": true
        }
      ]
    },
    {
      "module": "module.lambda_fetcher",
      "mode": "data",
      "type": "archive_file",
      "name": "lambda",
      "provider": "provider[\"registry.terraform.io/hashicorp/archive\"]",
      "instances": [
        {
          "schema_version": 0,
          "attributes": {
            "exclude_symlink_directories": null,
            "excludes": null,
            "id": "c4d14cd13c612a4d7931006c65d4af5ed7df1c3c",
            "output_base64sha256": "vDAgC/QIKDfY+02grHF6zpcD4deARU56fO6nxTov2ro=",
            "output_base64sha512": "5CcyP5axobzOIHC2YL97aDhEfDwmJEZkkKS7Eg+9628yHAU+EjDOU+4p4MB4iPXSHdPataIF/KNugsuHpKqU+g==",
            "output_file_mode": null,
            "output_md5": "d881eeeaa10726ea42cf79559657296b",
            "output_path": "modules/lambda/.builds/rag_lmbd_fetcher-dev.zip",
            "output_sha": "c4d14cd13c612a4d7931006c65d4af5ed7df1c3c",
            "output_sha256": "bc30200bf4082837d8fb4da0ac717ace9703e1d780454e7a7ceea7c53a2fdaba",
            "output_sha512": "e427323f96b1a1bcce2070b660bf7b6838447c3c2624466490a4bb120fbdeb6f321c053e1230ce53ee29e0c07888f5d21dd3dab5a205fca36e82cb87a4aa94fa",
            "output_size": 18094508,
            "source": [],
            "source_content": null,
            "source_content_filename": null,
            "source_dir": "modules/lambda/.builds/rag_lmbd_fetcher-dev",
            "source_file": null,
            "type": "zip"
          },
          "sensitive_attributes": []
        }
      ]
    },
    {
      "module": "module.lambda_fetcher",
      "mode": "data",
      "type": "aws_iam_policy_document",
      "name": "assume_role",
      "provider": "provider[\"registry.terraform.io/hashicorp/aws\"]",
      "instances": [
        {
          "schema_version": 0,
          "attributes": {
            "id": "2690255455",
            "json": "{\n  \"Version\": \"2012-10-17\",\n  \"Statement\": [\n    {\n      \"Effect\": \"Allow\",\n      \"Action\": \"sts:AssumeRole\",\n      \"Principal\": {\n        \"Service\": \"lambda.amazonaws.com\"\n      }\n    }\n  ]\n}",
            "minified_json": "{\"Version\":\"2012-10-17\",\"Statement\":[{\"Effect\":\"Allow\",\"Action\":\"sts:AssumeRole\",\"Principal\":{\"Service\":\"lambda.amazonaws.com\"}}]}",
            "override_json": null,
            "override_policy_documents": null,
            "policy_id": null,
            "source_json": null,
            "source_policy_documents": null,
            "statement": [
              {
                "actions": [
                  "sts:AssumeRole"
                ],
                "condition": [],
                "effect": "Allow",
                "not_actions": [],
                "not_principals": [],
                "not_resources": [],
                "principals": [
                  {
                    "identifiers": [
                      "lambda.amazonaws.com"
                    ],
                    "type": "Service"
                  }
                ],
                "resources": [],
                "sid": ""
              }
            ],
            "version": "2012-10-17"
          },
          "sensitive_attributes": []
        }
      ]
    },
    {
      "module": "module.lambda_fetcher",
      "mode": "managed",
      "type": "aws_cloudwatch_log_group",
      "name": "lambda",
      "provider": "provider[\"registry.terraform.io/hashicorp/aws\"]",
      "instances": [
        {
          "schema_version": 0,
          "attributes": {
            "arn": "arn:aws:logs:us-east-1:913123310997:log-group:/aws/lambda/rag_lmbd_fetcher-dev",
            "deletion_protection_enabled": false,
            "id": "/aws/lambda/rag_lmbd_fetcher-dev",
            "kms_key_id": "",
            "log_group_class": "STANDARD",
            "name": "/aws/lambda/rag_lmbd_fetcher-dev",
            "name_prefix": "",
            "region": "us-east-1",
            "retention_in_days": 14,
            "skip_destroy": false,
            "tags": {
              "Environment": "dev",
              "ManagedBy": "terraform",
              "Project": "rag-agents"
            },
            "tags_all": {
              "Environment": "dev",
              "ManagedBy": "terraform",
              "Project": "rag-agents"
            }
          },
          "sensitive_attributes": [],
          "private": "bnVsbA==",
          "dependencies": [
            "module.lambda_fetcher.aws_iam_role.lambda",
            "module.lambda_fetcher.aws_iam_role_policy_attachment.lambda_basic",
            "module.lambda_fetcher.aws_iam_role_policy_attachment.lambda_vpc",
            "module.lambda_fetcher.aws_lambda_function.this",
            "module.lambda_fetcher.aws_s3_object.lambda_package",
            "module.lambda_fetcher.aws_security_group.lambda",
            "module.lambda_fetcher.data.archive_file.lambda",
            "module.lambda_fetcher.data.aws_iam_policy_document.assume_role",
            "module.lambda_fetcher.null_resource.build_lambda"
          ]
        }
      ]
    },
    {
      "module": "module.lambda_fetcher",
      "mode": "managed",
      "type": "aws_iam_role",
      "name": "lambda",
      "provider": "provider[\"registry.terraform.io/hashicorp/aws\"]",
      "instances": [
        {
          "schema_version": 0,
          "attributes": {
            "arn": "arn:aws:iam::913123310997:role/rag_lmbd_fetcher-dev-role",
            "assume_role_policy": "{\"Statement\":[{\"Action\":\"sts:AssumeRole\",\"Effect\":\"Allow\",\"Principal\":{\"Service\":\"lambda.amazonaws.com\"}}],\"Version\":\"2012-10-17\"}",
            "create_date": "2026-03-10T14:47:49Z",
            "description": "",
            "force_detach_policies": false,
            "id": "rag_lmbd_fetcher-dev-role",
            "inline_policy": [],
            "managed_policy_arns": [
              "arn:aws:iam::aws:policy/service-role/AWSLambdaBasicExecutionRole"
            ],
            "max_session_duration": 3600,
            "name": "rag_lmbd_fetcher-dev-role",
            "name_prefix": "",
            "path": "/",
            "permissions_boundary": "",
            "tags": {
              "Environment": "dev",
              "ManagedBy": "terraform",
              "Project": "rag-agents"
            },
            "tags_all": {
              "Environment": "dev",
              "ManagedBy": "terraform",
              "Project": "rag-agents"
            },
            "unique_id": "AROA5JGTD7WK3BQHBRQXS"
          },
          "sensitive_attributes": [],
          "private": "bnVsbA==",
          "dependencies": [
            "module.lambda_fetcher.data.aws_iam_policy_document.assume_role"
          ]
        }
      ]
    },
    {
      "module": "module.lambda_fetcher",
      "mode": "managed",
      "type": "aws_iam_role_policy_attachment",
      "name": "lambda_basic",
      "provider": "provider[\"registry.terraform.io/hashicorp/aws\"]",
      "instances": [
        {
          "schema_version": 0,
          "attributes": {
            "id": "rag_lmbd_fetcher-dev-role/arn:aws:iam::aws:policy/service-role/AWSLambdaBasicExecutionRole",
            "policy_arn": "arn:aws:iam::aws:policy/service-role/AWSLambdaBasicExecutionRole",
            "role": "rag_lmbd_fetcher-dev-role"
          },
          "sensitive_attributes": [],
          "private": "bnVsbA==",
          "dependencies": [
            "module.lambda_fetcher.aws_iam_role.lambda",
            "module.lambda_fetcher.data.aws_iam_policy_document.assume_role"
          ]
        }
      ]
    },
    {
      "module": "module.lambda_fetcher",
      "mode": "managed",
      "type": "aws_lambda_function",
      "name": "this",
      "provider": "provider[\"registry.terraform.io/hashicorp/aws\"]",
      "instances": [
        {
          "schema_version": 0,
          "attributes": {
            "architectures": [
              "x86_64"
            ],
            "arn": "arn:aws:lambda:us-east-1:913123310997:function:rag_lmbd_fetcher-dev",
            "capacity_provider_config": [],
            "code_sha256": "vDAgC/QIKDfY+02grHF6zpcD4deARU56fO6nxTov2ro=",
            "code_signing_config_arn": "",
            "dead_letter_config": [],
            "description": "Fetches HTML content from Boletín Oficial by date",
            "durable_config": [],
            "environment": [
              {
                "variables": {
                  "BOLETIN_BASE_URL": "https://www.boletinoficial.gob.ar",
                  "DEFAULT_SECTION": "primera",
                  "REQUEST_TIMEOUT": "30"
                }
              }
            ],
            "ephemeral_storage": [
              {
                "size": 512
              }
            ],
            "file_system_config": [],
            "filename": "modules/lambda/.builds/rag_lmbd_fetcher-dev.zip",
            "function_name": "rag_lmbd_fetcher-dev",
            "handler": "index.handler",
            "id": "rag_lmbd_fetcher-dev",
            "image_config": [],
            "image_uri": "",
            "invoke_arn": "arn:aws:apigateway:us-east-1:lambda:path/2015-03-31/functions/arn:aws:lambda:us-east-1:913123310997:function:rag_lmbd_fetcher-dev/invocations",
            "kms_key_arn": "",
            "last_modified": "2026-03-10T17:42:09.000+0000",
            "layers": [],
            "logging_config": [
              {
                "application_log_level": "",
                "log_format": "Text",
                "log_group": "/aws/lambda/rag_lmbd_fetcher-dev",
                "system_log_level": ""
              }
            ],
            "memory_size": 512,
            "package_type": "Zip",
            "publish": false,
            "publish_to": null,
            "qualified_arn": "arn:aws:lambda:us-east-1:913123310997:function:rag_lmbd_fetcher-dev:$LATEST",
            "qualified_invoke_arn": "arn:aws:apigateway:us-east-1:lambda:path/2015-03-31/functions/arn:aws:lambda:us-east-1:913123310997:function:rag_lmbd_fetcher-dev:$LATEST/invocations",
            "region": "us-east-1",
            "replace_security_groups_on_destroy": null,
            "replacement_security_group_ids": null,
            "reserved_concurrent_executions": -1,
            "response_streaming_invoke_arn": "arn:aws:apigateway:us-east-1:lambda:path/2021-11-15/functions/arn:aws:lambda:us-east-1:913123310997:function:rag_lmbd_fetcher-dev/response-streaming-invocations",
            "role": "arn:aws:iam::913123310997:role/rag_lmbd_fetcher-dev-role",
            "runtime": "python3.12",
            "s3_bucket": null,
            "s3_key": null,
            "s3_object_version": null,
            "signing_job_arn": "",
            "signing_profile_version_arn": "",
            "skip_destroy": false,
            "snap_start": [],
            "source_code_hash": "vDAgC/QIKDfY+02grHF6zpcD4deARU56fO6nxTov2ro=",
            "source_code_size": 18094508,
            "source_kms_key_arn": "",
            "tags": {
              "Environment": "dev",
              "ManagedBy": "terraform",
              "Project": "rag-agents"
            },
            "tags_all": {
              "Environment": "dev",
              "ManagedBy": "terraform",
              "Project": "rag-agents"
            },
            "tenancy_config": [],
            "timeout": 60,
            "timeouts": null,
            "tracing_config": [
              {
                "mode": "PassThrough"
              }
            ],
            "version": "$LATEST",
            "vpc_config": []
          },
          "sensitive_attributes": [],
          "private": "eyJlMmJmYjczMC1lY2FhLTExZTYtOGY4OC0zNDM2M2JjN2M0YzAiOnsiY3JlYXRlIjo2MDAwMDAwMDAwMDAsImRlbGV0ZSI6NjAwMDAwMDAwMDAwLCJ1cGRhdGUiOjYwMDAwMDAwMDAwMH19",
          "dependencies": [
            "module.lambda_fetcher.aws_iam_role.lambda",
            "module.lambda_fetcher.aws_iam_role_policy_attachment.lambda_basic",
            "module.lambda_fetcher.aws_iam_role_policy_attachment.lambda_vpc",
            "module.lambda_fetcher.aws_s3_object.lambda_package",
            "module.lambda_fetcher.aws_security_group.lambda",
            "module.lambda_fetcher.data.archive_file.lambda",
            "module.lambda_fetcher.data.aws_iam_policy_document.assume_role",
            "module.lambda_fetcher.null_resource.build_lambda"
          ]
        }
      ]
    },
    {
      "module": "module.lambda_fetcher",
      "mode": "managed",
      "type": "null_resource",
      "name": "build_lambda",
      "provider": "provider[\"registry.terraform.io/hashicorp/null\"]",
      "instances": [
        {
          "schema_version": 0,
          "attributes": {
            "id": "6386177371715794073",
            "triggers": {
              "build_platform": "manylinux2014_x86_64",
              "build_version": "8",
              "requirements": "28512e38a28d5536d02b2a18a6e72913",
              "source_hash": "db49143d8cc635b7fd47ca2e59813b30aaf788bb924c98131eab7499cad4734f"
            }
          },
          "sensitive_attributes": []
        }
      ]
    },
    {
      "module": "module.lambda_notifier",
      "mode": "data",
      "type": "archive_file",
      "name": "lambda",
      "provider": "provider[\"registry.terraform.io/hashicorp/archive\"]",
      "instances": [
        {
          "schema_version": 0,
          "attributes": {
            "exclude_symlink_directories": null,
            "excludes": null,
            "id": "1ea3dd474b509b64da44be17894e21e6b0b9e8ec",
            "output_base64sha256": "D0BxWTmHg/5L5gkqMkvMfWU9K4BmCH/hVM8h9Jb3aM4=",
            "output_base64sha512": "sb38IE5eRM4qPVe4maODeJpDszqzm6hPnZVfpRmfpqFILFOIgAjdszA4/pmlqWfmFRiPo3JR46b0D8rWVDCB8g==",
            "output_file_mode": null,
            "output_md5": "b786f32232d1f34848c357ffe94e3aec",
            "output_path": "modules/lambda/.builds/rag_lmbd_notifier-dev.zip",
            "output_sha": "1ea3dd474b509b64da44be17894e21e6b0b9e8ec",
            "output_sha256": "0f407159398783fe4be6092a324bcc7d653d2b8066087fe154cf21f496f768ce",
            "output_sha512": "b1bdfc204e5e44ce2a3d57b899a383789a43b33ab39ba84f9d955fa5199fa6a1482c53888008ddb33038fe99a5a967e615188fa37251e3a6f40fcad6543081f2",
            "output_size": 16789019,
            "source": [],
            "source_content": null,
            "source_content_filename": null,
            "source_dir": "modules/lambda/.builds/rag_lmbd_notifier-dev",
            "source_file": null,
            "type": "zip"
          },
          "sensitive_attributes": []
        }
      ]
    },
    {
      "module": "module.lambda_notifier",
      "mode": "data",
      "type": "aws_iam_policy_document",
      "name": "assume_role",
      "provider": "provider[\"registry.terraform.io/hashicorp/aws\"]",
      "instances": [
        {
          "schema_version": 0,
          "attributes": {
            "id": "2690255455",
            "json": "{\n  \"Version\": \"2012-10-17\",\n  \"Statement\": [\n    {\n      \"Effect\": \"Allow\",\n      \"Action\": \"sts:AssumeRole\",\n      \"Principal\": {\n        \"Service\": \"lambda.amazonaws.com\"\n      }\n    }\n  ]\n}",
            "minified_json": "{\"Version\":\"2012-10-17\",\"Statement\":[{\"Effect\":\"Allow\",\"Action\":\"sts:AssumeRole\",\"Principal\":{\"Service\":\"lambda.amazonaws.com\"}}]}",
            "override_json": null,
            "override_policy_documents": null,
            "policy_id": null,
            "source_json": null,
            "source_policy_documents": null,
            "statement": [
              {
                "actions": [
                  "sts:AssumeRole"
                ],
                "condition": [],
                "effect": "Allow",
                "not_actions": [],
                "not_principals": [],
                "not_resources": [],
                "principals": [
                  {
                    "identifiers": [
                      "lambda.amazonaws.com"
                    ],
                    "type": "Service"
                  }
                ],
                "resources": [],
                "sid": ""
              }
            ],
            "version": "2012-10-17"
          },
          "sensitive_attributes": []
        }
      ]
    },
    {
      "module": "module.lambda_notifier",
      "mode": "data",
      "type": "aws_iam_policy_document",
      "name": "custom",
      "provider": "provider[\"registry.terraform.io/hashicorp/aws\"]",
      "instances": [
        {
          "index_key": 0,
          "schema_version": 0,
          "attributes": {
            "id": "2586653606",
            "json": "{\n  \"Version\": \"2012-10-17\",\n  \"Statement\": [\n    {\n      \"Effect\": \"Allow\",\n      \"Action\": \"sns:Publish\",\n      \"Resource\": \"arn:aws:sns:us-east-1:913123310997:rag-pipeline-notifications-dev\"\n    }\n  ]\n}",
            "minified_json": "{\"Version\":\"2012-10-17\",\"Statement\":[{\"Effect\":\"Allow\",\"Action\":\"sns:Publish\",\"Resource\":\"arn:aws:sns:us-east-1:913123310997:rag-pipeline-notifications-dev\"}]}",
            "override_json": null,
            "override_policy_documents": null,
            "policy_id": null,
            "source_json": null,
            "source_policy_documents": null,
            "statement": [
              {
                "actions": [
                  "sns:Publish"
                ],
                "condition": [],
                "effect": "Allow",
                "not_actions": [],
                "not_principals": [],
                "not_resources": [],
                "principals": [],
                "resources": [
                  "arn:aws:sns:us-east-1:913123310997:rag-pipeline-notifications-dev"
                ],
                "sid": ""
              }
            ],
            "version": "2012-10-17"
          },
          "sensitive_attributes": []
        }
      ]
    },
    {
      "module": "module.lambda_notifier",
      "mode": "managed",
      "type": "aws_cloudwatch_log_group",
      "name": "lambda",
      "provider": "provider[\"registry.terraform.io/hashicorp/aws\"]",
      "instances": [
        {
          "schema_version": 0,
          "attributes": {
            "arn": "arn:aws:logs:us-east-1:913123310997:log-group:/aws/lambda/rag_lmbd_notifier-dev",
            "deletion_protection_enabled": false,
            "id": "/aws/lambda/rag_lmbd_notifier-dev",
            "kms_key_id": "",
            "log_group_class": "STANDARD",
            "name": "/aws/lambda/rag_lmbd_notifier-dev",
            "name_prefix": "",
            "region": "us-east-1",
            "retention_in_days": 14,
            "skip_destroy": false,
            "tags": {
              "Environment": "dev",
              "ManagedBy": "terraform",
              "Project": "rag-agents"
            },
            "tags_all": {
              "Environment": "dev",
              "ManagedBy": "terraform",
              "Project": "rag-agents"
            }
          },
          "sensitive_attributes": [],
          "private": "bnVsbA==",
          "dependencies": [
            "aws_sns_topic.rag_notifications",
            "module.lambda_notifier.aws_iam_role.lambda",
            "module.lambda_notifier.aws_iam_role_policy_attachment.lambda_basic",
            "module.lambda_notifier.aws_iam_role_policy_attachment.lambda_vpc",
            "module.lambda_notifier.aws_lambda_function.this",
            "module.lambda_notifier.aws_s3_object.lambda_package",
            "module.lambda_notifier.aws_security_group.lambda",
            "module.lambda_notifier.data.archive_file.lambda",
            "module.lambda_notifier.data.aws_iam_policy_document.assume_role",
            "module.lambda_notifier.null_resource.build_lambda"
          ]
        }
      ]
    },
    {
      "module": "module.lambda_notifier",
      "mode": "managed",
      "type": "aws_iam_role",
      "name": "lambda",
      "provider": "provider[\"registry.terraform.io/hashicorp/aws\"]",
      "instances": [
        {
          "schema_version": 0,
          "attributes": {
            "arn": "arn:aws:iam::913123310997:role/rag_lmbd_notifier-dev-role",
            "assume_role_policy": "{\"Statement\":[{\"Action\":\"sts:AssumeRole\",\"Effect\":\"Allow\",\"Principal\":{\"Service\":\"lambda.amazonaws.com\"}}],\"Version\":\"2012-10-17\"}",
            "create_date": "2026-03-10T14:47:49Z",
            "description": "",
            "force_detach_policies": false,
            "id": "rag_lmbd_notifier-dev-role",
            "inline_policy": [
              {
                "name": "rag_lmbd_notifier-dev-custom-policy",
                "policy": "{\"Version\":\"2012-10-17\",\"Statement\":[{\"Action\":\"sns:Publish\",\"Effect\":\"Allow\",\"Resource\":\"arn:aws:sns:us-east-1:913123310997:rag-pipeline-notifications-dev\"}]}"
              }
            ],
            "managed_policy_arns": [
              "arn:aws:iam::aws:policy/service-role/AWSLambdaBasicExecutionRole"
            ],
            "max_session_duration": 3600,
            "name": "rag_lmbd_notifier-dev-role",
            "name_prefix": "",
            "path": "/",
            "permissions_boundary": "",
            "tags": {
              "Environment": "dev",
              "ManagedBy": "terraform",
              "Project": "rag-agents"
            },
            "tags_all": {
              "Environment": "dev",
              "ManagedBy": "terraform",
              "Project": "rag-agents"
            },
            "unique_id": "AROA5JGTD7WKRQDNU4ZU3"
          },
          "sensitive_attributes": [],
          "private": "bnVsbA==",
          "dependencies": [
            "module.lambda_notifier.data.aws_iam_policy_document.assume_role"
          ]
        }
      ]
    },
    {
      "module": "module.lambda_notifier",
      "mode": "managed",
      "type": "aws_iam_role_policy",
      "name": "custom",
      "provider": "provider[\"registry.terraform.io/hashicorp/aws\"]",
      "instances": [
        {
          "index_key": 0,
          "schema_version": 0,
          "attributes": {
            "id": "rag_lmbd_notifier-dev-role:rag_lmbd_notifier-dev-custom-policy",
            "name": "rag_lmbd_notifier-dev-custom-policy",
            "name_prefix": "",
            "policy": "{\"Version\":\"2012-10-17\",\"Statement\":[{\"Action\":\"sns:Publish\",\"Effect\":\"Allow\",\"Resource\":\"arn:aws:sns:us-east-1:913123310997:rag-pipeline-notifications-dev\"}]}",
            "role": "rag_lmbd_notifier-dev-role"
          },
          "sensitive_attributes": [],
          "private": "bnVsbA==",
          "dependencies": [
            "aws_sns_topic.rag_notifications",
            "module.lambda_notifier.aws_iam_role.lambda",
            "module.lambda_notifier.data.aws_iam_policy_document.assume_role",
            "module.lambda_notifier.data.aws_iam_policy_document.custom"
          ]
        }
      ]
    },
    {
      "module": "module.lambda_notifier",
      "mode": "managed",
      "type": "aws_iam_role_policy_attachment",
      "name": "lambda_basic",
      "provider": "provider[\"registry.terraform.io/hashicorp/aws\"]",
      "instances": [
        {
          "schema_version": 0,
          "attributes": {
            "id": "rag_lmbd_notifier-dev-role/arn:aws:iam::aws:policy/service-role/AWSLambdaBasicExecutionRole",
            "policy_arn": "arn:aws:iam::aws:policy/service-role/AWSLambdaBasicExecutionRole",
            "role": "rag_lmbd_notifier-dev-role"
          },
          "sensitive_attributes": [],
          "private": "bnVsbA==",
          "dependencies": [
            "module.lambda_notifier.aws_iam_role.lambda",
            "module.lambda_notifier.data.aws_iam_policy_document.assume_role"
          ]
        }
      ]
    },
    {
      "module": "module.lambda_notifier",
      "mode": "managed",
      "type": "aws_lambda_function",
      "name": "this",
      "provider": "provider[\"registry.terraform.io/hashicorp/aws\"]",
      "instances": [
        {
          "schema_version": 0,
          "attributes": {
            "architectures": [
              "x86_64"
            ],
            "arn": "arn:aws:lambda:us-east-1:913123310997:function:rag_lmbd_notifier-dev",
            "capacity_provider_config": [],
            "code_sha256": "D0BxWTmHg/5L5gkqMkvMfWU9K4BmCH/hVM8h9Jb3aM4=",
            "code_signing_config_arn": "",
            "dead_letter_config": [],
            "description": "Sends pipeline notifications via SNS",
            "durable_config": [],
            "environment": [
              {
                "variables": {
                  "NOTIFICATION_EMAIL": "",
                  "SNS_TOPIC_ARN": "arn:aws:sns:us-east-1:913123310997:rag-pipeline-notifications-dev"
                }
              }
            ],
            "ephemeral_storage": [
              {
                "size": 512
              }
            ],
            "file_system_config": [],
            "filename": "modules/lambda/.builds/rag_lmbd_notifier-dev.zip",
            "function_name": "rag_lmbd_notifier-dev",
            "handler": "index.handler",
            "id": "rag_lmbd_notifier-dev",
            "image_config": [],
            "image_uri": "",
            "invoke_arn": "arn:aws:apigateway:us-east-1:lambda:path/2015-03-31/functions/arn:aws:lambda:us-east-1:913123310997:function:rag_lmbd_notifier-dev/invocations",
            "kms_key_arn": "",
            "last_modified": "2026-03-10T19:15:47.000+0000",
            "layers": [],
            "logging_config": [
              {
                "application_log_level": "",
                "log_format": "Text",
                "log_group": "/aws/lambda/rag_lmbd_notifier-dev",
                "system_log_level": ""
              }
            ],
            "memory_size": 256,
            "package_type": "Zip",
            "publish": false,
            "publish_to": null,
            "qualified_arn": "arn:aws:lambda:us-east-1:913123310997:function:rag_lmbd_notifier-dev:$LATEST",
            "qualified_invoke_arn": "arn:aws:apigateway:us-east-1:lambda:path/2015-03-31/functions/arn:aws:lambda:us-east-1:913123310997:function:rag_lmbd_notifier-dev:$LATEST/invocations",
            "region": "us-east-1",
            "replace_security_groups_on_destroy": null,
            "replacement_security_group_ids": null,
            "reserved_concurrent_executions": -1,
            "response_streaming_invoke_arn": "arn:aws:apigateway:us-east-1:lambda:path/2021-11-15/functions/arn:aws:lambda:us-east-1:913123310997:function:rag_lmbd_notifier-dev/response-streaming-invocations",
            "role": "arn:aws:iam::913123310997:role/rag_lmbd_notifier-dev-role",
            "runtime": "python3.12",
            "s3_bucket": null,
            "s3_key": null,
            "s3_object_version": null,
            "signing_job_arn": "",
            "signing_profile_version_arn": "",
            "skip_destroy": false,
            "snap_start": [],
            "source_code_hash": "D0BxWTmHg/5L5gkqMkvMfWU9K4BmCH/hVM8h9Jb3aM4=",
            "source_code_size": 16789019,
            "source_kms_key_arn": "",
            "tags": {
              "Environment": "dev",
              "ManagedBy": "terraform",
              "Project": "rag-agents"
            },
            "tags_all": {
              "Environment": "dev",
              "ManagedBy": "terraform",
              "Project": "rag-agents"
            },
            "tenancy_config": [],
            "timeout": 60,
            "timeouts": null,
            "tracing_config": [
              {
                "mode": "PassThrough"
              }
            ],
            "version": "$LATEST",
            "vpc_config": []
          },
          "sensitive_attributes": [],
          "private": "eyJlMmJmYjczMC1lY2FhLTExZTYtOGY4OC0zNDM2M2JjN2M0YzAiOnsiY3JlYXRlIjo2MDAwMDAwMDAwMDAsImRlbGV0ZSI6NjAwMDAwMDAwMDAwLCJ1cGRhdGUiOjYwMDAwMDAwMDAwMH19",
          "dependencies": [
            "aws_sns_topic.rag_notifications",
            "module.lambda_notifier.aws_iam_role.lambda",
            "module.lambda_notifier.aws_iam_role_policy_attachment.lambda_basic",
            "module.lambda_notifier.aws_iam_role_policy_attachment.lambda_vpc",
            "module.lambda_notifier.aws_s3_object.lambda_package",
            "module.lambda_notifier.aws_security_group.lambda",
            "module.lambda_notifier.data.archive_file.lambda",
            "module.lambda_notifier.data.aws_iam_policy_document.assume_role",
            "module.lambda_notifier.null_resource.build_lambda"
          ]
        }
      ]
    },
    {
      "module": "module.lambda_notifier",
      "mode": "managed",
      "type": "null_resource",
      "name": "build_lambda",
      "provider": "provider[\"registry.terraform.io/hashicorp/null\"]",
      "instances": [
        {
          "schema_version": 0,
          "attributes": {
            "id": "1877043990090303291",
            "triggers": {
              "build_platform": "manylinux2014_x86_64",
              "build_version": "8",
              "requirements": "12dcc88f4e340c8275400b999091f30a",
              "source_hash": "3ecbc306137ebc51b2f90ae75862978a44b15b11026be3a0b0282ba894c1e6cc"
            }
          },
          "sensitive_attributes": []
        }
      ]
    },
    {
      "module": "module.lambda_parser",
      "mode": "data",
      "type": "archive_file",
      "name": "lambda",
      "provider": "provider[\"registry.terraform.io/hashicorp/archive\"]",
      "instances": [
        {
          "schema_version": 0,
          "attributes": {
            "exclude_symlink_directories": null,
            "excludes": null,
            "id": "0fc52371f359c644e39120678e14882f15642283",
            "output_base64sha256": "SVoPna+eoTbx4KFHPn453/e68pF9SOIY9VzC/xgrc50=",
            "output_base64sha512": "84ktztcxavVRafM3Yig09ZImLxTFEcqOQQSMUCaa4u/hoEvd9hRCk0A7D08yZvLTFBNKMaqA9oR6BTuOgGg+0A==",
            "output_file_mode": null,
            "output_md5": "1807fc174794434e7d8aa9a877dc4941",
            "output_path": "modules/lambda/.builds/rag_lmbd_parser-dev.zip",
            "output_sha": "0fc52371f359c644e39120678e14882f15642283",
            "output_sha256": "495a0f9daf9ea136f1e0a1473e7e39dff7baf2917d48e218f55cc2ff182b739d",
            "output_sha512": "f3892dced7316af55169f337622834f592262f14c511ca8e41048c50269ae2efe1a04bddf6144293403b0f4f3266f2d314134a31aa80f6847a053b8e80683ed0",
            "output_size": 601583,
            "source": [],
            "source_content": null,
            "source_content_filename": null,
            "source_dir": "modules/lambda/.builds/rag_lmbd_parser-dev",
            "source_file": null,
            "type": "zip"
          },
          "sensitive_attributes": []
        }
      ]
    },
    {
      "module": "module.lambda_parser",
      "mode": "data",
      "type": "aws_iam_policy_document",
      "name": "assume_role",
      "provider": "provider[\"registry.terraform.io/hashicorp/aws\"]",
      "instances": [
        {
          "schema_version": 0,
          "attributes": {
            "id": "2690255455",
            "json": "{\n  \"Version\": \"2012-10-17\",\n  \"Statement\": [\n    {\n      \"Effect\": \"Allow\",\n      \"Action\": \"sts:AssumeRole\",\n      \"Principal\": {\n        \"Service\": \"lambda.amazonaws.com\"\n      }\n    }\n  ]\n}",
            "minified_json": "{\"Version\":\"2012-10-17\",\"Statement\":[{\"Effect\":\"Allow\",\"Action\":\"sts:AssumeRole\",\"Principal\":{\"Service\":\"lambda.amazonaws.com\"}}]}",
            "override_json": null,
            "override_policy_documents": null,
            "policy_id": null,
            "source_json": null,
            "source_policy_documents": null,
            "statement": [
              {
                "actions": [
                  "sts:AssumeRole"
                ],
                "condition": [],
                "effect": "Allow",
                "not_actions": [],
                "not_principals": [],
                "not_resources": [],
                "principals": [
                  {
                    "identifiers": [
                      "lambda.amazonaws.com"
                    ],
                    "type": "Service"
                  }
                ],
                "resources": [],
                "sid": ""
              }
            ],
            "version": "2012-10-17"
          },
          "sensitive_attributes": []
        }
      ]
    },
    {
      "module": "module.lambda_parser",
      "mode": "managed",
      "type": "aws_cloudwatch_log_group",
      "name": "lambda",
      "provider": "provider[\"registry.terraform.io/hashicorp/aws\"]",
      "instances": [
        {
          "schema_version": 0,
          "attributes": {
            "arn": "arn:aws:logs:us-east-1:913123310997:log-group:/aws/lambda/rag_lmbd_parser-dev",
            "deletion_protection_enabled": false,
            "id": "/aws/lambda/rag_lmbd_parser-dev",
            "kms_key_id": "",
            "log_group_class": "STANDARD",
            "name": "/aws/lambda/rag_lmbd_parser-dev",
            "name_prefix": "",
            "region": "us-east-1",
            "retention_in_days": 14,
            "skip_destroy": false,
            "tags": {
              "Environment": "dev",
              "ManagedBy": "terraform",
              "Project": "rag-agents"
            },
            "tags_all": {
              "Environment": "dev",
              "ManagedBy": "terraform",
              "Project": "rag-agents"
            }
          },
          "sensitive_attributes": [],
          "private": "bnVsbA==",
          "dependencies": [
            "module.lambda_parser.aws_iam_role.lambda",
            "module.lambda_parser.aws_iam_role_policy_attachment.lambda_basic",
            "module.lambda_parser.aws_iam_role_policy_attachment.lambda_vpc",
            "module.lambda_parser.aws_lambda_function.this",
            "module.lambda_parser.aws_s3_object.lambda_package",
            "module.lambda_parser.aws_security_group.lambda",
            "module.lambda_parser.data.archive_file.lambda",
            "module.lambda_parser.data.aws_iam_policy_document.assume_role",
            "module.lambda_parser.null_resource.build_lambda"
          ]
        }
      ]
    },
    {
      "module": "module.lambda_parser",
      "mode": "managed",
      "type": "aws_iam_role",
      "name": "lambda",
      "provider": "provider[\"registry.terraform.io/hashicorp/aws\"]",
      "instances": [
        {
          "schema_version": 0,
          "attributes": {
            "arn": "arn:aws:iam::913123310997:role/rag_lmbd_parser-dev-role",
            "assume_role_policy": "{\"Statement\":[{\"Action\":\"sts:AssumeRole\",\"Effect\":\"Allow\",\"Principal\":{\"Service\":\"lambda.amazonaws.com\"}}],\"Version\":\"2012-10-17\"}",
            "create_date": "2026-03-10T14:47:48Z",
            "description": "",
            "force_detach_policies": false,
            "id": "rag_lmbd_parser-dev-role",
            "inline_policy": [],
            "managed_policy_arns": [
              "arn:aws:iam::aws:policy/service-role/AWSLambdaBasicExecutionRole"
            ],
            "max_session_duration": 3600,
            "name": "rag_lmbd_parser-dev-role",
            "name_prefix": "",
            "path": "/",
            "permissions_boundary": "",
            "tags": {
              "Environment": "dev",
              "ManagedBy": "terraform",
              "Project": "rag-agents"
            },
            "tags_all": {
              "Environment": "dev",
              "ManagedBy": "terraform",
              "Project": "rag-agents"
            },
            "unique_id": "AROA5JGTD7WK7VOVNLTRY"
          },
          "sensitive_attributes": [],
          "private": "bnVsbA==",
          "dependencies": [
            "module.lambda_parser.data.aws_iam_policy_document.assume_role"
          ]
        }
      ]
    },
    {
      "module": "module.lambda_parser",
      "mode": "managed",
      "type": "aws_iam_role_policy_attachment",
      "name": "lambda_basic",
      "provider": "provider[\"registry.terraform.io/hashicorp/aws\"]",
      "instances": [
        {
          "schema_version": 0,
          "attributes": {
            "id": "rag_lmbd_parser-dev-role/arn:aws:iam::aws:policy/service-role/AWSLambdaBasicExecutionRole",
            "policy_arn": "arn:aws:iam::aws:policy/service-role/AWSLambdaBasicExecutionRole",
            "role": "rag_lmbd_parser-dev-role"
          },
          "sensitive_attributes": [],
          "private": "bnVsbA==",
          "dependencies": [
            "module.lambda_parser.aws_iam_role.lambda",
            "module.lambda_parser.data.aws_iam_policy_document.assume_role"
          ]
        }
      ]
    },
    {
      "module": "module.lambda_parser",
      "mode": "managed",
      "type": "aws_lambda_function",
      "name": "this",
      "provider": "provider[\"registry.terraform.io/hashicorp/aws\"]",
      "instances": [
        {
          "schema_version": 0,
          "attributes": {
            "architectures": [
              "x86_64"
            ],
            "arn": "arn:aws:lambda:us-east-1:913123310997:function:rag_lmbd_parser-dev",
            "capacity_provider_config": [],
            "code_sha256": "SVoPna+eoTbx4KFHPn453/e68pF9SOIY9VzC/xgrc50=",
            "code_signing_config_arn": "",
            "dead_letter_config": [],
            "description": "Extracts PDF links from HTML content",
            "durable_config": [],
            "environment": [],
            "ephemeral_storage": [
              {
                "size": 512
              }
            ],
            "file_system_config": [],
            "filename": "modules/lambda/.builds/rag_lmbd_parser-dev.zip",
            "function_name": "rag_lmbd_parser-dev",
            "handler": "index.handler",
            "id": "rag_lmbd_parser-dev",
            "image_config": [],
            "image_uri": "",
            "invoke_arn": "arn:aws:apigateway:us-east-1:lambda:path/2015-03-31/functions/arn:aws:lambda:us-east-1:913123310997:function:rag_lmbd_parser-dev/invocations",
            "kms_key_arn": "",
            "last_modified": "2026-03-10T20:03:04.000+0000",
            "layers": [],
            "logging_config": [
              {
                "application_log_level": "",
                "log_format": "Text",
                "log_group": "/aws/lambda/rag_lmbd_parser-dev",
                "system_log_level": ""
              }
            ],
            "memory_size": 256,
            "package_type": "Zip",
            "publish": false,
            "publish_to": null,
            "qualified_arn": "arn:aws:lambda:us-east-1:913123310997:function:rag_lmbd_parser-dev:$LATEST",
            "qualified_invoke_arn": "arn:aws:apigateway:us-east-1:lambda:path/2015-03-31/functions/arn:aws:lambda:us-east-1:913123310997:function:rag_lmbd_parser-dev:$LATEST/invocations",
            "region": "us-east-1",
            "replace_security_groups_on_destroy": null,
            "replacement_security_group_ids": null,
            "reserved_concurrent_executions": -1,
            "response_streaming_invoke_arn": "arn:aws:apigateway:us-east-1:lambda:path/2021-11-15/functions/arn:aws:lambda:us-east-1:913123310997:function:rag_lmbd_parser-dev/response-streaming-invocations",
            "role": "arn:aws:iam::913123310997:role/rag_lmbd_parser-dev-role",
            "runtime": "python3.12",
            "s3_bucket": null,
            "s3_key": null,
            "s3_object_version": null,
            "signing_job_arn": "",
            "signing_profile_version_arn": "",
            "skip_destroy": false,
            "snap_start": [],
            "source_code_hash": "SVoPna+eoTbx4KFHPn453/e68pF9SOIY9VzC/xgrc50=",
            "source_code_size": 601583,
            "source_kms_key_arn": "",
            "tags": {
              "Environment": "dev",
              "ManagedBy": "terraform",
              "Project": "rag-agents"
            },
            "tags_all": {
              "Environment": "dev",
              "ManagedBy": "terraform",
              "Project": "rag-agents"
            },
            "tenancy_config": [],
            "timeout": 60,
            "timeouts": null,
            "tracing_config": [
              {
                "mode": "PassThrough"
              }
            ],
            "version": "$LATEST",
            "vpc_config": []
          },
          "sensitive_attributes": [],
          "private": "eyJlMmJmYjczMC1lY2FhLTExZTYtOGY4OC0zNDM2M2JjN2M0YzAiOnsiY3JlYXRlIjo2MDAwMDAwMDAwMDAsImRlbGV0ZSI6NjAwMDAwMDAwMDAwLCJ1cGRhdGUiOjYwMDAwMDAwMDAwMH19",
          "dependencies": [
            "module.lambda_parser.aws_iam_role.lambda",
            "module.lambda_parser.aws_iam_role_policy_attachment.lambda_basic",
            "module.lambda_parser.aws_iam_role_policy_attachment.lambda_vpc",
            "module.lambda_parser.aws_s3_object.lambda_package",
            "module.lambda_parser.aws_security_group.lambda",
            "module.lambda_parser.data.archive_file.lambda",
            "module.lambda_parser.null_resource.build_lambda"
          ]
        }
      ]
    },
    {
      "module": "module.lambda_parser",
      "mode": "managed",
      "type": "null_resource",
      "name": "build_lambda",
      "provider": "provider[\"registry.terraform.io/hashicorp/null\"]",
      "instances": [
        {
          "schema_version": 0,
          "attributes": {
            "id": "3632084684091762678",
            "triggers": {
              "build_platform": "manylinux2014_x86_64",
              "build_version": "8",
              "requirements": "422eea3d2a6172e33ba2ff205a9464bd",
              "source_hash": "42edb24cebcb50a0006521aa9de070400a67e0fd77562d257632e1f3b8013eae"
            }
          },
          "sensitive_attributes": []
        }
      ]
    },
    {
      "module": "module.lambda_query",
      "mode": "data",
      "type": "archive_file",
      "name": "lambda",
      "provider": "provider[\"registry.terraform.io/hashicorp/archive\"]",
      "instances": [
        {
          "schema_version": 0,
          "attributes": {
            "exclude_symlink_directories": null,
            "excludes": null,
            "id": "85651cf25577e86775f8861212af71430bf5a734",
            "output_base64sha256": "3bj6sD1zVZtt+jqoD184Iq7McPlRr1gylODsxBp2nRs=",
            "output_base64sha512": "v+NigGcBmU+wogAmrwrKbGuTbLeQii05fuqkx7opQCftPpI5mPupfyNzjBie6ECalWy1zpkPOBbzJE9/2cJO1A==",
            "output_file_mode": null,
            "output_md5": "613edb940748d0abc352f83d54257798",
            "output_path": "modules/lambda/.builds/rag_lmbd_query-dev.zip",
            "output_sha": "85651cf25577e86775f8861212af71430bf5a734",
            "output_sha256": "ddb8fab03d73559b6dfa3aa80f5f3822aecc70f951af583294e0ecc41a769d1b",
            "output_sha512": "bfe362806701994fb0a20026af0aca6c6b936cb7908a2d397eeaa4c7ba294027ed3e923998fba97f23738c189ee8409a956cb5ce990f3816f3244f7fd9c24ed4",
            "output_size": 42267346,
            "source": [],
            "source_content": null,
            "source_content_filename": null,
            "source_dir": "modules/lambda/.builds/rag_lmbd_query-dev",
            "source_file": null,
            "type": "zip"
          },
          "sensitive_attributes": []
        }
      ]
    },
    {
      "module": "module.lambda_query",
      "mode": "data",
      "type": "aws_iam_policy_document",
      "name": "assume_role",
      "provider": "provider[\"registry.terraform.io/hashicorp/aws\"]",
      "instances": [
        {
          "schema_version": 0,
          "attributes": {
            "id": "2690255455",
            "json": "{\n  \"Version\": \"2012-10-17\",\n  \"Statement\": [\n    {\n      \"Effect\": \"Allow\",\n      \"Action\": \"sts:AssumeRole\",\n      \"Principal\": {\n        \"Service\": \"lambda.amazonaws.com\"\n      }\n    }\n  ]\n}",
            "minified_json": "{\"Version\":\"2012-10-17\",\"Statement\":[{\"Effect\":\"Allow\",\"Action\":\"sts:AssumeRole\",\"Principal\":{\"Service\":\"lambda.amazonaws.com\"}}]}",
            "override_json": null,
            "override_policy_documents": null,
            "policy_id": null,
            "source_json": null,
            "source_policy_documents": null,
            "statement": [
              {
                "actions": [
                  "sts:AssumeRole"
                ],
                "condition": [],
                "effect": "Allow",
                "not_actions": [],
                "not_principals": [],
                "not_resources": [],
                "principals": [
                  {
                    "identifiers": [
                      "lambda.amazonaws.com"
                    ],
                    "type": "Service"
                  }
                ],
                "resources": [],
                "sid": ""
              }
            ],
            "version": "2012-10-17"
          },
          "sensitive_attributes": []
        }
      ]
    },
    {
      "module": "module.lambda_query",
      "mode": "data",
      "type": "aws_iam_policy_document",
      "name": "custom",
      "provider": "provider[\"registry.terraform.io/hashicorp/aws\"]",
      "instances": [
        {
          "index_key": 0,
          "schema_version": 0,
          "attributes": {
            "id": "1637452915",
            "json": "{\n  \"Version\": \"2012-10-17\",\n  \"Statement\": [\n    {\n      \"Effect\": \"Allow\",\n      \"Action\": \"bedrock:InvokeModel\",\n      \"Resource\": \"arn:aws:bedrock:us-east-1::foundation-model/*\"\n    }\n  ]\n}",
            "minified_json": "{\"Version\":\"2012-10-17\",\"Statement\":[{\"Effect\":\"Allow\",\"Action\":\"bedrock:InvokeModel\",\"Resource\":\"arn:aws:bedrock:us-east-1::foundation-model/*\"}]}",
            "override_json": null,
            "override_policy_documents": null,
            "policy_id": null,
            "source_json": null,
            "source_policy_documents": null,
            "statement": [
              {
                "actions": [
                  "bedrock:InvokeModel"
                ],
                "condition": [],
                "effect": "Allow",
                "not_actions": [],
                "not_principals": [],
                "not_resources": [],
                "principals": [],
                "resources": [
                  "arn:aws:bedrock:us-east-1::foundation-model/*"
                ],
                "sid": ""
              }
            ],
            "version": "2012-10-17"
          },
          "sensitive_attributes": []
        }
      ]
    },
    {
      "module": "module.lambda_query",
      "mode": "managed",
      "type": "aws_cloudwatch_log_group",
      "name": "lambda",
      "provider": "provider[\"registry.terraform.io/hashicorp/aws\"]",
      "instances": [
        {
          "schema_version": 0,
          "attributes": {
            "arn": "arn:aws:logs:us-east-1:913123310997:log-group:/aws/lambda/rag_lmbd_query-dev",
            "deletion_protection_enabled": false,
            "id": "/aws/lambda/rag_lmbd_query-dev",
            "kms_key_id": "",
            "log_group_class": "STANDARD",
            "name": "/aws/lambda/rag_lmbd_query-dev",
            "name_prefix": "",
            "region": "us-east-1",
            "retention_in_days": 14,
            "skip_destroy": false,
            "tags": {
              "Environment": "dev",
              "ManagedBy": "terraform",
              "Project": "rag-agents"
            },
            "tags_all": {
              "Environment": "dev",
              "ManagedBy": "terraform",
              "Project": "rag-agents"
            }
          },
          "sensitive_attributes": [],
          "private": "bnVsbA==",
          "dependencies": [
            "data.aws_caller_identity.current",
            "module.aurora.aws_db_subnet_group.this",
            "module.aurora.aws_rds_cluster.this",
            "module.aurora.aws_security_group.this",
            "module.lambda_query.aws_iam_role.lambda",
            "module.lambda_query.aws_iam_role_policy_attachment.lambda_basic",
            "module.lambda_query.aws_iam_role_policy_attachment.lambda_vpc",
            "module.lambda_query.aws_lambda_function.this",
            "module.lambda_query.aws_s3_object.lambda_package",
            "module.lambda_query.aws_security_group.lambda",
            "module.lambda_query.data.archive_file.lambda",
            "module.lambda_query.data.aws_iam_policy_document.assume_role",
            "module.lambda_query.null_resource.build_lambda",
            "module.s3_documents.aws_s3_bucket.documents"
          ]
        }
      ]
    },
    {
      "module": "module.lambda_query",
      "mode": "managed",
      "type": "aws_iam_role",
      "name": "lambda",
      "provider": "provider[\"registry.terraform.io/hashicorp/aws\"]",
      "instances": [
        {
          "schema_version": 0,
          "attributes": {
            "arn": "arn:aws:iam::913123310997:role/rag_lmbd_query-dev-role",
            "assume_role_policy": "{\"Statement\":[{\"Action\":\"sts:AssumeRole\",\"Effect\":\"Allow\",\"Principal\":{\"Service\":\"lambda.amazonaws.com\"}}],\"Version\":\"2012-10-17\"}",
            "create_date": "2026-01-28T20:09:13Z",
            "description": "",
            "force_detach_policies": false,
            "id": "rag_lmbd_query-dev-role",
            "inline_policy": [
              {
                "name": "rag_lmbd_query-dev-custom-policy",
                "policy": "{\"Version\":\"2012-10-17\",\"Statement\":[{\"Action\":\"bedrock:InvokeModel\",\"Effect\":\"Allow\",\"Resource\":\"arn:aws:bedrock:us-east-1::foundation-model/*\"}]}"
              },
              {
                "name": "rag_lmbd_query-dev-s3-deployment-policy",
                "policy": "{\"Version\":\"2012-10-17\",\"Statement\":[{\"Action\":[\"s3:GetObject\"],\"Effect\":\"Allow\",\"Resource\":[\"arn:aws:s3:::rag-documents-dev-913123310997/lambda-packages/rag_lmbd_query-dev/*\"]}]}"
              }
            ],
            "managed_policy_arns": [
              "arn:aws:iam::aws:policy/service-role/AWSLambdaBasicExecutionRole",
              "arn:aws:iam::aws:policy/service-role/AWSLambdaVPCAccessExecutionRole"
            ],
            "max_session_duration": 3600,
            "name": "rag_lmbd_query-dev-role",
            "name_prefix": "",
            "path": "/",
            "permissions_boundary": "",
            "tags": {
              "Environment": "dev",
              "ManagedBy": "terraform",
              "Project": "rag-agents"
            },
            "tags_all": {
              "Environment": "dev",
              "ManagedBy": "terraform",
              "Project": "rag-agents"
            },
            "unique_id": "AROA5JGTD7WKRMZKOKCAT"
          },
          "sensitive_attributes": [],
          "private": "bnVsbA==",
          "dependencies": [
            "module.lambda_query.data.aws_iam_policy_document.assume_role"
          ],
          "create_before_destroy": true
        }
      ]
    },
    {
      "module": "module.lambda_query",
      "mode": "managed",
      "type": "aws_iam_role_policy",
      "name": "custom",
      "provider": "provider[\"registry.terraform.io/hashicorp/aws\"]",
      "instances": [
        {
          "index_key": 0,
          "schema_version": 0,
          "attributes": {
            "id": "rag_lmbd_query-dev-role:rag_lmbd_query-dev-custom-policy",
            "name": "rag_lmbd_query-dev-custom-policy",
            "name_prefix": "",
            "policy": "{\"Version\":\"2012-10-17\",\"Statement\":[{\"Action\":\"bedrock:InvokeModel\",\"Effect\":\"Allow\",\"Resource\":\"arn:aws:bedrock:us-east-1::foundation-model/*\"}]}",
            "role": "rag_lmbd_query-dev-role"
          },
          "sensitive_attributes": [],
          "private": "bnVsbA==",
          "dependencies": [
            "module.lambda_query.aws_iam_role.lambda",
            "module.lambda_query.data.aws_iam_policy_document.assume_role",
            "module.lambda_query.data.aws_iam_policy_document.custom"
          ]
        }
      ]
    },
    {
      "module": "module.lambda_query",
      "mode": "managed",
      "type": "aws_iam_role_policy",
      "name": "s3_deployment",
      "provider": "provider[\"registry.terraform.io/hashicorp/aws\"]",
      "instances": [
        {
          "index_key": 0,
          "schema_version": 0,
          "attributes": {
            "id": "rag_lmbd_query-dev-role:rag_lmbd_query-dev-s3-deployment-policy",
            "name": "rag_lmbd_query-dev-s3-deployment-policy",
            "name_prefix": "",
            "policy": "{\"Version\":\"2012-10-17\",\"Statement\":[{\"Action\":[\"s3:GetObject\"],\"Effect\":\"Allow\",\"Resource\":[\"arn:aws:s3:::rag-documents-dev-913123310997/lambda-packages/rag_lmbd_query-dev/*\"]}]}",
            "role": "rag_lmbd_query-dev-role"
          },
          "sensitive_attributes": [],
          "private": "bnVsbA==",
          "dependencies": [
            "data.aws_caller_identity.current",
            "module.lambda_query.aws_iam_role.lambda",
            "module.lambda_query.data.aws_iam_policy_document.assume_role",
            "module.s3_documents.aws_s3_bucket.documents"
          ]
        }
      ]
    },
    {
      "module": "module.lambda_query",
      "mode": "managed",
      "type": "aws_iam_role_policy_attachment",
      "name": "lambda_basic",
      "provider": "provider[\"registry.terraform.io/hashicorp/aws\"]",
      "instances": [
        {
          "schema_version": 0,
          "attributes": {
            "id": "rag_lmbd_query-dev-role/arn:aws:iam::aws:policy/service-role/AWSLambdaBasicExecutionRole",
            "policy_arn": "arn:aws:iam::aws:policy/service-role/AWSLambdaBasicExecutionRole",
            "role": "rag_lmbd_query-dev-role"
          },
          "sensitive_attributes": [],
          "private": "bnVsbA==",
          "dependencies": [
            "module.lambda_query.aws_iam_role.lambda",
            "module.lambda_query.data.aws_iam_policy_document.assume_role"
          ],
          "create_before_destroy": true
        }
      ]
    },
    {
      "module": "module.lambda_query",
      "mode": "managed",
      "type": "aws_iam_role_policy_attachment",
      "name": "lambda_vpc",
      "provider": "provider[\"registry.terraform.io/hashicorp/aws\"]",
      "instances": [
        {
          "index_key": 0,
          "schema_version": 0,
          "attributes": {
            "id": "rag_lmbd_query-dev-role/arn:aws:iam::aws:policy/service-role/AWSLambdaVPCAccessExecutionRole",
            "policy_arn": "arn:aws:iam::aws:policy/service-role/AWSLambdaVPCAccessExecutionRole",
            "role": "rag_lmbd_query-dev-role"
          },
          "sensitive_attributes": [],
          "private": "bnVsbA==",
          "dependencies": [
            "module.lambda_query.aws_iam_role.lambda",
            "module.lambda_query.data.aws_iam_policy_document.assume_role"
          ],
          "create_before_destroy": true
        }
      ]
    },
    {
      "module": "module.lambda_query",
      "mode": "managed",
      "type": "aws_lambda_function",
      "name": "this",
      "provider": "provider[\"registry.terraform.io/hashicorp/aws\"]",
      "instances": [
        {
          "schema_version": 0,
          "attributes": {
            "architectures": [
              "x86_64"
            ],
            "arn": "arn:aws:lambda:us-east-1:913123310997:function:rag_lmbd_query-dev",
            "capacity_provider_config": [],
            "code_sha256": "3bj6sD1zVZtt+jqoD184Iq7McPlRr1gylODsxBp2nRs=",
            "code_signing_config_arn": "",
            "dead_letter_config": [],
            "description": "Performs semantic search and generates LLM responses",
            "durable_config": [],
            "environment": [
              {
                "variables": {
                  "DB_HOST": "aurora-pg-dev.cluster-ch7yo6tzxi4l.us-east-1.rds.amazonaws.com",
                  "DB_NAME": "postgres",
                  "DB_PASSWORD": "DevPassword123!",
                  "DB_PORT": "5432",
                  "DB_USER": "dev_master",
                  "EMBEDDINGS_MODEL": "cohere.embed-v4:0",
                  "FALLBACK_LLM_MODEL": "openai.gpt-oss-20b-1:0",
                  "MAIN_LLM_MODEL": "openai.gpt-oss-120b-1:0",
                  "MAX_EMBED_TEXT_LENGTH": "20000",
                  "OUTPUT_TOKENS": "2048"
                }
              }
            ],
            "ephemeral_storage": [
              {
                "size": 512
              }
            ],
            "file_system_config": [],
            "filename": "",
            "function_name": "rag_lmbd_query-dev",
            "handler": "index.handler",
            "id": "rag_lmbd_query-dev",
            "image_config": [],
            "image_uri": "",
            "invoke_arn": "arn:aws:apigateway:us-east-1:lambda:path/2015-03-31/functions/arn:aws:lambda:us-east-1:913123310997:function:rag_lmbd_query-dev/invocations",
            "kms_key_arn": "",
            "last_modified": "2026-03-05T21:27:10.000+0000",
            "layers": [],
            "logging_config": [
              {
                "application_log_level": "",
                "log_format": "Text",
                "log_group": "/aws/lambda/rag_lmbd_query-dev",
                "system_log_level": ""
              }
            ],
            "memory_size": 512,
            "package_type": "Zip",
            "publish": false,
            "publish_to": null,
            "qualified_arn": "arn:aws:lambda:us-east-1:913123310997:function:rag_lmbd_query-dev:$LATEST",
            "qualified_invoke_arn": "arn:aws:apigateway:us-east-1:lambda:path/2015-03-31/functions/arn:aws:lambda:us-east-1:913123310997:function:rag_lmbd_query-dev:$LATEST/invocations",
            "region": "us-east-1",
            "replace_security_groups_on_destroy": null,
            "replacement_security_group_ids": null,
            "reserved_concurrent_executions": -1,
            "response_streaming_invoke_arn": "arn:aws:apigateway:us-east-1:lambda:path/2021-11-15/functions/arn:aws:lambda:us-east-1:913123310997:function:rag_lmbd_query-dev/response-streaming-invocations",
            "role": "arn:aws:iam::913123310997:role/rag_lmbd_query-dev-role",
            "runtime": "python3.12",
            "s3_bucket": "rag-documents-dev-913123310997",
            "s3_key": "lambda-packages/rag_lmbd_query-dev/3bj6sD1zVZtt+jqoD184Iq7McPlRr1gylODsxBp2nRs=.zip",
            "s3_object_version": null,
            "signing_job_arn": "",
            "signing_profile_version_arn": "",
            "skip_destroy": false,
            "snap_start": [],
            "source_code_hash": "3bj6sD1zVZtt+jqoD184Iq7McPlRr1gylODsxBp2nRs=",
            "source_code_size": 42267346,
            "source_kms_key_arn": "",
            "tags": {
              "Environment": "dev",
              "ManagedBy": "terraform",
              "Project": "rag-agents"
            },
            "tags_all": {
              "Environment": "dev",
              "ManagedBy": "terraform",
              "Project": "rag-agents"
            },
            "tenancy_config": [],
            "timeout": 120,
            "timeouts": null,
            "tracing_config": [
              {
                "mode": "PassThrough"
              }
            ],
            "version": "$LATEST",
            "vpc_config": [
              {
                "ipv6_allowed_for_dual_stack": false,
                "security_group_ids": [
                  "sg-02ea4f89d2b3ef1d9"
                ],
                "subnet_ids": [
                  "subnet-0254c9d900c8b2fdc",
                  "subnet-04cc462043523dcb9"
                ],
                "vpc_id": "vpc-0220b63692086a550"
              }
            ]
          },
          "sensitive_attributes": [],
          "private": "eyJlMmJmYjczMC1lY2FhLTExZTYtOGY4OC0zNDM2M2JjN2M0YzAiOnsiY3JlYXRlIjo2MDAwMDAwMDAwMDAsImRlbGV0ZSI6NjAwMDAwMDAwMDAwLCJ1cGRhdGUiOjYwMDAwMDAwMDAwMH19",
          "dependencies": [
            "data.aws_caller_identity.current",
            "module.aurora.aws_db_subnet_group.this",
            "module.aurora.aws_rds_cluster.this",
            "module.aurora.aws_security_group.this",
            "module.lambda_query.aws_iam_role.lambda",
            "module.lambda_query.aws_iam_role_policy_attachment.lambda_basic",
            "module.lambda_query.aws_iam_role_policy_attachment.lambda_vpc",
            "module.lambda_query.aws_s3_object.lambda_package",
            "module.lambda_query.aws_security_group.lambda",
            "module.lambda_query.data.archive_file.lambda",
            "module.lambda_query.data.aws_iam_policy_document.assume_role",
            "module.lambda_query.null_resource.build_lambda",
            "module.s3_documents.aws_s3_bucket.documents"
          ],
          "create_before_destroy": true
        }
      ]
    },
    {
      "module": "module.lambda_query",
      "mode": "managed",
      "type": "aws_s3_object",
      "name": "lambda_package",
      "provider": "provider[\"registry.terraform.io/hashicorp/aws\"]",
      "instances": [
        {
          "index_key": 0,
          "schema_version": 0,
          "attributes": {
            "acl": null,
            "arn": "arn:aws:s3:::rag-documents-dev-913123310997/lambda-packages/rag_lmbd_query-dev/3bj6sD1zVZtt+jqoD184Iq7McPlRr1gylODsxBp2nRs=.zip",
            "bucket": "rag-documents-dev-913123310997",
            "bucket_key_enabled": false,
            "cache_control": "",
            "checksum_algorithm": null,
            "checksum_crc32": "",
            "checksum_crc32c": "",
            "checksum_crc64nvme": "",
            "checksum_sha1": "",
            "checksum_sha256": "",
            "content": null,
            "content_base64": null,
            "content_disposition": "",
            "content_encoding": "",
            "content_language": "",
            "content_type": "binary/octet-stream",
            "etag": "5ed99665c884c109edc7ea34832b9bf8-9",
            "force_destroy": false,
            "id": "rag-documents-dev-913123310997/lambda-packages/rag_lmbd_query-dev/3bj6sD1zVZtt+jqoD184Iq7McPlRr1gylODsxBp2nRs=.zip",
            "key": "lambda-packages/rag_lmbd_query-dev/3bj6sD1zVZtt+jqoD184Iq7McPlRr1gylODsxBp2nRs=.zip",
            "kms_key_id": null,
            "metadata": {},
            "object_lock_legal_hold_status": "",
            "object_lock_mode": "",
            "object_lock_retain_until_date": "",
            "override_provider": [],
            "region": "us-east-1",
            "server_side_encryption": "AES256",
            "source": "modules/lambda/.builds/rag_lmbd_query-dev.zip",
            "source_hash": null,
            "storage_class": "STANDARD",
            "tags": {},
            "tags_all": {},
            "version_id": "u.mGSVUMrPvu_8DWFcZzw2zeaWMn2Fq8",
            "website_redirect": ""
          },
          "sensitive_attributes": [],
          "private": "bnVsbA==",
          "dependencies": [
            "module.lambda_query.data.archive_file.lambda",
            "module.s3_documents.aws_s3_bucket.documents"
          ]
        }
      ]
    },
    {
      "module": "module.lambda_query",
      "mode": "managed",
      "type": "null_resource",
      "name": "build_lambda",
      "provider": "provider[\"registry.terraform.io/hashicorp/null\"]",
      "instances": [
        {
          "schema_version": 0,
          "attributes": {
            "id": "3100264179427709703",
            "triggers": {
              "build_platform": "manylinux2014_x86_64",
              "build_version": "8",
              "requirements": "32204b6894c78faa7c90b716b51a8b91",
              "source_hash": "0576bcb899a6b5c4ed65660124d6acfc3296d0595b6cf6a34111182dbe4d4978"
            }
          },
          "sensitive_attributes": [],
          "create_before_destroy": true
        }
      ]
    },
    {
      "module": "module.lambda_s3writer",
      "mode": "data",
      "type": "archive_file",
      "name": "lambda",
      "provider": "provider[\"registry.terraform.io/hashicorp/archive\"]",
      "instances": [
        {
          "schema_version": 0,
          "attributes": {
            "exclude_symlink_directories": null,
            "excludes": null,
            "id": "22b7a2188e5aa70504e4e6d61401365577edae62",
            "output_base64sha256": "hGKhBAYDVW8QoxuxmLZeiENOFdgLmJeMy8quLuKZU18=",
            "output_base64sha512": "XgHmk27sdDK36fr61vtrOJLFvNEUcu3YEQjlRMCxb6TUoiuOVv8zxz9GTyW978jW4miEj2WW/PUx+oiAXsAcgw==",
            "output_file_mode": null,
            "output_md5": "a3fa3a414c9569ffadab4b04a8499269",
            "output_path": "modules/lambda/.builds/rag_lmbd_s3writer-dev.zip",
            "output_sha": "22b7a2188e5aa70504e4e6d61401365577edae62",
            "output_sha256": "8462a1040603556f10a31bb198b65e88434e15d80b98978ccbcaae2ee299535f",
            "output_sha512": "5e01e6936eec7432b7e9fafad6fb6b3892c5bcd11472edd81108e544c0b16fa4d4a22b8e56ff33c73f464f25bdefc8d6e268848f6596fcf531fa88805ec01c83",
            "output_size": 17603842,
            "source": [],
            "source_content": null,
            "source_content_filename": null,
            "source_dir": "modules/lambda/.builds/rag_lmbd_s3writer-dev",
            "source_file": null,
            "type": "zip"
          },
          "sensitive_attributes": []
        }
      ]
    },
    {
      "module": "module.lambda_s3writer",
      "mode": "data",
      "type": "aws_iam_policy_document",
      "name": "assume_role",
      "provider": "provider[\"registry.terraform.io/hashicorp/aws\"]",
      "instances": [
        {
          "schema_version": 0,
          "attributes": {
            "id": "2690255455",
            "json": "{\n  \"Version\": \"2012-10-17\",\n  \"Statement\": [\n    {\n      \"Effect\": \"Allow\",\n      \"Action\": \"sts:AssumeRole\",\n      \"Principal\": {\n        \"Service\": \"lambda.amazonaws.com\"\n      }\n    }\n  ]\n}",
            "minified_json": "{\"Version\":\"2012-10-17\",\"Statement\":[{\"Effect\":\"Allow\",\"Action\":\"sts:AssumeRole\",\"Principal\":{\"Service\":\"lambda.amazonaws.com\"}}]}",
            "override_json": null,
            "override_policy_documents": null,
            "policy_id": null,
            "source_json": null,
            "source_policy_documents": null,
            "statement": [
              {
                "actions": [
                  "sts:AssumeRole"
                ],
                "condition": [],
                "effect": "Allow",
                "not_actions": [],
                "not_principals": [],
                "not_resources": [],
                "principals": [
                  {
                    "identifiers": [
                      "lambda.amazonaws.com"
                    ],
                    "type": "Service"
                  }
                ],
                "resources": [],
                "sid": ""
              }
            ],
            "version": "2012-10-17"
          },
          "sensitive_attributes": []
        }
      ]
    },
    {
      "module": "module.lambda_s3writer",
      "mode": "data",
      "type": "aws_iam_policy_document",
      "name": "custom",
      "provider": "provider[\"registry.terraform.io/hashicorp/aws\"]",
      "instances": [
        {
          "index_key": 0,
          "schema_version": 0,
          "attributes": {
            "id": "617010715",
            "json": "{\n  \"Version\": \"2012-10-17\",\n  \"Statement\": [\n    {\n      \"Effect\": \"Allow\",\n      \"Action\": [\n        \"s3:PutObjectAcl\",\n        \"s3:PutObject\"\n      ],\n      \"Resource\": \"arn:aws:s3:::rag-documents-dev-913123310997/*\"\n    }\n  ]\n}",
            "minified_json": "{\"Version\":\"2012-10-17\",\"Statement\":[{\"Effect\":\"Allow\",\"Action\":[\"s3:PutObjectAcl\",\"s3:PutObject\"],\"Resource\":\"arn:aws:s3:::rag-documents-dev-913123310997/*\"}]}",
            "override_json": null,
            "override_policy_documents": null,
            "policy_id": null,
            "source_json": null,
            "source_policy_documents": null,
            "statement": [
              {
                "actions": [
                  "s3:PutObject",
                  "s3:PutObjectAcl"
                ],
                "condition": [],
                "effect": "Allow",
                "not_actions": [],
                "not_principals": [],
                "not_resources": [],
                "principals": [],
                "resources": [
                  "arn:aws:s3:::rag-documents-dev-913123310997/*"
                ],
                "sid": ""
              }
            ],
            "version": "2012-10-17"
          },
          "sensitive_attributes": []
        }
      ]
    },
    {
      "module": "module.lambda_s3writer",
      "mode": "managed",
      "type": "aws_cloudwatch_log_group",
      "name": "lambda",
      "provider": "provider[\"registry.terraform.io/hashicorp/aws\"]",
      "instances": [
        {
          "schema_version": 0,
          "attributes": {
            "arn": "arn:aws:logs:us-east-1:913123310997:log-group:/aws/lambda/rag_lmbd_s3writer-dev",
            "deletion_protection_enabled": false,
            "id": "/aws/lambda/rag_lmbd_s3writer-dev",
            "kms_key_id": "",
            "log_group_class": "STANDARD",
            "name": "/aws/lambda/rag_lmbd_s3writer-dev",
            "name_prefix": "",
            "region": "us-east-1",
            "retention_in_days": 14,
            "skip_destroy": false,
            "tags": {
              "Environment": "dev",
              "ManagedBy": "terraform",
              "Project": "rag-agents"
            },
            "tags_all": {
              "Environment": "dev",
              "ManagedBy": "terraform",
              "Project": "rag-agents"
            }
          },
          "sensitive_attributes": [],
          "private": "bnVsbA==",
          "dependencies": [
            "data.aws_caller_identity.current",
            "module.lambda_s3writer.aws_iam_role.lambda",
            "module.lambda_s3writer.aws_iam_role_policy_attachment.lambda_basic",
            "module.lambda_s3writer.aws_iam_role_policy_attachment.lambda_vpc",
            "module.lambda_s3writer.aws_lambda_function.this",
            "module.lambda_s3writer.aws_s3_object.lambda_package",
            "module.lambda_s3writer.aws_security_group.lambda",
            "module.lambda_s3writer.data.archive_file.lambda",
            "module.lambda_s3writer.data.aws_iam_policy_document.assume_role",
            "module.lambda_s3writer.null_resource.build_lambda",
            "module.s3_documents.aws_s3_bucket.documents"
          ]
        }
      ]
    },
    {
      "module": "module.lambda_s3writer",
      "mode": "managed",
      "type": "aws_iam_role",
      "name": "lambda",
      "provider": "provider[\"registry.terraform.io/hashicorp/aws\"]",
      "instances": [
        {
          "schema_version": 0,
          "attributes": {
            "arn": "arn:aws:iam::913123310997:role/rag_lmbd_s3writer-dev-role",
            "assume_role_policy": "{\"Statement\":[{\"Action\":\"sts:AssumeRole\",\"Effect\":\"Allow\",\"Principal\":{\"Service\":\"lambda.amazonaws.com\"}}],\"Version\":\"2012-10-17\"}",
            "create_date": "2026-03-10T14:47:48Z",
            "description": "",
            "force_detach_policies": false,
            "id": "rag_lmbd_s3writer-dev-role",
            "inline_policy": [
              {
                "name": "rag_lmbd_s3writer-dev-custom-policy",
                "policy": "{\"Version\":\"2012-10-17\",\"Statement\":[{\"Action\":[\"s3:PutObjectAcl\",\"s3:PutObject\"],\"Effect\":\"Allow\",\"Resource\":\"arn:aws:s3:::rag-documents-dev-913123310997/*\"}]}"
              }
            ],
            "managed_policy_arns": [
              "arn:aws:iam::aws:policy/service-role/AWSLambdaBasicExecutionRole"
            ],
            "max_session_duration": 3600,
            "name": "rag_lmbd_s3writer-dev-role",
            "name_prefix": "",
            "path": "/",
            "permissions_boundary": "",
            "tags": {
              "Environment": "dev",
              "ManagedBy": "terraform",
              "Project": "rag-agents"
            },
            "tags_all": {
              "Environment": "dev",
              "ManagedBy": "terraform",
              "Project": "rag-agents"
            },
            "unique_id": "AROA5JGTD7WKSSB2WE223"
          },
          "sensitive_attributes": [],
          "private": "bnVsbA==",
          "dependencies": [
            "module.lambda_s3writer.data.aws_iam_policy_document.assume_role"
          ]
        }
      ]
    },
    {
      "module": "module.lambda_s3writer",
      "mode": "managed",
      "type": "aws_iam_role_policy",
      "name": "custom",
      "provider": "provider[\"registry.terraform.io/hashicorp/aws\"]",
      "instances": [
        {
          "index_key": 0,
          "schema_version": 0,
          "attributes": {
            "id": "rag_lmbd_s3writer-dev-role:rag_lmbd_s3writer-dev-custom-policy",
            "name": "rag_lmbd_s3writer-dev-custom-policy",
            "name_prefix": "",
            "policy": "{\"Version\":\"2012-10-17\",\"Statement\":[{\"Action\":[\"s3:PutObjectAcl\",\"s3:PutObject\"],\"Effect\":\"Allow\",\"Resource\":\"arn:aws:s3:::rag-documents-dev-913123310997/*\"}]}",
            "role": "rag_lmbd_s3writer-dev-role"
          },
          "sensitive_attributes": [],
          "private": "bnVsbA==",
          "dependencies": [
            "data.aws_caller_identity.current",
            "module.lambda_s3writer.aws_iam_role.lambda",
            "module.lambda_s3writer.data.aws_iam_policy_document.assume_role",
            "module.lambda_s3writer.data.aws_iam_policy_document.custom",
            "module.s3_documents.aws_s3_bucket.documents"
          ]
        }
      ]
    },
    {
      "module": "module.lambda_s3writer",
      "mode": "managed",
      "type": "aws_iam_role_policy_attachment",
      "name": "lambda_basic",
      "provider": "provider[\"registry.terraform.io/hashicorp/aws\"]",
      "instances": [
        {
          "schema_version": 0,
          "attributes": {
            "id": "rag_lmbd_s3writer-dev-role/arn:aws:iam::aws:policy/service-role/AWSLambdaBasicExecutionRole",
            "policy_arn": "arn:aws:iam::aws:policy/service-role/AWSLambdaBasicExecutionRole",
            "role": "rag_lmbd_s3writer-dev-role"
          },
          "sensitive_attributes": [],
          "private": "bnVsbA==",
          "dependencies": [
            "module.lambda_s3writer.aws_iam_role.lambda",
            "module.lambda_s3writer.data.aws_iam_policy_document.assume_role"
          ]
        }
      ]
    },
    {
      "module": "module.lambda_s3writer",
      "mode": "managed",
      "type": "aws_lambda_function",
      "name": "this",
      "provider": "provider[\"registry.terraform.io/hashicorp/aws\"]",
      "instances": [
        {
          "schema_version": 0,
          "attributes": {
            "architectures": [
              "x86_64"
            ],
            "arn": "arn:aws:lambda:us-east-1:913123310997:function:rag_lmbd_s3writer-dev",
            "capacity_provider_config": [],
            "code_sha256": "hGKhBAYDVW8QoxuxmLZeiENOFdgLmJeMy8quLuKZU18=",
            "code_signing_config_arn": "",
            "dead_letter_config": [],
            "description": "Downloads PDFs and uploads to S3",
            "durable_config": [],
            "environment": [
              {
                "variables": {
                  "MAX_FILE_SIZE": "52428800",
                  "REQUEST_TIMEOUT": "60",
                  "S3_BUCKET_NAME": "rag-documents-dev-913123310997"
                }
              }
            ],
            "ephemeral_storage": [
              {
                "size": 1024
              }
            ],
            "file_system_config": [],
            "filename": "modules/lambda/.builds/rag_lmbd_s3writer-dev.zip",
            "function_name": "rag_lmbd_s3writer-dev",
            "handler": "index.handler",
            "id": "rag_lmbd_s3writer-dev",
            "image_config": [],
            "image_uri": "",
            "invoke_arn": "arn:aws:apigateway:us-east-1:lambda:path/2015-03-31/functions/arn:aws:lambda:us-east-1:913123310997:function:rag_lmbd_s3writer-dev/invocations",
            "kms_key_arn": "",
            "last_modified": "2026-03-10T18:32:08.000+0000",
            "layers": [],
            "logging_config": [
              {
                "application_log_level": "",
                "log_format": "Text",
                "log_group": "/aws/lambda/rag_lmbd_s3writer-dev",
                "system_log_level": ""
              }
            ],
            "memory_size": 512,
            "package_type": "Zip",
            "publish": false,
            "publish_to": null,
            "qualified_arn": "arn:aws:lambda:us-east-1:913123310997:function:rag_lmbd_s3writer-dev:$LATEST",
            "qualified_invoke_arn": "arn:aws:apigateway:us-east-1:lambda:path/2015-03-31/functions/arn:aws:lambda:us-east-1:913123310997:function:rag_lmbd_s3writer-dev:$LATEST/invocations",
            "region": "us-east-1",
            "replace_security_groups_on_destroy": null,
            "replacement_security_group_ids": null,
            "reserved_concurrent_executions": -1,
            "response_streaming_invoke_arn": "arn:aws:apigateway:us-east-1:lambda:path/2021-11-15/functions/arn:aws:lambda:us-east-1:913123310997:function:rag_lmbd_s3writer-dev/response-streaming-invocations",
            "role": "arn:aws:iam::913123310997:role/rag_lmbd_s3writer-dev-role",
            "runtime": "python3.12",
            "s3_bucket": null,
            "s3_key": null,
            "s3_object_version": null,
            "signing_job_arn": "",
            "signing_profile_version_arn": "",
            "skip_destroy": false,
            "snap_start": [],
            "source_code_hash": "hGKhBAYDVW8QoxuxmLZeiENOFdgLmJeMy8quLuKZU18=",
            "source_code_size": 17603842,
            "source_kms_key_arn": "",
            "tags": {
              "Environment": "dev",
              "ManagedBy": "terraform",
              "Project": "rag-agents"
            },
            "tags_all": {
              "Environment": "dev",
              "ManagedBy": "terraform",
              "Project": "rag-agents"
            },
            "tenancy_config": [],
            "timeout": 300,
            "timeouts": null,
            "tracing_config": [
              {
                "mode": "PassThrough"
              }
            ],
            "version": "$LATEST",
            "vpc_config": []
          },
          "sensitive_attributes": [],
          "private": "eyJlMmJmYjczMC1lY2FhLTExZTYtOGY4OC0zNDM2M2JjN2M0YzAiOnsiY3JlYXRlIjo2MDAwMDAwMDAwMDAsImRlbGV0ZSI6NjAwMDAwMDAwMDAwLCJ1cGRhdGUiOjYwMDAwMDAwMDAwMH19",
          "dependencies": [
            "data.aws_caller_identity.current",
            "module.lambda_s3writer.aws_iam_role.lambda",
            "module.lambda_s3writer.aws_iam_role_policy_attachment.lambda_basic",
            "module.lambda_s3writer.aws_iam_role_policy_attachment.lambda_vpc",
            "module.lambda_s3writer.aws_s3_object.lambda_package",
            "module.lambda_s3writer.aws_security_group.lambda",
            "module.lambda_s3writer.data.archive_file.lambda",
            "module.lambda_s3writer.data.aws_iam_policy_document.assume_role",
            "module.lambda_s3writer.null_resource.build_lambda",
            "module.s3_documents.aws_s3_bucket.documents"
          ]
        }
      ]
    },
    {
      "module": "module.lambda_s3writer",
      "mode": "managed",
      "type": "null_resource",
      "name": "build_lambda",
      "provider": "provider[\"registry.terraform.io/hashicorp/null\"]",
      "instances": [
        {
          "schema_version": 0,
          "attributes": {
            "id": "3516059442386592138",
            "triggers": {
              "build_platform": "manylinux2014_x86_64",
              "build_version": "8",
              "requirements": "a52523534af1c7b5bb46d7a3c9043e41",
              "source_hash": "047d0843cf4aee43074b41f64a096919a50669e53ff84c3e5f0c89171db9679c"
            }
          },
          "sensitive_attributes": []
        }
      ]
    },
    {
      "module": "module.lambda_stepfunction",
      "mode": "data",
      "type": "archive_file",
      "name": "lambda",
      "provider": "provider[\"registry.terraform.io/hashicorp/archive\"]",
      "instances": [
        {
          "schema_version": 0,
          "attributes": {
            "exclude_symlink_directories": null,
            "excludes": null,
            "id": "13ffee521061b0b0d284e57d942b97b18e45e363",
            "output_base64sha256": "HP4DXxNS/i0acfE8PhjU1fAv1cdyB0F5HmoSJks6Vjo=",
            "output_base64sha512": "LKRV6bYEYa4IAbyR/E58Vm7IwtshYrwXA/xE7k/1Ret8HUzOvp2J4xcAG23c/rpH4Qf6iqIP2bBLE1ylgc61wA==",
            "output_file_mode": null,
            "output_md5": "6323d305fb77049255daf1d6f31e36ad",
            "output_path": "modules/lambda/.builds/rag_lmbd_stepfunction-dev.zip",
            "output_sha": "13ffee521061b0b0d284e57d942b97b18e45e363",
            "output_sha256": "1cfe035f1352fe2d1a71f13c3e18d4d5f02fd5c7720741791e6a12264b3a563a",
            "output_sha512": "2ca455e9b60461ae0801bc91fc4e7c566ec8c2db2162bc1703fc44ee4ff545eb7c1d4ccebe9d89e317001b6ddcfeba47e107fa8aa20fd9b04b135ca581ceb5c0",
            "output_size": 2675,
            "source": [],
            "source_content": null,
            "source_content_filename": null,
            "source_dir": "modules/lambda/.builds/rag_lmbd_stepfunction-dev",
            "source_file": null,
            "type": "zip"
          },
          "sensitive_attributes": []
        }
      ]
    },
    {
      "module": "module.lambda_stepfunction",
      "mode": "data",
      "type": "aws_iam_policy_document",
      "name": "assume_role",
      "provider": "provider[\"registry.terraform.io/hashicorp/aws\"]",
      "instances": [
        {
          "schema_version": 0,
          "attributes": {
            "id": "2690255455",
            "json": "{\n  \"Version\": \"2012-10-17\",\n  \"Statement\": [\n    {\n      \"Effect\": \"Allow\",\n      \"Action\": \"sts:AssumeRole\",\n      \"Principal\": {\n        \"Service\": \"lambda.amazonaws.com\"\n      }\n    }\n  ]\n}",
            "minified_json": "{\"Version\":\"2012-10-17\",\"Statement\":[{\"Effect\":\"Allow\",\"Action\":\"sts:AssumeRole\",\"Principal\":{\"Service\":\"lambda.amazonaws.com\"}}]}",
            "override_json": null,
            "override_policy_documents": null,
            "policy_id": null,
            "source_json": null,
            "source_policy_documents": null,
            "statement": [
              {
                "actions": [
                  "sts:AssumeRole"
                ],
                "condition": [],
                "effect": "Allow",
                "not_actions": [],
                "not_principals": [],
                "not_resources": [],
                "principals": [
                  {
                    "identifiers": [
                      "lambda.amazonaws.com"
                    ],
                    "type": "Service"
                  }
                ],
                "resources": [],
                "sid": ""
              }
            ],
            "version": "2012-10-17"
          },
          "sensitive_attributes": []
        }
      ]
    },
    {
      "module": "module.lambda_stepfunction",
      "mode": "data",
      "type": "aws_iam_policy_document",
      "name": "custom",
      "provider": "provider[\"registry.terraform.io/hashicorp/aws\"]",
      "instances": [
        {
          "index_key": 0,
          "schema_version": 0,
          "attributes": {
            "id": "65226256",
            "json": "{\n  \"Version\": \"2012-10-17\",\n  \"Statement\": [\n    {\n      \"Effect\": \"Allow\",\n      \"Action\": \"lambda:InvokeFunction\",\n      \"Resource\": [\n        \"arn:aws:lambda:us-east-1:913123310997:function:rag_lmbd_s3writer-dev\",\n        \"arn:aws:lambda:us-east-1:913123310997:function:rag_lmbd_parser-dev\",\n        \"arn:aws:lambda:us-east-1:913123310997:function:rag_lmbd_notifier-dev\",\n        \"arn:aws:lambda:us-east-1:913123310997:function:rag_lmbd_fetcher-dev\",\n        \"arn:aws:lambda:us-east-1:913123310997:function:rag_lmbd_dbwriter-dev\"\n      ]\n    }\n  ]\n}",
            "minified_json": "{\"Version\":\"2012-10-17\",\"Statement\":[{\"Effect\":\"Allow\",\"Action\":\"lambda:InvokeFunction\",\"Resource\":[\"arn:aws:lambda:us-east-1:913123310997:function:rag_lmbd_s3writer-dev\",\"arn:aws:lambda:us-east-1:913123310997:function:rag_lmbd_parser-dev\",\"arn:aws:lambda:us-east-1:913123310997:function:rag_lmbd_notifier-dev\",\"arn:aws:lambda:us-east-1:913123310997:function:rag_lmbd_fetcher-dev\",\"arn:aws:lambda:us-east-1:913123310997:function:rag_lmbd_dbwriter-dev\"]}]}",
            "override_json": null,
            "override_policy_documents": null,
            "policy_id": null,
            "source_json": null,
            "source_policy_documents": null,
            "statement": [
              {
                "actions": [
                  "lambda:InvokeFunction"
                ],
                "condition": [],
                "effect": "Allow",
                "not_actions": [],
                "not_principals": [],
                "not_resources": [],
                "principals": [],
                "resources": [
                  "arn:aws:lambda:us-east-1:913123310997:function:rag_lmbd_dbwriter-dev",
                  "arn:aws:lambda:us-east-1:913123310997:function:rag_lmbd_fetcher-dev",
                  "arn:aws:lambda:us-east-1:913123310997:function:rag_lmbd_notifier-dev",
                  "arn:aws:lambda:us-east-1:913123310997:function:rag_lmbd_parser-dev",
                  "arn:aws:lambda:us-east-1:913123310997:function:rag_lmbd_s3writer-dev"
                ],
                "sid": ""
              }
            ],
            "version": "2012-10-17"
          },
          "sensitive_attributes": []
        }
      ]
    },
    {
      "module": "module.lambda_stepfunction",
      "mode": "managed",
      "type": "aws_cloudwatch_log_group",
      "name": "lambda",
      "provider": "provider[\"registry.terraform.io/hashicorp/aws\"]",
      "instances": [
        {
          "schema_version": 0,
          "attributes": {
            "arn": "arn:aws:logs:us-east-1:913123310997:log-group:/aws/lambda/rag_lmbd_stepfunction-dev",
            "deletion_protection_enabled": false,
            "id": "/aws/lambda/rag_lmbd_stepfunction-dev",
            "kms_key_id": "",
            "log_group_class": "STANDARD",
            "name": "/aws/lambda/rag_lmbd_stepfunction-dev",
            "name_prefix": "",
            "region": "us-east-1",
            "retention_in_days": 14,
            "skip_destroy": false,
            "tags": {
              "Environment": "dev",
              "ManagedBy": "terraform",
              "Project": "rag-agents"
            },
            "tags_all": {
              "Environment": "dev",
              "ManagedBy": "terraform",
              "Project": "rag-agents"
            }
          },
          "sensitive_attributes": [],
          "private": "bnVsbA==",
          "dependencies": [
            "aws_dynamodb_table.documents",
            "aws_sns_topic.rag_notifications",
            "data.aws_caller_identity.current",
            "module.lambda_dbwriter.aws_iam_role.lambda",
            "module.lambda_dbwriter.aws_iam_role_policy_attachment.lambda_basic",
            "module.lambda_dbwriter.aws_iam_role_policy_attachment.lambda_vpc",
            "module.lambda_dbwriter.aws_lambda_function.this",
            "module.lambda_dbwriter.aws_s3_object.lambda_package",
            "module.lambda_dbwriter.aws_security_group.lambda",
            "module.lambda_dbwriter.data.archive_file.lambda",
            "module.lambda_dbwriter.data.aws_iam_policy_document.assume_role",
            "module.lambda_dbwriter.null_resource.build_lambda",
            "module.lambda_fetcher.aws_iam_role.lambda",
            "module.lambda_fetcher.aws_iam_role_policy_attachment.lambda_basic",
            "module.lambda_fetcher.aws_iam_role_policy_attachment.lambda_vpc",
            "module.lambda_fetcher.aws_lambda_function.this",
            "module.lambda_fetcher.aws_s3_object.lambda_package",
            "module.lambda_fetcher.aws_security_group.lambda",
            "module.lambda_fetcher.data.archive_file.lambda",
            "module.lambda_fetcher.data.aws_iam_policy_document.assume_role",
            "module.lambda_fetcher.null_resource.build_lambda",
            "module.lambda_notifier.aws_iam_role.lambda",
            "module.lambda_notifier.aws_iam_role_policy_attachment.lambda_basic",
            "module.lambda_notifier.aws_iam_role_policy_attachment.lambda_vpc",
            "module.lambda_notifier.aws_lambda_function.this",
            "module.lambda_notifier.aws_s3_object.lambda_package",
            "module.lambda_notifier.aws_security_group.lambda",
            "module.lambda_notifier.data.archive_file.lambda",
            "module.lambda_notifier.data.aws_iam_policy_document.assume_role",
            "module.lambda_notifier.null_resource.build_lambda",
            "module.lambda_parser.aws_iam_role.lambda",
            "module.lambda_parser.aws_iam_role_policy_attachment.lambda_basic",
            "module.lambda_parser.aws_iam_role_policy_attachment.lambda_vpc",
            "module.lambda_parser.aws_lambda_function.this",
            "module.lambda_parser.aws_s3_object.lambda_package",
            "module.lambda_parser.aws_security_group.lambda",
            "module.lambda_parser.data.archive_file.lambda",
            "module.lambda_parser.data.aws_iam_policy_document.assume_role",
            "module.lambda_parser.null_resource.build_lambda",
            "module.lambda_s3writer.aws_iam_role.lambda",
            "module.lambda_s3writer.aws_iam_role_policy_attachment.lambda_basic",
            "module.lambda_s3writer.aws_iam_role_policy_attachment.lambda_vpc",
            "module.lambda_s3writer.aws_lambda_function.this",
            "module.lambda_s3writer.aws_s3_object.lambda_package",
            "module.lambda_s3writer.aws_security_group.lambda",
            "module.lambda_s3writer.data.archive_file.lambda",
            "module.lambda_s3writer.data.aws_iam_policy_document.assume_role",
            "module.lambda_s3writer.null_resource.build_lambda",
            "module.lambda_stepfunction.aws_iam_role.lambda",
            "module.lambda_stepfunction.aws_iam_role_policy_attachment.lambda_basic",
            "module.lambda_stepfunction.aws_iam_role_policy_attachment.lambda_vpc",
            "module.lambda_stepfunction.aws_lambda_function.this",
            "module.lambda_stepfunction.aws_s3_object.lambda_package",
            "module.lambda_stepfunction.aws_security_group.lambda",
            "module.lambda_stepfunction.data.archive_file.lambda",
            "module.lambda_stepfunction.data.aws_iam_policy_document.assume_role",
            "module.lambda_stepfunction.null_resource.build_lambda",
            "module.s3_documents.aws_s3_bucket.documents"
          ]
        }
      ]
    },
    {
      "module": "module.lambda_stepfunction",
      "mode": "managed",
      "type": "aws_iam_role",
      "name": "lambda",
      "provider": "provider[\"registry.terraform.io/hashicorp/aws\"]",
      "instances": [
        {
          "schema_version": 0,
          "attributes": {
            "arn": "arn:aws:iam::913123310997:role/rag_lmbd_stepfunction-dev-role",
            "assume_role_policy": "{\"Statement\":[{\"Action\":\"sts:AssumeRole\",\"Effect\":\"Allow\",\"Principal\":{\"Service\":\"lambda.amazonaws.com\"}}],\"Version\":\"2012-10-17\"}",
            "create_date": "2026-03-10T19:25:20Z",
            "description": "",
            "force_detach_policies": false,
            "id": "rag_lmbd_stepfunction-dev-role",
            "inline_policy": [
              {
                "name": "rag_lmbd_stepfunction-dev-custom-policy",
                "policy": "{\"Version\":\"2012-10-17\",\"Statement\":[{\"Action\":\"lambda:InvokeFunction\",\"Effect\":\"Allow\",\"Resource\":[\"arn:aws:lambda:us-east-1:913123310997:function:rag_lmbd_s3writer-dev\",\"arn:aws:lambda:us-east-1:913123310997:function:rag_lmbd_parser-dev\",\"arn:aws:lambda:us-east-1:913123310997:function:rag_lmbd_notifier-dev\",\"arn:aws:lambda:us-east-1:913123310997:function:rag_lmbd_fetcher-dev\",\"arn:aws:lambda:us-east-1:913123310997:function:rag_lmbd_dbwriter-dev\"]}]}"
              }
            ],
            "managed_policy_arns": [
              "arn:aws:iam::aws:policy/service-role/AWSLambdaBasicExecutionRole"
            ],
            "max_session_duration": 3600,
            "name": "rag_lmbd_stepfunction-dev-role",
            "name_prefix": "",
            "path": "/",
            "permissions_boundary": "",
            "tags": {
              "Environment": "dev",
              "ManagedBy": "terraform",
              "Project": "rag-agents"
            },
            "tags_all": {
              "Environment": "dev",
              "ManagedBy": "terraform",
              "Project": "rag-agents"
            },
            "unique_id": "AROA5JGTD7WK3LM4AJZXY"
          },
          "sensitive_attributes": [],
          "private": "bnVsbA==",
          "dependencies": [
            "module.lambda_stepfunction.data.aws_iam_policy_document.assume_role"
          ]
        }
      ]
    },
    {
      "module": "module.lambda_stepfunction",
      "mode": "managed",
      "type": "aws_iam_role_policy",
      "name": "custom",
      "provider": "provider[\"registry.terraform.io/hashicorp/aws\"]",
      "instances": [
        {
          "index_key": 0,
          "schema_version": 0,
          "attributes": {
            "id": "rag_lmbd_stepfunction-dev-role:rag_lmbd_stepfunction-dev-custom-policy",
            "name": "rag_lmbd_stepfunction-dev-custom-policy",
            "name_prefix": "",
            "policy": "{\"Version\":\"2012-10-17\",\"Statement\":[{\"Action\":\"lambda:InvokeFunction\",\"Effect\":\"Allow\",\"Resource\":[\"arn:aws:lambda:us-east-1:913123310997:function:rag_lmbd_s3writer-dev\",\"arn:aws:lambda:us-east-1:913123310997:function:rag_lmbd_parser-dev\",\"arn:aws:lambda:us-east-1:913123310997:function:rag_lmbd_notifier-dev\",\"arn:aws:lambda:us-east-1:913123310997:function:rag_lmbd_fetcher-dev\",\"arn:aws:lambda:us-east-1:913123310997:function:rag_lmbd_dbwriter-dev\"]}]}",
            "role": "rag_lmbd_stepfunction-dev-role"
          },
          "sensitive_attributes": [],
          "private": "bnVsbA==",
          "dependencies": [
            "aws_dynamodb_table.documents",
            "aws_sns_topic.rag_notifications",
            "data.aws_caller_identity.current",
            "module.lambda_dbwriter.aws_iam_role.lambda",
            "module.lambda_dbwriter.aws_iam_role_policy_attachment.lambda_basic",
            "module.lambda_dbwriter.aws_iam_role_policy_attachment.lambda_vpc",
            "module.lambda_dbwriter.aws_lambda_function.this",
            "module.lambda_dbwriter.aws_s3_object.lambda_package",
            "module.lambda_dbwriter.aws_security_group.lambda",
            "module.lambda_dbwriter.data.archive_file.lambda",
            "module.lambda_dbwriter.data.aws_iam_policy_document.assume_role",
            "module.lambda_dbwriter.null_resource.build_lambda",
            "module.lambda_fetcher.aws_iam_role.lambda",
            "module.lambda_fetcher.aws_iam_role_policy_attachment.lambda_basic",
            "module.lambda_fetcher.aws_iam_role_policy_attachment.lambda_vpc",
            "module.lambda_fetcher.aws_lambda_function.this",
            "module.lambda_fetcher.aws_s3_object.lambda_package",
            "module.lambda_fetcher.aws_security_group.lambda",
            "module.lambda_fetcher.data.archive_file.lambda",
            "module.lambda_fetcher.data.aws_iam_policy_document.assume_role",
            "module.lambda_fetcher.null_resource.build_lambda",
            "module.lambda_notifier.aws_iam_role.lambda",
            "module.lambda_notifier.aws_iam_role_policy_attachment.lambda_basic",
            "module.lambda_notifier.aws_iam_role_policy_attachment.lambda_vpc",
            "module.lambda_notifier.aws_lambda_function.this",
            "module.lambda_notifier.aws_s3_object.lambda_package",
            "module.lambda_notifier.aws_security_group.lambda",
            "module.lambda_notifier.data.archive_file.lambda",
            "module.lambda_notifier.data.aws_iam_policy_document.assume_role",
            "module.lambda_notifier.null_resource.build_lambda",
            "module.lambda_parser.aws_iam_role.lambda",
            "module.lambda_parser.aws_iam_role_policy_attachment.lambda_basic",
            "module.lambda_parser.aws_iam_role_policy_attachment.lambda_vpc",
            "module.lambda_parser.aws_lambda_function.this",
            "module.lambda_parser.aws_s3_object.lambda_package",
            "module.lambda_parser.aws_security_group.lambda",
            "module.lambda_parser.data.archive_file.lambda",
            "module.lambda_parser.data.aws_iam_policy_document.assume_role",
            "module.lambda_parser.null_resource.build_lambda",
            "module.lambda_s3writer.aws_iam_role.lambda",
            "module.lambda_s3writer.aws_iam_role_policy_attachment.lambda_basic",
            "module.lambda_s3writer.aws_iam_role_policy_attachment.lambda_vpc",
            "module.lambda_s3writer.aws_lambda_function.this",
            "module.lambda_s3writer.aws_s3_object.lambda_package",
            "module.lambda_s3writer.aws_security_group.lambda",
            "module.lambda_s3writer.data.archive_file.lambda",
            "module.lambda_s3writer.data.aws_iam_policy_document.assume_role",
            "module.lambda_s3writer.null_resource.build_lambda",
            "module.lambda_stepfunction.aws_iam_role.lambda",
            "module.lambda_stepfunction.data.aws_iam_policy_document.assume_role",
            "module.lambda_stepfunction.data.aws_iam_policy_document.custom",
            "module.s3_documents.aws_s3_bucket.documents"
          ]
        }
      ]
    },
    {
      "module": "module.lambda_stepfunction",
      "mode": "managed",
      "type": "aws_iam_role_policy_attachment",
      "name": "lambda_basic",
      "provider": "provider[\"registry.terraform.io/hashicorp/aws\"]",
      "instances": [
        {
          "schema_version": 0,
          "attributes": {
            "id": "rag_lmbd_stepfunction-dev-role/arn:aws:iam::aws:policy/service-role/AWSLambdaBasicExecutionRole",
            "policy_arn": "arn:aws:iam::aws:policy/service-role/AWSLambdaBasicExecutionRole",
            "role": "rag_lmbd_stepfunction-dev-role"
          },
          "sensitive_attributes": [],
          "private": "bnVsbA==",
          "dependencies": [
            "module.lambda_stepfunction.aws_iam_role.lambda",
            "module.lambda_stepfunction.data.aws_iam_policy_document.assume_role"
          ]
        }
      ]
    },
    {
      "module": "module.lambda_stepfunction",
      "mode": "managed",
      "type": "aws_lambda_function",
      "name": "this",
      "provider": "provider[\"registry.terraform.io/hashicorp/aws\"]",
      "instances": [
        {
          "schema_version": 0,
          "attributes": {
            "architectures": [
              "x86_64"
            ],
            "arn": "arn:aws:lambda:us-east-1:913123310997:function:rag_lmbd_stepfunction-dev",
            "capacity_provider_config": [],
            "code_sha256": "HP4DXxNS/i0acfE8PhjU1fAv1cdyB0F5HmoSJks6Vjo=",
            "code_signing_config_arn": "",
            "dead_letter_config": [],
            "description": "Orchestrates the complete RAG pipeline: fetcher → parser → s3writer → dbwriter → notifier",
            "durable_config": [],
            "environment": [
              {
                "variables": {
                  "DBWRITER_FUNCTION_NAME": "rag_lmbd_dbwriter-dev",
                  "FETCHER_FUNCTION_NAME": "rag_lmbd_fetcher-dev",
                  "NOTIFIER_FUNCTION_NAME": "rag_lmbd_notifier-dev",
                  "PARSER_FUNCTION_NAME": "rag_lmbd_parser-dev",
                  "S3WRITER_FUNCTION_NAME": "rag_lmbd_s3writer-dev"
                }
              }
            ],
            "ephemeral_storage": [
              {
                "size": 1024
              }
            ],
            "file_system_config": [],
            "filename": "modules/lambda/.builds/rag_lmbd_stepfunction-dev.zip",
            "function_name": "rag_lmbd_stepfunction-dev",
            "handler": "index.handler",
            "id": "rag_lmbd_stepfunction-dev",
            "image_config": [],
            "image_uri": "",
            "invoke_arn": "arn:aws:apigateway:us-east-1:lambda:path/2015-03-31/functions/arn:aws:lambda:us-east-1:913123310997:function:rag_lmbd_stepfunction-dev/invocations",
            "kms_key_arn": "",
            "last_modified": "2026-03-10T19:53:47.000+0000",
            "layers": [],
            "logging_config": [
              {
                "application_log_level": "",
                "log_format": "Text",
                "log_group": "/aws/lambda/rag_lmbd_stepfunction-dev",
                "system_log_level": ""
              }
            ],
            "memory_size": 512,
            "package_type": "Zip",
            "publish": false,
            "publish_to": null,
            "qualified_arn": "arn:aws:lambda:us-east-1:913123310997:function:rag_lmbd_stepfunction-dev:$LATEST",
            "qualified_invoke_arn": "arn:aws:apigateway:us-east-1:lambda:path/2015-03-31/functions/arn:aws:lambda:us-east-1:913123310997:function:rag_lmbd_stepfunction-dev:$LATEST/invocations",
            "region": "us-east-1",
            "replace_security_groups_on_destroy": null,
            "replacement_security_group_ids": null,
            "reserved_concurrent_executions": -1,
            "response_streaming_invoke_arn": "arn:aws:apigateway:us-east-1:lambda:path/2021-11-15/functions/arn:aws:lambda:us-east-1:913123310997:function:rag_lmbd_stepfunction-dev/response-streaming-invocations",
            "role": "arn:aws:iam::913123310997:role/rag_lmbd_stepfunction-dev-role",
            "runtime": "python3.12",
            "s3_bucket": null,
            "s3_key": null,
            "s3_object_version": null,
            "signing_job_arn": "",
            "signing_profile_version_arn": "",
            "skip_destroy": false,
            "snap_start": [],
            "source_code_hash": "HP4DXxNS/i0acfE8PhjU1fAv1cdyB0F5HmoSJks6Vjo=",
            "source_code_size": 2675,
            "source_kms_key_arn": "",
            "tags": {
              "Environment": "dev",
              "ManagedBy": "terraform",
              "Project": "rag-agents"
            },
            "tags_all": {
              "Environment": "dev",
              "ManagedBy": "terraform",
              "Project": "rag-agents"
            },
            "tenancy_config": [],
            "timeout": 900,
            "timeouts": null,
            "tracing_config": [
              {
                "mode": "PassThrough"
              }
            ],
            "version": "$LATEST",
            "vpc_config": []
          },
          "sensitive_attributes": [],
          "private": "eyJlMmJmYjczMC1lY2FhLTExZTYtOGY4OC0zNDM2M2JjN2M0YzAiOnsiY3JlYXRlIjo2MDAwMDAwMDAwMDAsImRlbGV0ZSI6NjAwMDAwMDAwMDAwLCJ1cGRhdGUiOjYwMDAwMDAwMDAwMH19",
          "dependencies": [
            "aws_dynamodb_table.documents",
            "aws_sns_topic.rag_notifications",
            "data.aws_caller_identity.current",
            "module.lambda_dbwriter.aws_iam_role.lambda",
            "module.lambda_dbwriter.aws_iam_role_policy_attachment.lambda_basic",
            "module.lambda_dbwriter.aws_iam_role_policy_attachment.lambda_vpc",
            "module.lambda_dbwriter.aws_lambda_function.this",
            "module.lambda_dbwriter.aws_s3_object.lambda_package",
            "module.lambda_dbwriter.aws_security_group.lambda",
            "module.lambda_dbwriter.data.archive_file.lambda",
            "module.lambda_dbwriter.data.aws_iam_policy_document.assume_role",
            "module.lambda_dbwriter.null_resource.build_lambda",
            "module.lambda_fetcher.aws_iam_role.lambda",
            "module.lambda_fetcher.aws_iam_role_policy_attachment.lambda_basic",
            "module.lambda_fetcher.aws_iam_role_policy_attachment.lambda_vpc",
            "module.lambda_fetcher.aws_lambda_function.this",
            "module.lambda_fetcher.aws_s3_object.lambda_package",
            "module.lambda_fetcher.aws_security_group.lambda",
            "module.lambda_fetcher.data.archive_file.lambda",
            "module.lambda_fetcher.data.aws_iam_policy_document.assume_role",
            "module.lambda_fetcher.null_resource.build_lambda",
            "module.lambda_notifier.aws_iam_role.lambda",
            "module.lambda_notifier.aws_iam_role_policy_attachment.lambda_basic",
            "module.lambda_notifier.aws_iam_role_policy_attachment.lambda_vpc",
            "module.lambda_notifier.aws_lambda_function.this",
            "module.lambda_notifier.aws_s3_object.lambda_package",
            "module.lambda_notifier.aws_security_group.lambda",
            "module.lambda_notifier.data.archive_file.lambda",
            "module.lambda_notifier.data.aws_iam_policy_document.assume_role",
            "module.lambda_notifier.null_resource.build_lambda",
            "module.lambda_parser.aws_iam_role.lambda",
            "module.lambda_parser.aws_iam_role_policy_attachment.lambda_basic",
            "module.lambda_parser.aws_iam_role_policy_attachment.lambda_vpc",
            "module.lambda_parser.aws_lambda_function.this",
            "module.lambda_parser.aws_s3_object.lambda_package",
            "module.lambda_parser.aws_security_group.lambda",
            "module.lambda_parser.data.archive_file.lambda",
            "module.lambda_parser.data.aws_iam_policy_document.assume_role",
            "module.lambda_parser.null_resource.build_lambda",
            "module.lambda_s3writer.aws_iam_role.lambda",
            "module.lambda_s3writer.aws_iam_role_policy_attachment.lambda_basic",
            "module.lambda_s3writer.aws_iam_role_policy_attachment.lambda_vpc",
            "module.lambda_s3writer.aws_lambda_function.this",
            "module.lambda_s3writer.aws_s3_object.lambda_package",
            "module.lambda_s3writer.aws_security_group.lambda",
            "module.lambda_s3writer.data.archive_file.lambda",
            "module.lambda_s3writer.data.aws_iam_policy_document.assume_role",
            "module.lambda_s3writer.null_resource.build_lambda",
            "module.lambda_stepfunction.aws_iam_role.lambda",
            "module.lambda_stepfunction.aws_iam_role_policy_attachment.lambda_basic",
            "module.lambda_stepfunction.aws_iam_role_policy_attachment.lambda_vpc",
            "module.lambda_stepfunction.aws_s3_object.lambda_package",
            "module.lambda_stepfunction.aws_security_group.lambda",
            "module.lambda_stepfunction.data.archive_file.lambda",
            "module.lambda_stepfunction.data.aws_iam_policy_document.assume_role",
            "module.lambda_stepfunction.null_resource.build_lambda",
            "module.s3_documents.aws_s3_bucket.documents"
          ]
        }
      ]
    },
    {
      "module": "module.lambda_stepfunction",
      "mode": "managed",
      "type": "null_resource",
      "name": "build_lambda",
      "provider": "provider[\"registry.terraform.io/hashicorp/null\"]",
      "instances": [
        {
          "schema_version": 0,
          "attributes": {
            "id": "8351134582555710576",
            "triggers": {
              "build_platform": "manylinux2014_x86_64",
              "build_version": "8",
              "requirements": "no-requirements",
              "source_hash": "3f634d4802247f605366ff8607dbdd4fd2b8322bb973e551050bbea4d4aef1e4"
            }
          },
          "sensitive_attributes": []
        }
      ]
    },
    {
      "module": "module.s3_documents",
      "mode": "managed",
      "type": "aws_s3_bucket",
      "name": "documents",
      "provider": "provider[\"registry.terraform.io/hashicorp/aws\"]",
      "instances": [
        {
          "schema_version": 0,
          "attributes": {
            "acceleration_status": "",
            "acl": null,
            "arn": "arn:aws:s3:::rag-documents-dev-913123310997",
            "bucket": "rag-documents-dev-913123310997",
            "bucket_domain_name": "rag-documents-dev-913123310997.s3.amazonaws.com",
            "bucket_prefix": "",
            "bucket_region": "us-east-1",
            "bucket_regional_domain_name": "rag-documents-dev-913123310997.s3.us-east-1.amazonaws.com",
            "cors_rule": [],
            "force_destroy": false,
            "grant": [
              {
                "id": "106e3cd903a926b8fff1eb2d9860175dc9f2bbfbd960639070f41b0de2cb8fff",
                "permissions": [
                  "FULL_CONTROL"
                ],
                "type": "CanonicalUser",
                "uri": ""
              }
            ],
            "hosted_zone_id": "Z3AQBSTGFYJSTF",
            "id": "rag-documents-dev-913123310997",
            "lifecycle_rule": [
              {
                "abort_incomplete_multipart_upload_days": 0,
                "enabled": true,
                "expiration": [],
                "id": "move-to-ia",
                "noncurrent_version_expiration": [],
                "noncurrent_version_transition": [],
                "prefix": "",
                "tags": {},
                "transition": [
                  {
                    "date": "",
                    "days": 180,
                    "storage_class": "GLACIER"
                  },
                  {
                    "date": "",
                    "days": 90,
                    "storage_class": "STANDARD_IA"
                  }
                ]
              }
            ],
            "logging": [],
            "object_lock_configuration": [],
            "object_lock_enabled": false,
            "policy": "",
            "region": "us-east-1",
            "replication_configuration": [],
            "request_payer": "BucketOwner",
            "server_side_encryption_configuration": [
              {
                "rule": [
                  {
                    "apply_server_side_encryption_by_default": [
                      {
                        "kms_master_key_id": "",
                        "sse_algorithm": "AES256"
                      }
                    ],
                    "bucket_key_enabled": true
                  }
                ]
              }
            ],
            "tags": {
              "Environment": "dev",
              "ManagedBy": "terraform",
              "Project": "rag-agents"
            },
            "tags_all": {
              "Environment": "dev",
              "ManagedBy": "terraform",
              "Project": "rag-agents"
            },
            "timeouts": null,
            "versioning": [
              {
                "enabled": true,
                "mfa_delete": false
              }
            ],
            "website": [],
            "website_domain": null,
            "website_endpoint": null
          },
          "sensitive_attributes": [],
          "private": "eyJlMmJmYjczMC1lY2FhLTExZTYtOGY4OC0zNDM2M2JjN2M0YzAiOnsiY3JlYXRlIjoxMjAwMDAwMDAwMDAwLCJkZWxldGUiOjM2MDAwMDAwMDAwMDAsInJlYWQiOjEyMDAwMDAwMDAwMDAsInVwZGF0ZSI6MTIwMDAwMDAwMDAwMH19",
          "dependencies": [
            "data.aws_caller_identity.current"
          ],
          "create_before_destroy": true
        }
      ]
    },
    {
      "module": "module.s3_documents",
      "mode": "managed",
      "type": "aws_s3_bucket_lifecycle_configuration",
      "name": "documents",
      "provider": "provider[\"registry.terraform.io/hashicorp/aws\"]",
      "instances": [
        {
          "index_key": 0,
          "schema_version": 1,
          "attributes": {
            "bucket": "rag-documents-dev-913123310997",
            "expected_bucket_owner": "",
            "id": "rag-documents-dev-913123310997",
            "region": "us-east-1",
            "rule": [
              {
                "abort_incomplete_multipart_upload": [],
                "expiration": [],
                "filter": [],
                "id": "move-to-ia",
                "noncurrent_version_expiration": [],
                "noncurrent_version_transition": [],
                "prefix": "",
                "status": "Enabled",
                "transition": [
                  {
                    "date": null,
                    "days": 180,
                    "storage_class": "GLACIER"
                  },
                  {
                    "date": null,
                    "days": 90,
                    "storage_class": "STANDARD_IA"
                  }
                ]
              }
            ],
            "timeouts": null,
            "transition_default_minimum_object_size": "all_storage_classes_128K"
          },
          "sensitive_attributes": [],
          "dependencies": [
            "data.aws_caller_identity.current",
            "module.s3_documents.aws_s3_bucket.documents"
          ]
        }
      ]
    },
    {
      "module": "module.s3_documents",
      "mode": "managed",
      "type": "aws_s3_bucket_public_access_block",
      "name": "documents",
      "provider": "provider[\"registry.terraform.io/hashicorp/aws\"]",
      "instances": [
        {
          "schema_version": 0,
          "attributes": {
            "block_public_acls": true,
            "block_public_policy": true,
            "bucket": "rag-documents-dev-913123310997",
            "id": "rag-documents-dev-913123310997",
            "ignore_public_acls": true,
            "region": "us-east-1",
            "restrict_public_buckets": true,
            "skip_destroy": null
          },
          "sensitive_attributes": [],
          "private": "bnVsbA==",
          "dependencies": [
            "data.aws_caller_identity.current",
            "module.s3_documents.aws_s3_bucket.documents"
          ]
        }
      ]
    },
    {
      "module": "module.s3_documents",
      "mode": "managed",
      "type": "aws_s3_bucket_server_side_encryption_configuration",
      "name": "documents",
      "provider": "provider[\"registry.terraform.io/hashicorp/aws\"]",
      "instances": [
        {
          "schema_version": 0,
          "attributes": {
            "bucket": "rag-documents-dev-913123310997",
            "expected_bucket_owner": "",
            "id": "rag-documents-dev-913123310997",
            "region": "us-east-1",
            "rule": [
              {
                "apply_server_side_encryption_by_default": [
                  {
                    "kms_master_key_id": "",
                    "sse_algorithm": "AES256"
                  }
                ],
                "blocked_encryption_types": [],
                "bucket_key_enabled": true
              }
            ]
          },
          "sensitive_attributes": [],
          "private": "bnVsbA==",
          "dependencies": [
            "data.aws_caller_identity.current",
            "module.s3_documents.aws_s3_bucket.documents"
          ]
        }
      ]
    },
    {
      "module": "module.s3_documents",
      "mode": "managed",
      "type": "aws_s3_bucket_versioning",
      "name": "documents",
      "provider": "provider[\"registry.terraform.io/hashicorp/aws\"]",
      "instances": [
        {
          "schema_version": 0,
          "attributes": {
            "bucket": "rag-documents-dev-913123310997",
            "expected_bucket_owner": "",
            "id": "rag-documents-dev-913123310997",
            "mfa": null,
            "region": "us-east-1",
            "versioning_configuration": [
              {
                "mfa_delete": "",
                "status": "Enabled"
              }
            ]
          },
          "sensitive_attributes": [],
          "private": "bnVsbA==",
          "dependencies": [
            "data.aws_caller_identity.current",
            "module.s3_documents.aws_s3_bucket.documents"
          ]
        }
      ]
    }
  ]
}
